{
  "version": 4,
  "terraform_version": "0.14.11",
  "serial": 499,
  "lineage": "150476d9-c290-30a4-3d45-5d720f045d55",
  "outputs": {
    "account_id": {
      "value": "607546651489",
      "type": "string"
    },
    "all_private_subnet_ids": {
      "value": [
        "subnet-00ec3c426f3dc09fe",
        "subnet-01b478f6e74b8612f",
        "subnet-02740ed9a86a6450d",
        "subnet-03be8fb837ab2b49f",
        "subnet-03d87b3b8b719896e",
        "subnet-06adf036a2a1577ba",
        "subnet-06b95c503090097af",
        "subnet-0958abfc5699dbb6c",
        "subnet-0c7526f82ead196b6",
        "subnet-0c7d811502b44812b",
        "subnet-0e075ad5024d4635b",
        "subnet-0e2568f718fefe8b7",
        "subnet-0f8183eab4b5ca358"
      ],
      "type": [
        "tuple",
        [
          "string",
          "string",
          "string",
          "string",
          "string",
          "string",
          "string",
          "string",
          "string",
          "string",
          "string",
          "string",
          "string"
        ]
      ]
    },
    "all_private_subnet_ids_by_filter": {
      "value": [
        "subnet-00ec3c426f3dc09fe",
        "subnet-01b478f6e74b8612f",
        "subnet-02740ed9a86a6450d",
        "subnet-03be8fb837ab2b49f",
        "subnet-03d87b3b8b719896e",
        "subnet-06adf036a2a1577ba",
        "subnet-06b95c503090097af",
        "subnet-0958abfc5699dbb6c",
        "subnet-0c7526f82ead196b6",
        "subnet-0c7d811502b44812b",
        "subnet-0e075ad5024d4635b",
        "subnet-0e2568f718fefe8b7",
        "subnet-0f8183eab4b5ca358"
      ],
      "type": [
        "tuple",
        [
          "string",
          "string",
          "string",
          "string",
          "string",
          "string",
          "string",
          "string",
          "string",
          "string",
          "string",
          "string",
          "string"
        ]
      ]
    },
    "all_private_subnets_cidr_blocks": {
      "value": [
        "10.2.128.128/26",
        "100.100.28.0/23",
        "10.2.128.64/26",
        "10.2.128.0/26",
        "10.2.199.128/25",
        "10.2.128.192/26",
        "100.100.26.0/23",
        "10.2.198.0/24",
        "10.2.199.0/25",
        "100.100.24.0/23",
        "10.2.129.192/26",
        "100.100.30.0/24",
        "10.2.132.0/28"
      ],
      "type": [
        "tuple",
        [
          "string",
          "string",
          "string",
          "string",
          "string",
          "string",
          "string",
          "string",
          "string",
          "string",
          "string",
          "string",
          "string"
        ]
      ]
    },
    "all_private_subnets_cidr_blocks_by_filter": {
      "value": [
        "10.2.128.128/26",
        "100.100.28.0/23",
        "10.2.128.64/26",
        "10.2.128.0/26",
        "10.2.199.128/25",
        "10.2.128.192/26",
        "100.100.26.0/23",
        "10.2.198.0/24",
        "10.2.199.0/25",
        "100.100.24.0/23",
        "10.2.129.192/26",
        "100.100.30.0/24",
        "10.2.132.0/28"
      ],
      "type": [
        "tuple",
        [
          "string",
          "string",
          "string",
          "string",
          "string",
          "string",
          "string",
          "string",
          "string",
          "string",
          "string",
          "string",
          "string"
        ]
      ]
    },
    "all_subnet_ids": {
      "value": [
        "subnet-00ec3c426f3dc09fe",
        "subnet-0174faa80dda897b4",
        "subnet-01b478f6e74b8612f",
        "subnet-02740ed9a86a6450d",
        "subnet-02a62ff2b22d3be22",
        "subnet-03887b67393b6aa8d",
        "subnet-03be8fb837ab2b49f",
        "subnet-03d87b3b8b719896e",
        "subnet-0588932bc3d922c87",
        "subnet-06811b6a53a3a7aa1",
        "subnet-068ce96600a5478c9",
        "subnet-06adf036a2a1577ba",
        "subnet-06b95c503090097af",
        "subnet-07ed9a12235a7c8cb",
        "subnet-0958abfc5699dbb6c",
        "subnet-0b1650bfb13c62581",
        "subnet-0c7526f82ead196b6",
        "subnet-0c7d811502b44812b",
        "subnet-0d2305939b2c6c572",
        "subnet-0d3bf7ed0ddae1b76",
        "subnet-0e075ad5024d4635b",
        "subnet-0e2568f718fefe8b7",
        "subnet-0e9de16f2225a7e0e",
        "subnet-0f8183eab4b5ca358",
        "subnet-0f8d2bfd4be027b4b"
      ],
      "type": [
        "tuple",
        [
          "string",
          "string",
          "string",
          "string",
          "string",
          "string",
          "string",
          "string",
          "string",
          "string",
          "string",
          "string",
          "string",
          "string",
          "string",
          "string",
          "string",
          "string",
          "string",
          "string",
          "string",
          "string",
          "string",
          "string",
          "string"
        ]
      ]
    },
    "all_subnets_cidr_blocks": {
      "value": [
        "10.2.128.128/26",
        "100.100.31.0/25",
        "100.100.28.0/23",
        "10.2.128.64/26",
        "100.100.31.128/26",
        "198.18.5.0/24",
        "10.2.128.0/26",
        "10.2.199.128/25",
        "198.18.3.0/24",
        "198.18.1.0/24",
        "10.2.129.0/26",
        "10.2.128.192/26",
        "100.100.26.0/23",
        "100.100.31.192/26",
        "10.2.198.0/24",
        "198.18.0.0/24",
        "10.2.199.0/25",
        "100.100.24.0/23",
        "10.2.129.64/26",
        "198.18.2.0/24",
        "10.2.129.192/26",
        "100.100.30.0/24",
        "10.2.129.128/26",
        "10.2.132.0/28",
        "198.18.4.0/24"
      ],
      "type": [
        "tuple",
        [
          "string",
          "string",
          "string",
          "string",
          "string",
          "string",
          "string",
          "string",
          "string",
          "string",
          "string",
          "string",
          "string",
          "string",
          "string",
          "string",
          "string",
          "string",
          "string",
          "string",
          "string",
          "string",
          "string",
          "string",
          "string"
        ]
      ]
    },
    "app_role": {
      "value": "arn:aws:iam::607546651489:role/DevSecOpsAdminRole",
      "type": "string"
    },
    "cidrs_blocks": {
      "value": [
        "10.1.0.0/20",
        "10.2.0.0/20",
        "10.2.128.0/23",
        "10.2.128.0/26",
        "10.2.128.128/26",
        "10.2.128.192/26",
        "10.2.128.64/26",
        "10.2.129.192/26",
        "10.2.132.0/26",
        "10.2.132.0/28",
        "10.2.149.0/24",
        "10.2.152.0/24",
        "10.2.153.0/24",
        "10.2.160.128/25",
        "10.2.162.0/25",
        "10.2.163.0/24",
        "10.2.176.0/23",
        "10.2.198.0/24",
        "10.2.199.0/25",
        "10.2.199.128/25",
        "100.100.0.0/16",
        "100.100.24.0/23",
        "100.100.26.0/23",
        "100.100.28.0/23",
        "100.100.30.0/24",
        "172.20.0.0/16",
        "198.0.0.0/16"
      ],
      "type": [
        "tuple",
        [
          "string",
          "string",
          "string",
          "string",
          "string",
          "string",
          "string",
          "string",
          "string",
          "string",
          "string",
          "string",
          "string",
          "string",
          "string",
          "string",
          "string",
          "string",
          "string",
          "string",
          "string",
          "string",
          "string",
          "string",
          "string",
          "string",
          "string"
        ]
      ]
    },
    "elasticache_subnet_group_id": {
      "value": "us-dev1-orders-redis",
      "type": "string"
    },
    "elasticache_subnet_group_name": {
      "value": "us-dev1-orders-redis",
      "type": "string"
    },
    "environment_number": {
      "value": "01",
      "type": "string"
    },
    "environment_prefix": {
      "value": "dev",
      "type": "string"
    },
    "kafka_producer_tagging": {
      "value": {
        "Application": "K8DM",
        "ApplicationID": "APP0012189",
        "Budget Owner": "mcdonaldsordersawsmanagement.global@capgemini.com",
        "Budget_Owner": "mcdonaldsordersawsmanagement.global@capgemini.com",
        "Capability": "ORDERS",
        "Capability Abbreviation": "ORDR",
        "Capability Distribution List": "payc-ordc-prod.nar@capgemini.com",
        "Capability_Abbreviation": "ORDR",
        "Capability_Distribution_List": "payc-ordc-prod.nar@capgemini.com",
        "Cluster": "DEV",
        "DataClassification": "Restricted",
        "Deployed_At": "2022-03-25T18:35:06Z",
        "Env_desc": "KAFKA PRODUCER",
        "Environment": "US-EAST-DEV-US-ORDR-DEV1-ORDERS",
        "Environment_Type": "DEV",
        "Environment_Version": "DEV01",
        "GBL": "195500855387",
        "IDEA_Tag_Revision_File": "AWS Tagging Improvements v7.pdf",
        "IDEA_Ticket": "IDEA-1239",
        "IT Owner": "mcdonaldsordersawsmanagement.global@capgemini.com",
        "IT_Owner": "mcdonaldsordersawsmanagement.global@capgemini.com",
        "ManagedBy": "Terraform",
        "Market": "US",
        "Name": "US-EAST-DEV-US-ORDR-DEV1-ORDERS-KAFKA PRODUCER",
        "Owner": "mcdonaldsordersawsmanagement.global@capgemini.com",
        "Patch Group": "EXCLUDED",
        "Patch_Group": "EXCLUDED",
        "Purpose": "GENERALDIGITAL",
        "Release_Version": "2.1.39.27-a5cec8",
        "Team": "ORDERS",
        "Workload": "DEV",
        "cpm backup": "mcds_us_none_4_non_prod_607546651489",
        "cpm_backup": "mcds_us_none_4_non_prod_607546651489",
        "vpc_id": "vpc-0c1d18e7f896a1fff"
      },
      "type": [
        "object",
        {
          "Application": "string",
          "ApplicationID": "string",
          "Budget Owner": "string",
          "Budget_Owner": "string",
          "Capability": "string",
          "Capability Abbreviation": "string",
          "Capability Distribution List": "string",
          "Capability_Abbreviation": "string",
          "Capability_Distribution_List": "string",
          "Cluster": "string",
          "DataClassification": "string",
          "Deployed_At": "string",
          "Env_desc": "string",
          "Environment": "string",
          "Environment_Type": "string",
          "Environment_Version": "string",
          "GBL": "string",
          "IDEA_Tag_Revision_File": "string",
          "IDEA_Ticket": "string",
          "IT Owner": "string",
          "IT_Owner": "string",
          "ManagedBy": "string",
          "Market": "string",
          "Name": "string",
          "Owner": "string",
          "Patch Group": "string",
          "Patch_Group": "string",
          "Purpose": "string",
          "Release_Version": "string",
          "Team": "string",
          "Workload": "string",
          "cpm backup": "string",
          "cpm_backup": "string",
          "vpc_id": "string"
        }
      ]
    },
    "kafka_topic": {
      "value": {
        "delivery-events": {
          "config": {},
          "id": "na-us-dev01-orders-delivery-events",
          "name": "na-us-dev01-orders-delivery-events",
          "partitions": 3,
          "replication_factor": 3
        }
      },
      "type": [
        "object",
        {
          "delivery-events": [
            "object",
            {
              "config": [
                "map",
                "string"
              ],
              "id": "string",
              "name": "string",
              "partitions": "number",
              "replication_factor": "number"
            }
          ]
        }
      ]
    },
    "kafka_topic_acl": {
      "value": {
        "delivery-events": {
          "acl_host": "*",
          "acl_operation": "All",
          "acl_permission_type": "Allow",
          "acl_principal": "User:*",
          "id": "User:*|*|All|Allow|Topic|na-us-dev01-orders-delivery-events|Literal",
          "resource_name": "na-us-dev01-orders-delivery-events",
          "resource_pattern_type_filter": "Literal",
          "resource_type": "Topic"
        }
      },
      "type": [
        "object",
        {
          "delivery-events": [
            "object",
            {
              "acl_host": "string",
              "acl_operation": "string",
              "acl_permission_type": "string",
              "acl_principal": "string",
              "id": "string",
              "resource_name": "string",
              "resource_pattern_type_filter": "string",
              "resource_type": "string"
            }
          ]
        }
      ]
    },
    "kafka_topic_dlq": {
      "value": {
        "delivery-events": {
          "config": {},
          "id": "na-us-dev01-orders-delivery-events-dlq",
          "name": "na-us-dev01-orders-delivery-events-dlq",
          "partitions": 3,
          "replication_factor": 3
        }
      },
      "type": [
        "object",
        {
          "delivery-events": [
            "object",
            {
              "config": [
                "map",
                "string"
              ],
              "id": "string",
              "name": "string",
              "partitions": "number",
              "replication_factor": "number"
            }
          ]
        }
      ]
    },
    "kafka_topic_producer_dlq": {
      "value": {
        "delivery-events": {
          "config": {},
          "id": "na-us-dev01-orders-delivery-events-producer-dlq",
          "name": "na-us-dev01-orders-delivery-events-producer-dlq",
          "partitions": 3,
          "replication_factor": 3
        }
      },
      "type": [
        "object",
        {
          "delivery-events": [
            "object",
            {
              "config": [
                "map",
                "string"
              ],
              "id": "string",
              "name": "string",
              "partitions": "number",
              "replication_factor": "number"
            }
          ]
        }
      ]
    },
    "kafka_topic_retry": {
      "value": {
        "delivery-events": {
          "config": {},
          "id": "na-us-dev01-orders-delivery-events-retry",
          "name": "na-us-dev01-orders-delivery-events-retry",
          "partitions": 3,
          "replication_factor": 3
        }
      },
      "type": [
        "object",
        {
          "delivery-events": [
            "object",
            {
              "config": [
                "map",
                "string"
              ],
              "id": "string",
              "name": "string",
              "partitions": "number",
              "replication_factor": "number"
            }
          ]
        }
      ]
    },
    "kubernetes_security_groups": {
      "value": [
        "sg-043130a2acb04f3fc",
        "sg-0646d1fb38e1a259f"
      ],
      "type": [
        "tuple",
        [
          "string",
          "string"
        ]
      ]
    },
    "kubernetes_vpc_id": {
      "value": "vpc-0c1d18e7f896a1fff",
      "type": "string"
    },
    "lambda_subnet_ids": {
      "value": [
        "subnet-01b478f6e74b8612f",
        "subnet-06b95c503090097af",
        "subnet-0c7d811502b44812b",
        "subnet-0e2568f718fefe8b7"
      ],
      "type": [
        "tuple",
        [
          "string",
          "string",
          "string",
          "string"
        ]
      ]
    },
    "lambda_subnets_cidr_blocks": {
      "value": [
        "100.100.28.0/23",
        "100.100.26.0/23",
        "100.100.24.0/23",
        "100.100.30.0/24"
      ],
      "type": [
        "tuple",
        [
          "string",
          "string",
          "string",
          "string"
        ]
      ]
    },
    "latest_deployment_date": {
      "value": "2022-03-25T18:35:06Z",
      "type": "string"
    },
    "mw_redis_endpoint": {
      "value": [
        "mw-orders-dev.kdl9np.ng.0001.use1.cache.amazonaws.com"
      ],
      "type": [
        "tuple",
        [
          "string"
        ]
      ]
    },
    "mw_redis_friendly_endpoint": {
      "value": [
        "mw-orders-dev-redis.vet-dev.digitalecp.mcd.com"
      ],
      "type": [
        "tuple",
        [
          "string"
        ]
      ]
    },
    "public_subnet_ids": {
      "value": [
        "subnet-0174faa80dda897b4",
        "subnet-02a62ff2b22d3be22",
        "subnet-068ce96600a5478c9",
        "subnet-07ed9a12235a7c8cb",
        "subnet-0d2305939b2c6c572",
        "subnet-0e9de16f2225a7e0e"
      ],
      "type": [
        "tuple",
        [
          "string",
          "string",
          "string",
          "string",
          "string",
          "string"
        ]
      ]
    },
    "public_subnets_cidr_blocks": {
      "value": [
        "100.100.31.0/25",
        "100.100.31.128/26",
        "10.2.129.0/26",
        "100.100.31.192/26",
        "10.2.129.64/26",
        "10.2.129.128/26"
      ],
      "type": [
        "tuple",
        [
          "string",
          "string",
          "string",
          "string",
          "string",
          "string"
        ]
      ]
    },
    "redis_cluster_endpoint": {
      "value": [
        "us-dev1-orders.kdl9np.clustercfg.use1.cache.amazonaws.com"
      ],
      "type": [
        "tuple",
        [
          "string"
        ]
      ]
    },
    "redis_cluster_friendly_endpoint": {
      "value": [
        "us-dev1-orders-redis.vet-dev.digitalecp.mcd.com"
      ],
      "type": [
        "tuple",
        [
          "string"
        ]
      ]
    },
    "redis_endpoint": {
      "value": [],
      "type": [
        "tuple",
        []
      ]
    },
    "redis_friendly_endpoint": {
      "value": [],
      "type": [
        "tuple",
        []
      ]
    },
    "redis_security_group": {
      "value": "sg-01cde53f8fb514885",
      "type": "string"
    },
    "security_group_ids": {
      "value": [
        "sg-043130a2acb04f3fc",
        "sg-0646d1fb38e1a259f"
      ],
      "type": [
        "tuple",
        [
          "string",
          "string"
        ]
      ]
    },
    "standard_topic_name": {
      "value": "na-us-dev01-orders",
      "type": "string"
    },
    "subnet_ids": {
      "value": [
        "subnet-00ec3c426f3dc09fe",
        "subnet-01b478f6e74b8612f",
        "subnet-02740ed9a86a6450d",
        "subnet-03be8fb837ab2b49f",
        "subnet-03d87b3b8b719896e",
        "subnet-06adf036a2a1577ba",
        "subnet-06b95c503090097af",
        "subnet-0958abfc5699dbb6c",
        "subnet-0c7526f82ead196b6",
        "subnet-0c7d811502b44812b",
        "subnet-0e075ad5024d4635b",
        "subnet-0e2568f718fefe8b7",
        "subnet-0f8183eab4b5ca358"
      ],
      "type": [
        "tuple",
        [
          "string",
          "string",
          "string",
          "string",
          "string",
          "string",
          "string",
          "string",
          "string",
          "string",
          "string",
          "string",
          "string"
        ]
      ]
    },
    "tags_redis": {
      "value": {
        "Application": "K8DM",
        "ApplicationID": "APP0012189",
        "Budget Owner": "mcdonaldsordersawsmanagement.global@capgemini.com",
        "Budget_Owner": "mcdonaldsordersawsmanagement.global@capgemini.com",
        "Capability": "ORDERS",
        "Capability Abbreviation": "ORDR",
        "Capability Distribution List": "payc-ordc-prod.nar@capgemini.com",
        "Capability_Abbreviation": "ORDR",
        "Capability_Distribution_List": "payc-ordc-prod.nar@capgemini.com",
        "Cluster": "DEV",
        "DataClassification": "Restricted",
        "Deployed_At": "2022-03-25T18:35:06Z",
        "Env_desc": "AMAZON ELASTICACHE ORDERS",
        "Environment": "US-EAST-DEV-US-ORDR-DEV1-ORDERS",
        "Environment_Type": "DEV",
        "Environment_Version": "DEV01",
        "GBL": "195500855387",
        "IDEA_Tag_Revision_File": "AWS Tagging Improvements v7.pdf",
        "IDEA_Ticket": "IDEA-1239",
        "IT Owner": "mcdonaldsordersawsmanagement.global@capgemini.com",
        "IT_Owner": "mcdonaldsordersawsmanagement.global@capgemini.com",
        "ManagedBy": "Terraform",
        "Market": "US",
        "Name": "US-EAST-DEV-US-ORDR-DEV1-ORDERS-ELASTICACHE",
        "Owner": "mcdonaldsordersawsmanagement.global@capgemini.com",
        "Patch Group": "EXCLUDED",
        "Patch_Group": "EXCLUDED",
        "Purpose": "GENERALDIGITAL",
        "Release_Version": "2.1.39.27-a5cec8",
        "Team": "ORDERS",
        "Workload": "DEV",
        "cpm backup": "mcds_us_none_4_non_prod_607546651489",
        "cpm_backup": "mcds_us_none_4_non_prod_607546651489",
        "vpc_id": "vpc-0c1d18e7f896a1fff"
      },
      "type": [
        "object",
        {
          "Application": "string",
          "ApplicationID": "string",
          "Budget Owner": "string",
          "Budget_Owner": "string",
          "Capability": "string",
          "Capability Abbreviation": "string",
          "Capability Distribution List": "string",
          "Capability_Abbreviation": "string",
          "Capability_Distribution_List": "string",
          "Cluster": "string",
          "DataClassification": "string",
          "Deployed_At": "string",
          "Env_desc": "string",
          "Environment": "string",
          "Environment_Type": "string",
          "Environment_Version": "string",
          "GBL": "string",
          "IDEA_Tag_Revision_File": "string",
          "IDEA_Ticket": "string",
          "IT Owner": "string",
          "IT_Owner": "string",
          "ManagedBy": "string",
          "Market": "string",
          "Name": "string",
          "Owner": "string",
          "Patch Group": "string",
          "Patch_Group": "string",
          "Purpose": "string",
          "Release_Version": "string",
          "Team": "string",
          "Workload": "string",
          "cpm backup": "string",
          "cpm_backup": "string",
          "vpc_id": "string"
        }
      ]
    },
    "tags_redis_mw": {
      "value": {
        "Application": "K8DM",
        "ApplicationID": "APP0012189",
        "Budget Owner": "mcdonaldsordersawsmanagement.global@capgemini.com",
        "Budget_Owner": "mcdonaldsordersawsmanagement.global@capgemini.com",
        "Capability": "ORDERS",
        "Capability Abbreviation": "ORDR",
        "Capability Distribution List": "payc-ordc-prod.nar@capgemini.com",
        "Capability_Abbreviation": "ORDR",
        "Capability_Distribution_List": "payc-ordc-prod.nar@capgemini.com",
        "Cluster": "DEV",
        "DataClassification": "Restricted",
        "Deployed_At": "2022-03-25T18:35:06Z",
        "Env_desc": "AMAZON ELASTICACHE ORDERS MW",
        "Environment": "US-EAST-DEV-US-ORDR-DEV1-ORDERS",
        "Environment_Type": "DEV",
        "Environment_Version": "DEV01",
        "GBL": "195500855387",
        "IDEA_Tag_Revision_File": "AWS Tagging Improvements v7.pdf",
        "IDEA_Ticket": "IDEA-1239",
        "IT Owner": "mcdonaldsordersawsmanagement.global@capgemini.com",
        "IT_Owner": "mcdonaldsordersawsmanagement.global@capgemini.com",
        "ManagedBy": "Terraform",
        "Market": "US",
        "Name": "US-EAST-DEV-US-ORDR-DEV1-ORDERS-ELASTICACHE",
        "Owner": "mcdonaldsordersawsmanagement.global@capgemini.com",
        "Patch Group": "EXCLUDED",
        "Patch_Group": "EXCLUDED",
        "Purpose": "GENERALDIGITAL",
        "Release_Version": "2.1.39.27-a5cec8",
        "Team": "ORDERS",
        "Workload": "DEV",
        "cpm backup": "mcds_us_none_4_non_prod_607546651489",
        "cpm_backup": "mcds_us_none_4_non_prod_607546651489",
        "vpc_id": "vpc-0c1d18e7f896a1fff"
      },
      "type": [
        "object",
        {
          "Application": "string",
          "ApplicationID": "string",
          "Budget Owner": "string",
          "Budget_Owner": "string",
          "Capability": "string",
          "Capability Abbreviation": "string",
          "Capability Distribution List": "string",
          "Capability_Abbreviation": "string",
          "Capability_Distribution_List": "string",
          "Cluster": "string",
          "DataClassification": "string",
          "Deployed_At": "string",
          "Env_desc": "string",
          "Environment": "string",
          "Environment_Type": "string",
          "Environment_Version": "string",
          "GBL": "string",
          "IDEA_Tag_Revision_File": "string",
          "IDEA_Ticket": "string",
          "IT Owner": "string",
          "IT_Owner": "string",
          "ManagedBy": "string",
          "Market": "string",
          "Name": "string",
          "Owner": "string",
          "Patch Group": "string",
          "Patch_Group": "string",
          "Purpose": "string",
          "Release_Version": "string",
          "Team": "string",
          "Workload": "string",
          "cpm backup": "string",
          "cpm_backup": "string",
          "vpc_id": "string"
        }
      ]
    },
    "tf_statefile_path": {
      "value": "s3://mcd-vanguard-dev-tfstate/orders/us-east-1/orderms/dev1/orderms-infrastructure-dev1-us.tfstate",
      "type": "string"
    },
    "tfenv_version": {
      "value": "0.14.11",
      "type": "string"
    },
    "total_all_private_subnet_ids": {
      "value": 13,
      "type": "number"
    },
    "version": {
      "value": "2.1.39.27-a5cec8",
      "type": "string"
    }
  },
  "resources": [
    {
      "mode": "data",
      "type": "aws_caller_identity",
      "name": "current",
      "provider": "provider[\"registry.terraform.io/hashicorp/aws\"]",
      "instances": [
        {
          "schema_version": 0,
          "attributes": {
            "account_id": "607546651489",
            "arn": "arn:aws:sts::607546651489:assumed-role/JenkinsSlavePodsRole/otr-dotnetcore-container-orderms-a5cec8",
            "id": "607546651489",
            "user_id": "AROAILFEDAZ7QYZOXQNN6:otr-dotnetcore-container-orderms-a5cec8"
          },
          "sensitive_attributes": []
        }
      ]
    },
    {
      "mode": "data",
      "type": "aws_iam_role",
      "name": "pod_assume_role",
      "provider": "provider[\"registry.terraform.io/hashicorp/aws\"]",
      "instances": [
        {
          "schema_version": 0,
          "attributes": {
            "arn": "arn:aws:iam::607546651489:role/DevSecOpsAdminRole",
            "assume_role_policy": "{\"Version\":\"2012-10-17\",\"Statement\":[{\"Effect\":\"Allow\",\"Principal\":{\"AWS\":\"arn:aws:iam::607546651489:root\"},\"Action\":\"sts:AssumeRole\",\"Condition\":{}},{\"Effect\":\"Allow\",\"Principal\":{\"AWS\":[\"arn:aws:iam::670880416023:role/nodes.sharedtools.vet-tools.digitalecp.mcd.com\",\"arn:aws:iam::730817142111:role/nodes.vet1.mcdecp.datapipe.net\"]},\"Action\":\"sts:AssumeRole\",\"Condition\":{}},{\"Effect\":\"Allow\",\"Principal\":{\"Service\":\"lambda.amazonaws.com\"},\"Action\":\"sts:AssumeRole\"}]}",
            "create_date": "2018-05-22T19:58:33Z",
            "description": "Vanguard Engineering team - Permission to support Capability teams",
            "id": "DevSecOpsAdminRole",
            "max_session_duration": 14400,
            "name": "DevSecOpsAdminRole",
            "path": "/",
            "permissions_boundary": "",
            "tags": {},
            "unique_id": "AROAJGKRM5XNY2NS6L6AS"
          },
          "sensitive_attributes": []
        }
      ]
    },
    {
      "mode": "data",
      "type": "terraform_remote_state",
      "name": "kubernetes_config",
      "provider": "provider[\"terraform.io/builtin/terraform\"]",
      "instances": [
        {
          "schema_version": 0,
          "attributes": {
            "backend": "s3",
            "config": {
              "value": {
                "bucket": "mcd-vanguard-dev-tfstate",
                "key": "vet/us-east-1/sharedtools/dev/infrastructure.tfstate",
                "region": "us-east-1"
              },
              "type": [
                "object",
                {
                  "bucket": "string",
                  "key": "string",
                  "region": "string"
                }
              ]
            },
            "defaults": null,
            "outputs": {
              "value": {
                "base_domain": "vet-dev.digitalecp.mcd.com",
                "base_domain_zone_id": "Z1MXR1E16176X8",
                "cluster1_check_nodes": "kubectl get nodes -a",
                "cluster1_master_host": "api.dev.vet-dev.digitalecp.mcd.com",
                "cluster1_name": "dev.vet-dev.digitalecp.mcd.com",
                "cluster1_rolling_restart": "kops rolling-update cluster --yes --state s3://mcd-vanguard-dev-tfstate/vet/us-east-1/sharedtools/dev --name dev.vet-dev.digitalecp.mcd.com",
                "cluster1_ssl_certificate_arn": "arn:aws:acm:us-east-1:607546651489:certificate/d9eeb902-d94c-4902-9dbd-203605360748",
                "cluster1_ui_url": "https://api.dev.vet-dev.digitalecp.mcd.com/api/v1/namespaces/kube-system/services/https:kubernetes-dashboard:/proxy/",
                "cluster1_validate_cluster": "kops validate cluster --state s3://mcd-vanguard-dev-tfstate/vet/us-east-1/sharedtools/dev --name dev.vet-dev.digitalecp.mcd.com",
                "cluster_endpoint": "api.internal.dev.vet-dev.digitalecp.mcd.com",
                "k8s_version": "1.11.9",
                "master-ips": "10.2.128.210 10.2.198.230 10.2.199.30",
                "worker_iam_role_arn": "arn:aws:iam::607546651489:role/nodes.dev.vet-dev.digitalecp.mcd.com"
              },
              "type": [
                "object",
                {
                  "base_domain": "string",
                  "base_domain_zone_id": "string",
                  "cluster1_check_nodes": "string",
                  "cluster1_master_host": "string",
                  "cluster1_name": "string",
                  "cluster1_rolling_restart": "string",
                  "cluster1_ssl_certificate_arn": "string",
                  "cluster1_ui_url": "string",
                  "cluster1_validate_cluster": "string",
                  "cluster_endpoint": "string",
                  "k8s_version": "string",
                  "master-ips": "string",
                  "worker_iam_role_arn": "string"
                }
              ]
            },
            "workspace": null
          },
          "sensitive_attributes": []
        }
      ]
    },
    {
      "mode": "managed",
      "type": "aws_elasticache_replication_group",
      "name": "redis_cluster",
      "provider": "provider[\"registry.terraform.io/hashicorp/aws\"]",
      "instances": [
        {
          "index_key": 0,
          "schema_version": 1,
          "attributes": {
            "apply_immediately": null,
            "arn": "arn:aws:elasticache:us-east-1:607546651489:replicationgroup:us-dev1-orders",
            "at_rest_encryption_enabled": false,
            "auth_token": "",
            "auto_minor_version_upgrade": true,
            "automatic_failover_enabled": true,
            "availability_zones": null,
            "cluster_enabled": true,
            "cluster_mode": [
              {
                "num_node_groups": 3,
                "replicas_per_node_group": 1
              }
            ],
            "configuration_endpoint_address": "us-dev1-orders.kdl9np.clustercfg.use1.cache.amazonaws.com",
            "data_tiering_enabled": false,
            "description": "Redis Cache Cluster to us-dev1-orders",
            "engine": "redis",
            "engine_version": "4.0.10",
            "engine_version_actual": "4.0.10",
            "final_snapshot_identifier": null,
            "global_replication_group_id": null,
            "id": "us-dev1-orders",
            "kms_key_id": "",
            "maintenance_window": "sun:00:00-sun:06:00",
            "member_clusters": [
              "us-dev1-orders-0001-001",
              "us-dev1-orders-0001-002",
              "us-dev1-orders-0002-001",
              "us-dev1-orders-0002-002",
              "us-dev1-orders-0003-001",
              "us-dev1-orders-0003-002"
            ],
            "multi_az_enabled": false,
            "node_type": "cache.t2.medium",
            "notification_topic_arn": null,
            "num_cache_clusters": 6,
            "num_node_groups": 3,
            "number_cache_clusters": 6,
            "parameter_group_name": "default.redis4.0.cluster.on",
            "port": 6379,
            "preferred_cache_cluster_azs": null,
            "primary_endpoint_address": null,
            "reader_endpoint_address": null,
            "replicas_per_node_group": 1,
            "replication_group_description": "Redis Cache Cluster to us-dev1-orders",
            "replication_group_id": "us-dev1-orders",
            "security_group_ids": [
              "sg-01cde53f8fb514885"
            ],
            "security_group_names": [],
            "snapshot_arns": null,
            "snapshot_name": null,
            "snapshot_retention_limit": 7,
            "snapshot_window": "07:30-08:30",
            "subnet_group_name": "us-dev1-orders-redis",
            "tags": {
              "Application": "K8DM",
              "ApplicationID": "APP0012189",
              "Budget Owner": "mcdonaldsordersawsmanagement.global@capgemini.com",
              "Budget_Owner": "mcdonaldsordersawsmanagement.global@capgemini.com",
              "Capability": "ORDERS",
              "Capability Abbreviation": "ORDR",
              "Capability Distribution List": "payc-ordc-prod.nar@capgemini.com",
              "Capability_Abbreviation": "ORDR",
              "Capability_Distribution_List": "payc-ordc-prod.nar@capgemini.com",
              "Cluster": "DEV",
              "DataClassification": "Restricted",
              "Deployed_At": "2022-03-25T18:35:06Z",
              "Env_desc": "AMAZON ELASTICACHE ORDERS",
              "Environment": "US-EAST-DEV-US-ORDR-DEV1-ORDERS",
              "Environment_Type": "DEV",
              "Environment_Version": "DEV01",
              "GBL": "195500855387",
              "IDEA_Tag_Revision_File": "AWS Tagging Improvements v7.pdf",
              "IDEA_Ticket": "IDEA-1239",
              "IT Owner": "mcdonaldsordersawsmanagement.global@capgemini.com",
              "IT_Owner": "mcdonaldsordersawsmanagement.global@capgemini.com",
              "ManagedBy": "Terraform",
              "Market": "US",
              "Name": "US-EAST-DEV-US-ORDR-DEV1-ORDERS-ELASTICACHE",
              "Owner": "mcdonaldsordersawsmanagement.global@capgemini.com",
              "Patch Group": "EXCLUDED",
              "Patch_Group": "EXCLUDED",
              "Purpose": "GENERALDIGITAL",
              "Release_Version": "2.1.39.27-a5cec8",
              "Team": "ORDERS",
              "Workload": "DEV",
              "cpm backup": "mcds_us_none_4_non_prod_607546651489",
              "cpm_backup": "mcds_us_none_4_non_prod_607546651489",
              "vpc_id": "vpc-0c1d18e7f896a1fff"
            },
            "tags_all": {
              "Application": "K8DM",
              "ApplicationID": "APP0012189",
              "Budget Owner": "mcdonaldsordersawsmanagement.global@capgemini.com",
              "Budget_Owner": "mcdonaldsordersawsmanagement.global@capgemini.com",
              "Capability": "ORDERS",
              "Capability Abbreviation": "ORDR",
              "Capability Distribution List": "payc-ordc-prod.nar@capgemini.com",
              "Capability_Abbreviation": "ORDR",
              "Capability_Distribution_List": "payc-ordc-prod.nar@capgemini.com",
              "Cluster": "DEV",
              "DataClassification": "Restricted",
              "Deployed_At": "2022-03-25T18:35:06Z",
              "Env_desc": "AMAZON ELASTICACHE ORDERS",
              "Environment": "US-EAST-DEV-US-ORDR-DEV1-ORDERS",
              "Environment_Type": "DEV",
              "Environment_Version": "DEV01",
              "GBL": "195500855387",
              "IDEA_Tag_Revision_File": "AWS Tagging Improvements v7.pdf",
              "IDEA_Ticket": "IDEA-1239",
              "IT Owner": "mcdonaldsordersawsmanagement.global@capgemini.com",
              "IT_Owner": "mcdonaldsordersawsmanagement.global@capgemini.com",
              "ManagedBy": "Terraform",
              "Market": "US",
              "Name": "US-EAST-DEV-US-ORDR-DEV1-ORDERS-ELASTICACHE",
              "Owner": "mcdonaldsordersawsmanagement.global@capgemini.com",
              "Patch Group": "EXCLUDED",
              "Patch_Group": "EXCLUDED",
              "Purpose": "GENERALDIGITAL",
              "Release_Version": "2.1.39.27-a5cec8",
              "Team": "ORDERS",
              "Workload": "DEV",
              "cpm backup": "mcds_us_none_4_non_prod_607546651489",
              "cpm_backup": "mcds_us_none_4_non_prod_607546651489",
              "vpc_id": "vpc-0c1d18e7f896a1fff"
            },
            "timeouts": {
              "create": null,
              "delete": null,
              "update": null
            },
            "transit_encryption_enabled": false,
            "user_group_ids": []
          },
          "sensitive_attributes": [],
          "private": "eyJlMmJmYjczMC1lY2FhLTExZTYtOGY4OC0zNDM2M2JjN2M0YzAiOnsiY3JlYXRlIjozNjAwMDAwMDAwMDAwLCJkZWxldGUiOjI0MDAwMDAwMDAwMDAsInVwZGF0ZSI6MjQwMDAwMDAwMDAwMH0sInNjaGVtYV92ZXJzaW9uIjoiMSJ9",
          "dependencies": [
            "aws_elasticache_subnet_group.elasticache",
            "aws_security_group.elasticache",
            "module.vpc_subnet_cidrs_blocks.data.aws_security_group.k8s_masters",
            "module.vpc_subnet_cidrs_blocks.data.aws_security_group.k8s_nodes",
            "module.vpc_subnet_cidrs_blocks.data.aws_subnet.all_private_by_filter",
            "module.vpc_subnet_cidrs_blocks.data.aws_subnet_ids.all_private_by_filter",
            "module.vpc_subnet_cidrs_blocks.data.aws_vpc.vpc_info"
          ]
        }
      ]
    },
    {
      "mode": "managed",
      "type": "aws_elasticache_replication_group",
      "name": "redis_mw",
      "provider": "provider[\"registry.terraform.io/hashicorp/aws\"]",
      "instances": [
        {
          "index_key": 0,
          "schema_version": 1,
          "attributes": {
            "apply_immediately": null,
            "arn": "arn:aws:elasticache:us-east-1:607546651489:replicationgroup:mw-orders-dev",
            "at_rest_encryption_enabled": false,
            "auth_token": "",
            "auto_minor_version_upgrade": true,
            "automatic_failover_enabled": true,
            "availability_zones": [
              "us-east-1a",
              "us-east-1b"
            ],
            "cluster_enabled": false,
            "cluster_mode": [
              {
                "num_node_groups": 1,
                "replicas_per_node_group": 1
              }
            ],
            "configuration_endpoint_address": null,
            "data_tiering_enabled": false,
            "description": "Dedicated Redis Cache to mw-orders-dev",
            "engine": "redis",
            "engine_version": "4.0.10",
            "engine_version_actual": "4.0.10",
            "final_snapshot_identifier": null,
            "global_replication_group_id": null,
            "id": "mw-orders-dev",
            "kms_key_id": "",
            "maintenance_window": "sun:00:00-sun:06:00",
            "member_clusters": [
              "mw-orders-dev-001",
              "mw-orders-dev-002"
            ],
            "multi_az_enabled": false,
            "node_type": "cache.t2.medium",
            "notification_topic_arn": null,
            "num_cache_clusters": 2,
            "num_node_groups": 1,
            "number_cache_clusters": 2,
            "parameter_group_name": "default.redis4.0",
            "port": 6379,
            "preferred_cache_cluster_azs": null,
            "primary_endpoint_address": "mw-orders-dev.kdl9np.ng.0001.use1.cache.amazonaws.com",
            "reader_endpoint_address": "mw-orders-dev-ro.kdl9np.ng.0001.use1.cache.amazonaws.com",
            "replicas_per_node_group": 1,
            "replication_group_description": "Dedicated Redis Cache to mw-orders-dev",
            "replication_group_id": "mw-orders-dev",
            "security_group_ids": [
              "sg-0d9ba54f3eb7a4301"
            ],
            "security_group_names": [],
            "snapshot_arns": null,
            "snapshot_name": null,
            "snapshot_retention_limit": 7,
            "snapshot_window": "08:00-09:00",
            "subnet_group_name": "mw-orders-dev",
            "tags": {
              "Application": "K8DM",
              "ApplicationID": "APP0012189",
              "Budget Owner": "mcdonaldsordersawsmanagement.global@capgemini.com",
              "Budget_Owner": "mcdonaldsordersawsmanagement.global@capgemini.com",
              "Capability": "ORDERS",
              "Capability Abbreviation": "ORDR",
              "Capability Distribution List": "payc-ordc-prod.nar@capgemini.com",
              "Capability_Abbreviation": "ORDR",
              "Capability_Distribution_List": "payc-ordc-prod.nar@capgemini.com",
              "Cluster": "DEV",
              "DataClassification": "Restricted",
              "Deployed_At": "2022-03-25T18:35:06Z",
              "Env_desc": "AMAZON ELASTICACHE ORDERS MW",
              "Environment": "US-EAST-DEV-US-ORDR-DEV1-ORDERS",
              "Environment_Type": "DEV",
              "Environment_Version": "DEV01",
              "GBL": "195500855387",
              "IDEA_Tag_Revision_File": "AWS Tagging Improvements v7.pdf",
              "IDEA_Ticket": "IDEA-1239",
              "IT Owner": "mcdonaldsordersawsmanagement.global@capgemini.com",
              "IT_Owner": "mcdonaldsordersawsmanagement.global@capgemini.com",
              "ManagedBy": "Terraform",
              "Market": "US",
              "Name": "US-EAST-DEV-US-ORDR-DEV1-ORDERS-ELASTICACHE",
              "Owner": "mcdonaldsordersawsmanagement.global@capgemini.com",
              "Patch Group": "EXCLUDED",
              "Patch_Group": "EXCLUDED",
              "Purpose": "GENERALDIGITAL",
              "Release_Version": "2.1.39.27-a5cec8",
              "Team": "ORDERS",
              "Workload": "DEV",
              "cpm backup": "mcds_us_none_4_non_prod_607546651489",
              "cpm_backup": "mcds_us_none_4_non_prod_607546651489",
              "vpc_id": "vpc-0c1d18e7f896a1fff"
            },
            "tags_all": {
              "Application": "K8DM",
              "ApplicationID": "APP0012189",
              "Budget Owner": "mcdonaldsordersawsmanagement.global@capgemini.com",
              "Budget_Owner": "mcdonaldsordersawsmanagement.global@capgemini.com",
              "Capability": "ORDERS",
              "Capability Abbreviation": "ORDR",
              "Capability Distribution List": "payc-ordc-prod.nar@capgemini.com",
              "Capability_Abbreviation": "ORDR",
              "Capability_Distribution_List": "payc-ordc-prod.nar@capgemini.com",
              "Cluster": "DEV",
              "DataClassification": "Restricted",
              "Deployed_At": "2022-03-25T18:35:06Z",
              "Env_desc": "AMAZON ELASTICACHE ORDERS MW",
              "Environment": "US-EAST-DEV-US-ORDR-DEV1-ORDERS",
              "Environment_Type": "DEV",
              "Environment_Version": "DEV01",
              "GBL": "195500855387",
              "IDEA_Tag_Revision_File": "AWS Tagging Improvements v7.pdf",
              "IDEA_Ticket": "IDEA-1239",
              "IT Owner": "mcdonaldsordersawsmanagement.global@capgemini.com",
              "IT_Owner": "mcdonaldsordersawsmanagement.global@capgemini.com",
              "ManagedBy": "Terraform",
              "Market": "US",
              "Name": "US-EAST-DEV-US-ORDR-DEV1-ORDERS-ELASTICACHE",
              "Owner": "mcdonaldsordersawsmanagement.global@capgemini.com",
              "Patch Group": "EXCLUDED",
              "Patch_Group": "EXCLUDED",
              "Purpose": "GENERALDIGITAL",
              "Release_Version": "2.1.39.27-a5cec8",
              "Team": "ORDERS",
              "Workload": "DEV",
              "cpm backup": "mcds_us_none_4_non_prod_607546651489",
              "cpm_backup": "mcds_us_none_4_non_prod_607546651489",
              "vpc_id": "vpc-0c1d18e7f896a1fff"
            },
            "timeouts": {
              "create": null,
              "delete": null,
              "update": null
            },
            "transit_encryption_enabled": false,
            "user_group_ids": []
          },
          "sensitive_attributes": [],
          "private": "eyJlMmJmYjczMC1lY2FhLTExZTYtOGY4OC0zNDM2M2JjN2M0YzAiOnsiY3JlYXRlIjozNjAwMDAwMDAwMDAwLCJkZWxldGUiOjI0MDAwMDAwMDAwMDAsInVwZGF0ZSI6MjQwMDAwMDAwMDAwMH0sInNjaGVtYV92ZXJzaW9uIjoiMSJ9",
          "dependencies": [
            "aws_elasticache_subnet_group.redis_mw",
            "aws_security_group.redis_mw",
            "module.vpc_subnet_cidrs_blocks.data.aws_security_group.k8s_masters",
            "module.vpc_subnet_cidrs_blocks.data.aws_security_group.k8s_nodes",
            "module.vpc_subnet_cidrs_blocks.data.aws_subnet.all_private_by_filter",
            "module.vpc_subnet_cidrs_blocks.data.aws_subnet_ids.all_private_by_filter",
            "module.vpc_subnet_cidrs_blocks.data.aws_vpc.vpc_info"
          ]
        }
      ]
    },
    {
      "mode": "managed",
      "type": "aws_elasticache_subnet_group",
      "name": "elasticache",
      "provider": "provider[\"registry.terraform.io/hashicorp/aws\"]",
      "instances": [
        {
          "schema_version": 0,
          "attributes": {
            "arn": "arn:aws:elasticache:us-east-1:607546651489:subnetgroup:us-dev1-orders-redis",
            "description": "Managed by Terraform",
            "id": "us-dev1-orders-redis",
            "name": "us-dev1-orders-redis",
            "subnet_ids": [
              "subnet-00ec3c426f3dc09fe",
              "subnet-01b478f6e74b8612f",
              "subnet-02740ed9a86a6450d",
              "subnet-03be8fb837ab2b49f",
              "subnet-03d87b3b8b719896e",
              "subnet-06adf036a2a1577ba",
              "subnet-06b95c503090097af",
              "subnet-0958abfc5699dbb6c",
              "subnet-0c7526f82ead196b6",
              "subnet-0c7d811502b44812b",
              "subnet-0e075ad5024d4635b",
              "subnet-0e2568f718fefe8b7",
              "subnet-0f8183eab4b5ca358"
            ],
            "tags": {},
            "tags_all": {}
          },
          "sensitive_attributes": [],
          "dependencies": [
            "module.vpc_subnet_cidrs_blocks.data.aws_security_group.k8s_nodes",
            "module.vpc_subnet_cidrs_blocks.data.aws_subnet_ids.all_private_by_filter",
            "module.vpc_subnet_cidrs_blocks.data.terraform_remote_state.k8s"
          ]
        }
      ]
    },
    {
      "mode": "managed",
      "type": "aws_elasticache_subnet_group",
      "name": "redis_mw",
      "provider": "provider[\"registry.terraform.io/hashicorp/aws\"]",
      "instances": [
        {
          "index_key": 0,
          "schema_version": 0,
          "attributes": {
            "arn": "arn:aws:elasticache:us-east-1:607546651489:subnetgroup:mw-orders-dev",
            "description": "Managed by Terraform",
            "id": "mw-orders-dev",
            "name": "mw-orders-dev",
            "subnet_ids": [
              "subnet-00ec3c426f3dc09fe",
              "subnet-01b478f6e74b8612f",
              "subnet-02740ed9a86a6450d",
              "subnet-03be8fb837ab2b49f",
              "subnet-03d87b3b8b719896e",
              "subnet-06adf036a2a1577ba",
              "subnet-06b95c503090097af",
              "subnet-0958abfc5699dbb6c",
              "subnet-0c7526f82ead196b6",
              "subnet-0c7d811502b44812b",
              "subnet-0e075ad5024d4635b",
              "subnet-0e2568f718fefe8b7",
              "subnet-0f8183eab4b5ca358"
            ],
            "tags": {},
            "tags_all": {}
          },
          "sensitive_attributes": [],
          "dependencies": [
            "module.vpc_subnet_cidrs_blocks.data.aws_security_group.k8s_nodes",
            "module.vpc_subnet_cidrs_blocks.data.aws_subnet_ids.all_private_by_filter",
            "module.vpc_subnet_cidrs_blocks.data.terraform_remote_state.k8s"
          ]
        }
      ]
    },
    {
      "mode": "managed",
      "type": "aws_route53_record",
      "name": "mw_redis_friendly_endpoint",
      "provider": "provider[\"registry.terraform.io/hashicorp/aws\"]",
      "instances": [
        {
          "index_key": 0,
          "schema_version": 2,
          "attributes": {
            "alias": [],
            "allow_overwrite": null,
            "failover_routing_policy": [],
            "fqdn": "mw-orders-dev-redis.vet-dev.digitalecp.mcd.com",
            "geolocation_routing_policy": [],
            "health_check_id": "",
            "id": "Z1MXR1E16176X8_mw-orders-dev-redis.vet-dev.digitalecp.mcd.com_CNAME",
            "latency_routing_policy": [],
            "multivalue_answer_routing_policy": null,
            "name": "mw-orders-dev-redis.vet-dev.digitalecp.mcd.com",
            "records": [
              "mw-orders-dev.kdl9np.ng.0001.use1.cache.amazonaws.com"
            ],
            "set_identifier": "",
            "ttl": 60,
            "type": "CNAME",
            "weighted_routing_policy": [],
            "zone_id": "Z1MXR1E16176X8"
          },
          "sensitive_attributes": [],
          "dependencies": [
            "aws_elasticache_replication_group.redis_mw",
            "aws_elasticache_subnet_group.redis_mw",
            "aws_security_group.redis_mw",
            "data.terraform_remote_state.kubernetes_config",
            "module.vpc_subnet_cidrs_blocks.data.aws_security_group.k8s_masters",
            "module.vpc_subnet_cidrs_blocks.data.aws_security_group.k8s_nodes",
            "module.vpc_subnet_cidrs_blocks.data.aws_subnet.all_private_by_filter",
            "module.vpc_subnet_cidrs_blocks.data.aws_subnet_ids.all_private_by_filter",
            "module.vpc_subnet_cidrs_blocks.data.aws_vpc.vpc_info",
            "module.vpc_subnet_cidrs_blocks.data.terraform_remote_state.k8s"
          ]
        }
      ]
    },
    {
      "mode": "managed",
      "type": "aws_route53_record",
      "name": "redis_cluster_friendly_endpoint",
      "provider": "provider[\"registry.terraform.io/hashicorp/aws\"]",
      "instances": [
        {
          "index_key": 0,
          "schema_version": 2,
          "attributes": {
            "alias": [],
            "allow_overwrite": null,
            "failover_routing_policy": [],
            "fqdn": "us-dev1-orders-redis.vet-dev.digitalecp.mcd.com",
            "geolocation_routing_policy": [],
            "health_check_id": "",
            "id": "Z1MXR1E16176X8_us-dev1-orders-redis.vet-dev.digitalecp.mcd.com_CNAME",
            "latency_routing_policy": [],
            "multivalue_answer_routing_policy": null,
            "name": "us-dev1-orders-redis.vet-dev.digitalecp.mcd.com",
            "records": [
              "us-dev1-orders.kdl9np.clustercfg.use1.cache.amazonaws.com"
            ],
            "set_identifier": "",
            "ttl": 60,
            "type": "CNAME",
            "weighted_routing_policy": [],
            "zone_id": "Z1MXR1E16176X8"
          },
          "sensitive_attributes": [],
          "dependencies": [
            "aws_elasticache_replication_group.redis_cluster",
            "aws_elasticache_subnet_group.elasticache",
            "aws_security_group.elasticache",
            "data.terraform_remote_state.kubernetes_config",
            "module.vpc_subnet_cidrs_blocks.data.aws_security_group.k8s_masters",
            "module.vpc_subnet_cidrs_blocks.data.aws_security_group.k8s_nodes",
            "module.vpc_subnet_cidrs_blocks.data.aws_subnet.all_private_by_filter",
            "module.vpc_subnet_cidrs_blocks.data.aws_subnet_ids.all_private_by_filter",
            "module.vpc_subnet_cidrs_blocks.data.aws_vpc.vpc_info",
            "module.vpc_subnet_cidrs_blocks.data.terraform_remote_state.k8s"
          ]
        }
      ]
    },
    {
      "mode": "managed",
      "type": "aws_security_group",
      "name": "elasticache",
      "provider": "provider[\"registry.terraform.io/hashicorp/aws\"]",
      "instances": [
        {
          "schema_version": 1,
          "attributes": {
            "arn": "arn:aws:ec2:us-east-1:607546651489:security-group/sg-01cde53f8fb514885",
            "description": "Allow inbound traffic to redis from jenkins slaves",
            "egress": [
              {
                "cidr_blocks": [
                  "10.1.0.0/20",
                  "10.2.0.0/20",
                  "10.2.128.0/23",
                  "10.2.128.0/26",
                  "10.2.128.128/26",
                  "10.2.128.192/26",
                  "10.2.128.64/26",
                  "10.2.129.192/26",
                  "10.2.132.0/26",
                  "10.2.132.0/28",
                  "10.2.149.0/24",
                  "10.2.152.0/24",
                  "10.2.153.0/24",
                  "10.2.160.128/25",
                  "10.2.162.0/25",
                  "10.2.163.0/24",
                  "10.2.176.0/23",
                  "10.2.198.0/24",
                  "10.2.199.0/25",
                  "10.2.199.128/25",
                  "100.100.0.0/16",
                  "100.100.24.0/23",
                  "100.100.26.0/23",
                  "100.100.28.0/23",
                  "100.100.30.0/24",
                  "172.20.0.0/16",
                  "198.0.0.0/16"
                ],
                "description": "Allow outbound traffic from redis",
                "from_port": 6379,
                "ipv6_cidr_blocks": [],
                "prefix_list_ids": [],
                "protocol": "tcp",
                "security_groups": [
                  "sg-043130a2acb04f3fc",
                  "sg-0646d1fb38e1a259f"
                ],
                "self": false,
                "to_port": 6379
              }
            ],
            "id": "sg-01cde53f8fb514885",
            "ingress": [
              {
                "cidr_blocks": [
                  "10.1.0.0/20",
                  "10.2.0.0/20",
                  "10.2.128.0/23",
                  "10.2.128.0/26",
                  "10.2.128.128/26",
                  "10.2.128.192/26",
                  "10.2.128.64/26",
                  "10.2.129.192/26",
                  "10.2.132.0/26",
                  "10.2.132.0/28",
                  "10.2.149.0/24",
                  "10.2.152.0/24",
                  "10.2.153.0/24",
                  "10.2.160.128/25",
                  "10.2.162.0/25",
                  "10.2.163.0/24",
                  "10.2.176.0/23",
                  "10.2.198.0/24",
                  "10.2.199.0/25",
                  "10.2.199.128/25",
                  "100.100.0.0/16",
                  "100.100.24.0/23",
                  "100.100.26.0/23",
                  "100.100.28.0/23",
                  "100.100.30.0/24",
                  "172.20.0.0/16",
                  "198.0.0.0/16"
                ],
                "description": "Allowing inbound traffic to redis",
                "from_port": 6379,
                "ipv6_cidr_blocks": [],
                "prefix_list_ids": [],
                "protocol": "tcp",
                "security_groups": [
                  "sg-043130a2acb04f3fc",
                  "sg-0646d1fb38e1a259f"
                ],
                "self": false,
                "to_port": 6379
              }
            ],
            "name": "us-dev1-orders-redis",
            "name_prefix": "",
            "owner_id": "607546651489",
            "revoke_rules_on_delete": false,
            "tags": {
              "Application": "K8DM",
              "ApplicationID": "APP0012189",
              "Budget Owner": "mcdonaldsordersawsmanagement.global@capgemini.com",
              "Budget_Owner": "mcdonaldsordersawsmanagement.global@capgemini.com",
              "Capability": "ORDERS",
              "Capability Abbreviation": "ORDR",
              "Capability Distribution List": "payc-ordc-prod.nar@capgemini.com",
              "Capability_Abbreviation": "ORDR",
              "Capability_Distribution_List": "payc-ordc-prod.nar@capgemini.com",
              "Cluster": "DEV",
              "DataClassification": "Restricted",
              "Deployed_At": "2022-03-25T18:35:06Z",
              "Env_desc": "AMAZON ELASTICACHE ORDERS",
              "Environment": "US-EAST-DEV-US-ORDR-DEV1-ORDERS",
              "Environment_Type": "DEV",
              "Environment_Version": "DEV01",
              "GBL": "195500855387",
              "IDEA_Tag_Revision_File": "AWS Tagging Improvements v7.pdf",
              "IDEA_Ticket": "IDEA-1239",
              "IT Owner": "mcdonaldsordersawsmanagement.global@capgemini.com",
              "IT_Owner": "mcdonaldsordersawsmanagement.global@capgemini.com",
              "ManagedBy": "Terraform",
              "Market": "US",
              "Name": "US-EAST-DEV-US-ORDR-DEV1-ORDERS-ELASTICACHE",
              "Owner": "mcdonaldsordersawsmanagement.global@capgemini.com",
              "Patch Group": "EXCLUDED",
              "Patch_Group": "EXCLUDED",
              "Purpose": "GENERALDIGITAL",
              "Release_Version": "2.1.39.27-a5cec8",
              "Team": "ORDERS",
              "Workload": "DEV",
              "cpm backup": "mcds_us_none_4_non_prod_607546651489",
              "cpm_backup": "mcds_us_none_4_non_prod_607546651489",
              "vpc_id": "vpc-0c1d18e7f896a1fff"
            },
            "tags_all": {
              "Application": "K8DM",
              "ApplicationID": "APP0012189",
              "Budget Owner": "mcdonaldsordersawsmanagement.global@capgemini.com",
              "Budget_Owner": "mcdonaldsordersawsmanagement.global@capgemini.com",
              "Capability": "ORDERS",
              "Capability Abbreviation": "ORDR",
              "Capability Distribution List": "payc-ordc-prod.nar@capgemini.com",
              "Capability_Abbreviation": "ORDR",
              "Capability_Distribution_List": "payc-ordc-prod.nar@capgemini.com",
              "Cluster": "DEV",
              "DataClassification": "Restricted",
              "Deployed_At": "2022-03-25T18:35:06Z",
              "Env_desc": "AMAZON ELASTICACHE ORDERS",
              "Environment": "US-EAST-DEV-US-ORDR-DEV1-ORDERS",
              "Environment_Type": "DEV",
              "Environment_Version": "DEV01",
              "GBL": "195500855387",
              "IDEA_Tag_Revision_File": "AWS Tagging Improvements v7.pdf",
              "IDEA_Ticket": "IDEA-1239",
              "IT Owner": "mcdonaldsordersawsmanagement.global@capgemini.com",
              "IT_Owner": "mcdonaldsordersawsmanagement.global@capgemini.com",
              "ManagedBy": "Terraform",
              "Market": "US",
              "Name": "US-EAST-DEV-US-ORDR-DEV1-ORDERS-ELASTICACHE",
              "Owner": "mcdonaldsordersawsmanagement.global@capgemini.com",
              "Patch Group": "EXCLUDED",
              "Patch_Group": "EXCLUDED",
              "Purpose": "GENERALDIGITAL",
              "Release_Version": "2.1.39.27-a5cec8",
              "Team": "ORDERS",
              "Workload": "DEV",
              "cpm backup": "mcds_us_none_4_non_prod_607546651489",
              "cpm_backup": "mcds_us_none_4_non_prod_607546651489",
              "vpc_id": "vpc-0c1d18e7f896a1fff"
            },
            "timeouts": {
              "create": null,
              "delete": null
            },
            "vpc_id": "vpc-0c1d18e7f896a1fff"
          },
          "sensitive_attributes": [],
          "private": "eyJlMmJmYjczMC1lY2FhLTExZTYtOGY4OC0zNDM2M2JjN2M0YzAiOnsiY3JlYXRlIjo2MDAwMDAwMDAwMDAsImRlbGV0ZSI6OTAwMDAwMDAwMDAwfSwic2NoZW1hX3ZlcnNpb24iOiIxIn0=",
          "dependencies": [
            "aws_elasticache_subnet_group.elasticache",
            "module.vpc_subnet_cidrs_blocks.data.aws_security_group.k8s_masters",
            "module.vpc_subnet_cidrs_blocks.data.aws_security_group.k8s_nodes",
            "module.vpc_subnet_cidrs_blocks.data.aws_subnet.all_private_by_filter",
            "module.vpc_subnet_cidrs_blocks.data.aws_subnet_ids.all_private_by_filter",
            "module.vpc_subnet_cidrs_blocks.data.aws_vpc.vpc_info"
          ]
        }
      ]
    },
    {
      "mode": "managed",
      "type": "aws_security_group",
      "name": "redis_mw",
      "provider": "provider[\"registry.terraform.io/hashicorp/aws\"]",
      "instances": [
        {
          "index_key": 0,
          "schema_version": 1,
          "attributes": {
            "arn": "arn:aws:ec2:us-east-1:607546651489:security-group/sg-0d9ba54f3eb7a4301",
            "description": "Allow inbound traffic to redis from jenkins slaves",
            "egress": [
              {
                "cidr_blocks": [
                  "10.1.0.0/20",
                  "10.2.0.0/20",
                  "10.2.128.0/23",
                  "10.2.128.0/26",
                  "10.2.128.128/26",
                  "10.2.128.192/26",
                  "10.2.128.64/26",
                  "10.2.129.192/26",
                  "10.2.132.0/26",
                  "10.2.132.0/28",
                  "10.2.149.0/24",
                  "10.2.152.0/24",
                  "10.2.153.0/24",
                  "10.2.160.128/25",
                  "10.2.162.0/25",
                  "10.2.163.0/24",
                  "10.2.176.0/23",
                  "10.2.198.0/24",
                  "10.2.199.0/25",
                  "10.2.199.128/25",
                  "100.100.0.0/16",
                  "100.100.24.0/23",
                  "100.100.26.0/23",
                  "100.100.28.0/23",
                  "100.100.30.0/24",
                  "172.20.0.0/16",
                  "198.0.0.0/16"
                ],
                "description": "Allow outbound traffic from redis",
                "from_port": 6379,
                "ipv6_cidr_blocks": [],
                "prefix_list_ids": [],
                "protocol": "tcp",
                "security_groups": [
                  "sg-043130a2acb04f3fc",
                  "sg-0646d1fb38e1a259f"
                ],
                "self": false,
                "to_port": 6379
              }
            ],
            "id": "sg-0d9ba54f3eb7a4301",
            "ingress": [
              {
                "cidr_blocks": [
                  "10.1.0.0/20",
                  "10.2.0.0/20",
                  "10.2.128.0/23",
                  "10.2.128.0/26",
                  "10.2.128.128/26",
                  "10.2.128.192/26",
                  "10.2.128.64/26",
                  "10.2.129.192/26",
                  "10.2.132.0/26",
                  "10.2.132.0/28",
                  "10.2.149.0/24",
                  "10.2.152.0/24",
                  "10.2.153.0/24",
                  "10.2.160.128/25",
                  "10.2.162.0/25",
                  "10.2.163.0/24",
                  "10.2.176.0/23",
                  "10.2.198.0/24",
                  "10.2.199.0/25",
                  "10.2.199.128/25",
                  "100.100.0.0/16",
                  "100.100.24.0/23",
                  "100.100.26.0/23",
                  "100.100.28.0/23",
                  "100.100.30.0/24",
                  "172.20.0.0/16",
                  "198.0.0.0/16"
                ],
                "description": "Allowing inbound traffic to dedicated middleware redis",
                "from_port": 6379,
                "ipv6_cidr_blocks": [],
                "prefix_list_ids": [],
                "protocol": "tcp",
                "security_groups": [
                  "sg-043130a2acb04f3fc",
                  "sg-0646d1fb38e1a259f"
                ],
                "self": false,
                "to_port": 6379
              }
            ],
            "name": "mw-orders-dev",
            "name_prefix": "",
            "owner_id": "607546651489",
            "revoke_rules_on_delete": false,
            "tags": {
              "Application": "K8DM",
              "ApplicationID": "APP0012189",
              "Budget Owner": "mcdonaldsordersawsmanagement.global@capgemini.com",
              "Budget_Owner": "mcdonaldsordersawsmanagement.global@capgemini.com",
              "Capability": "ORDERS",
              "Capability Abbreviation": "ORDR",
              "Capability Distribution List": "payc-ordc-prod.nar@capgemini.com",
              "Capability_Abbreviation": "ORDR",
              "Capability_Distribution_List": "payc-ordc-prod.nar@capgemini.com",
              "Cluster": "DEV",
              "DataClassification": "Restricted",
              "Deployed_At": "2022-03-25T18:35:06Z",
              "Env_desc": "AMAZON ELASTICACHE ORDERS MW",
              "Environment": "US-EAST-DEV-US-ORDR-DEV1-ORDERS",
              "Environment_Type": "DEV",
              "Environment_Version": "DEV01",
              "GBL": "195500855387",
              "IDEA_Tag_Revision_File": "AWS Tagging Improvements v7.pdf",
              "IDEA_Ticket": "IDEA-1239",
              "IT Owner": "mcdonaldsordersawsmanagement.global@capgemini.com",
              "IT_Owner": "mcdonaldsordersawsmanagement.global@capgemini.com",
              "ManagedBy": "Terraform",
              "Market": "US",
              "Name": "US-EAST-DEV-US-ORDR-DEV1-ORDERS-ELASTICACHE",
              "Owner": "mcdonaldsordersawsmanagement.global@capgemini.com",
              "Patch Group": "EXCLUDED",
              "Patch_Group": "EXCLUDED",
              "Purpose": "GENERALDIGITAL",
              "Release_Version": "2.1.39.27-a5cec8",
              "Team": "ORDERS",
              "Workload": "DEV",
              "cpm backup": "mcds_us_none_4_non_prod_607546651489",
              "cpm_backup": "mcds_us_none_4_non_prod_607546651489",
              "vpc_id": "vpc-0c1d18e7f896a1fff"
            },
            "tags_all": {
              "Application": "K8DM",
              "ApplicationID": "APP0012189",
              "Budget Owner": "mcdonaldsordersawsmanagement.global@capgemini.com",
              "Budget_Owner": "mcdonaldsordersawsmanagement.global@capgemini.com",
              "Capability": "ORDERS",
              "Capability Abbreviation": "ORDR",
              "Capability Distribution List": "payc-ordc-prod.nar@capgemini.com",
              "Capability_Abbreviation": "ORDR",
              "Capability_Distribution_List": "payc-ordc-prod.nar@capgemini.com",
              "Cluster": "DEV",
              "DataClassification": "Restricted",
              "Deployed_At": "2022-03-25T18:35:06Z",
              "Env_desc": "AMAZON ELASTICACHE ORDERS MW",
              "Environment": "US-EAST-DEV-US-ORDR-DEV1-ORDERS",
              "Environment_Type": "DEV",
              "Environment_Version": "DEV01",
              "GBL": "195500855387",
              "IDEA_Tag_Revision_File": "AWS Tagging Improvements v7.pdf",
              "IDEA_Ticket": "IDEA-1239",
              "IT Owner": "mcdonaldsordersawsmanagement.global@capgemini.com",
              "IT_Owner": "mcdonaldsordersawsmanagement.global@capgemini.com",
              "ManagedBy": "Terraform",
              "Market": "US",
              "Name": "US-EAST-DEV-US-ORDR-DEV1-ORDERS-ELASTICACHE",
              "Owner": "mcdonaldsordersawsmanagement.global@capgemini.com",
              "Patch Group": "EXCLUDED",
              "Patch_Group": "EXCLUDED",
              "Purpose": "GENERALDIGITAL",
              "Release_Version": "2.1.39.27-a5cec8",
              "Team": "ORDERS",
              "Workload": "DEV",
              "cpm backup": "mcds_us_none_4_non_prod_607546651489",
              "cpm_backup": "mcds_us_none_4_non_prod_607546651489",
              "vpc_id": "vpc-0c1d18e7f896a1fff"
            },
            "timeouts": {
              "create": null,
              "delete": null
            },
            "vpc_id": "vpc-0c1d18e7f896a1fff"
          },
          "sensitive_attributes": [],
          "private": "eyJlMmJmYjczMC1lY2FhLTExZTYtOGY4OC0zNDM2M2JjN2M0YzAiOnsiY3JlYXRlIjo2MDAwMDAwMDAwMDAsImRlbGV0ZSI6OTAwMDAwMDAwMDAwfSwic2NoZW1hX3ZlcnNpb24iOiIxIn0=",
          "dependencies": [
            "aws_elasticache_subnet_group.redis_mw",
            "module.vpc_subnet_cidrs_blocks.data.aws_security_group.k8s_masters",
            "module.vpc_subnet_cidrs_blocks.data.aws_security_group.k8s_nodes",
            "module.vpc_subnet_cidrs_blocks.data.aws_subnet.all_private_by_filter",
            "module.vpc_subnet_cidrs_blocks.data.aws_subnet_ids.all_private_by_filter",
            "module.vpc_subnet_cidrs_blocks.data.aws_vpc.vpc_info"
          ]
        }
      ]
    },
    {
      "module": "module.elasticache_mw_tagging.module.resource_tagging",
      "mode": "managed",
      "type": "local_file",
      "name": "tag_file",
      "provider": "provider[\"registry.terraform.io/hashicorp/local\"]",
      "instances": [
        {
          "schema_version": 0,
          "attributes": {
            "content": "{\"Application\":\"K8DM\",\"ApplicationID\":\"APP0012189\",\"Budget Owner\":\"mcdonaldsordersawsmanagement.global@capgemini.com\",\"Budget_Owner\":\"mcdonaldsordersawsmanagement.global@capgemini.com\",\"Capability\":\"ORDERS\",\"Capability Abbreviation\":\"ORDR\",\"Capability Distribution List\":\"payc-ordc-prod.nar@capgemini.com\",\"Capability_Abbreviation\":\"ORDR\",\"Capability_Distribution_List\":\"payc-ordc-prod.nar@capgemini.com\",\"Cluster\":\"DEV\",\"DataClassification\":\"Restricted\",\"Deployed_At\":\"2022-03-25T18:35:06Z\",\"Env_desc\":\"AMAZON ELASTICACHE ORDERS MW\",\"Environment\":\"US-EAST-DEV-US-ORDR-DEV1-ORDERS\",\"Environment_Type\":\"DEV\",\"Environment_Version\":\"DEV01\",\"GBL\":\"195500855387\",\"IDEA_Tag_Revision_File\":\"AWS Tagging Improvements v7.pdf\",\"IDEA_Ticket\":\"IDEA-1239\",\"IT Owner\":\"mcdonaldsordersawsmanagement.global@capgemini.com\",\"IT_Owner\":\"mcdonaldsordersawsmanagement.global@capgemini.com\",\"ManagedBy\":\"Terraform\",\"Market\":\"US\",\"Name\":\"US-EAST-DEV-US-ORDR-DEV1-ORDERS-ELASTICACHE\",\"Owner\":\"mcdonaldsordersawsmanagement.global@capgemini.com\",\"Patch Group\":\"EXCLUDED\",\"Patch_Group\":\"EXCLUDED\",\"Purpose\":\"GENERALDIGITAL\",\"Release_Version\":\"2.1.39.27-a5cec8\",\"Team\":\"ORDERS\",\"Workload\":\"DEV\",\"cpm backup\":\"mcds_us_none_4_non_prod_607546651489\",\"cpm_backup\":\"mcds_us_none_4_non_prod_607546651489\",\"vpc_id\":\"vpc-0c1d18e7f896a1fff\"}",
            "content_base64": null,
            "directory_permission": "0777",
            "file_permission": "0777",
            "filename": "/tmp/tag_file_a77a07e2-8a69-a61d-4998-1a87af650c31.txt",
            "id": "964c0843ab7ee9fab91bd9d2a91f580baf34c73f",
            "sensitive_content": null,
            "source": null
          },
          "sensitive_attributes": [],
          "private": "bnVsbA=="
        }
      ]
    },
    {
      "module": "module.elasticache_mw_tagging.module.resource_tagging",
      "mode": "managed",
      "type": "null_resource",
      "name": "check_tags_against_tagging_standards",
      "provider": "provider[\"registry.terraform.io/hashicorp/null\"]",
      "instances": [
        {
          "schema_version": 0,
          "attributes": {
            "id": "343356195067322201",
            "triggers": {
              "always_run": "2022-03-25T18:35:07Z",
              "dependence_id": "964c0843ab7ee9fab91bd9d2a91f580baf34c73f"
            }
          },
          "sensitive_attributes": [],
          "private": "bnVsbA==",
          "dependencies": [
            "module.elasticache_mw_tagging.module.resource_tagging.local_file.tag_file"
          ]
        }
      ]
    },
    {
      "module": "module.elasticache_tagging.module.resource_tagging",
      "mode": "managed",
      "type": "local_file",
      "name": "tag_file",
      "provider": "provider[\"registry.terraform.io/hashicorp/local\"]",
      "instances": [
        {
          "schema_version": 0,
          "attributes": {
            "content": "{\"Application\":\"K8DM\",\"ApplicationID\":\"APP0012189\",\"Budget Owner\":\"mcdonaldsordersawsmanagement.global@capgemini.com\",\"Budget_Owner\":\"mcdonaldsordersawsmanagement.global@capgemini.com\",\"Capability\":\"ORDERS\",\"Capability Abbreviation\":\"ORDR\",\"Capability Distribution List\":\"payc-ordc-prod.nar@capgemini.com\",\"Capability_Abbreviation\":\"ORDR\",\"Capability_Distribution_List\":\"payc-ordc-prod.nar@capgemini.com\",\"Cluster\":\"DEV\",\"DataClassification\":\"Restricted\",\"Deployed_At\":\"2022-03-25T18:35:06Z\",\"Env_desc\":\"AMAZON ELASTICACHE ORDERS\",\"Environment\":\"US-EAST-DEV-US-ORDR-DEV1-ORDERS\",\"Environment_Type\":\"DEV\",\"Environment_Version\":\"DEV01\",\"GBL\":\"195500855387\",\"IDEA_Tag_Revision_File\":\"AWS Tagging Improvements v7.pdf\",\"IDEA_Ticket\":\"IDEA-1239\",\"IT Owner\":\"mcdonaldsordersawsmanagement.global@capgemini.com\",\"IT_Owner\":\"mcdonaldsordersawsmanagement.global@capgemini.com\",\"ManagedBy\":\"Terraform\",\"Market\":\"US\",\"Name\":\"US-EAST-DEV-US-ORDR-DEV1-ORDERS-ELASTICACHE\",\"Owner\":\"mcdonaldsordersawsmanagement.global@capgemini.com\",\"Patch Group\":\"EXCLUDED\",\"Patch_Group\":\"EXCLUDED\",\"Purpose\":\"GENERALDIGITAL\",\"Release_Version\":\"2.1.39.27-a5cec8\",\"Team\":\"ORDERS\",\"Workload\":\"DEV\",\"cpm backup\":\"mcds_us_none_4_non_prod_607546651489\",\"cpm_backup\":\"mcds_us_none_4_non_prod_607546651489\",\"vpc_id\":\"vpc-0c1d18e7f896a1fff\"}",
            "content_base64": null,
            "directory_permission": "0777",
            "file_permission": "0777",
            "filename": "/tmp/tag_file_b2ea2def-190c-0749-e35d-daf570a30af8.txt",
            "id": "a0e69b128e5df9ccc051aaba4ec3bdd16a218ed7",
            "sensitive_content": null,
            "source": null
          },
          "sensitive_attributes": [],
          "private": "bnVsbA=="
        }
      ]
    },
    {
      "module": "module.elasticache_tagging.module.resource_tagging",
      "mode": "managed",
      "type": "null_resource",
      "name": "check_tags_against_tagging_standards",
      "provider": "provider[\"registry.terraform.io/hashicorp/null\"]",
      "instances": [
        {
          "schema_version": 0,
          "attributes": {
            "id": "1993984563742893060",
            "triggers": {
              "always_run": "2022-03-25T18:35:07Z",
              "dependence_id": "a0e69b128e5df9ccc051aaba4ec3bdd16a218ed7"
            }
          },
          "sensitive_attributes": [],
          "private": "bnVsbA==",
          "dependencies": [
            "module.elasticache_tagging.module.resource_tagging.local_file.tag_file"
          ]
        }
      ]
    },
    {
      "module": "module.kafka_producer_tag.module.resource_tagging",
      "mode": "managed",
      "type": "local_file",
      "name": "tag_file",
      "provider": "provider[\"registry.terraform.io/hashicorp/local\"]",
      "instances": [
        {
          "schema_version": 0,
          "attributes": {
            "content": "{\"Application\":\"K8DM\",\"ApplicationID\":\"APP0012189\",\"Budget Owner\":\"mcdonaldsordersawsmanagement.global@capgemini.com\",\"Budget_Owner\":\"mcdonaldsordersawsmanagement.global@capgemini.com\",\"Capability\":\"ORDERS\",\"Capability Abbreviation\":\"ORDR\",\"Capability Distribution List\":\"payc-ordc-prod.nar@capgemini.com\",\"Capability_Abbreviation\":\"ORDR\",\"Capability_Distribution_List\":\"payc-ordc-prod.nar@capgemini.com\",\"Cluster\":\"DEV\",\"DataClassification\":\"Restricted\",\"Deployed_At\":\"2022-03-25T18:35:06Z\",\"Env_desc\":\"KAFKA PRODUCER\",\"Environment\":\"US-EAST-DEV-US-ORDR-DEV1-ORDERS\",\"Environment_Type\":\"DEV\",\"Environment_Version\":\"DEV01\",\"GBL\":\"195500855387\",\"IDEA_Tag_Revision_File\":\"AWS Tagging Improvements v7.pdf\",\"IDEA_Ticket\":\"IDEA-1239\",\"IT Owner\":\"mcdonaldsordersawsmanagement.global@capgemini.com\",\"IT_Owner\":\"mcdonaldsordersawsmanagement.global@capgemini.com\",\"ManagedBy\":\"Terraform\",\"Market\":\"US\",\"Name\":\"US-EAST-DEV-US-ORDR-DEV1-ORDERS-KAFKA PRODUCER\",\"Owner\":\"mcdonaldsordersawsmanagement.global@capgemini.com\",\"Patch Group\":\"EXCLUDED\",\"Patch_Group\":\"EXCLUDED\",\"Purpose\":\"GENERALDIGITAL\",\"Release_Version\":\"2.1.39.27-a5cec8\",\"Team\":\"ORDERS\",\"Workload\":\"DEV\",\"cpm backup\":\"mcds_us_none_4_non_prod_607546651489\",\"cpm_backup\":\"mcds_us_none_4_non_prod_607546651489\",\"vpc_id\":\"vpc-0c1d18e7f896a1fff\"}",
            "content_base64": null,
            "directory_permission": "0777",
            "file_permission": "0777",
            "filename": "/tmp/tag_file_47299850-b852-dee3-c027-abc3650bae83.txt",
            "id": "df3b68276e9a9aa89c746e1f7a3a58fa40b52eb8",
            "sensitive_content": null,
            "source": null
          },
          "sensitive_attributes": [],
          "private": "bnVsbA=="
        }
      ]
    },
    {
      "module": "module.kafka_producer_tag.module.resource_tagging",
      "mode": "managed",
      "type": "null_resource",
      "name": "check_tags_against_tagging_standards",
      "provider": "provider[\"registry.terraform.io/hashicorp/null\"]",
      "instances": [
        {
          "schema_version": 0,
          "attributes": {
            "id": "7885291326474343077",
            "triggers": {
              "always_run": "2022-03-25T18:35:07Z",
              "dependence_id": "df3b68276e9a9aa89c746e1f7a3a58fa40b52eb8"
            }
          },
          "sensitive_attributes": [],
          "private": "bnVsbA==",
          "dependencies": [
            "module.kafka_producer_tag.module.resource_tagging.local_file.tag_file"
          ]
        }
      ]
    },
    {
      "module": "module.kafka_schemas",
      "mode": "data",
      "type": "template_file",
      "name": "kafka_schema_script_template",
      "provider": "provider[\"registry.terraform.io/hashicorp/template\"]",
      "instances": [
        {
          "schema_version": 0,
          "attributes": {
            "filename": null,
            "id": "90fc62d649361f114f5fbbe51f25ca43b5ca1b72257426ba368fcef33dba3f7b",
            "rendered": "#!/usr/bin/env bash\n\nif [[ \"false\" == \"true\" || \"false\" == \"1\" ]]; \nthen\n  set -x\nelse\n  set +x\nfi\n\nif [[ -z \"/home/jenkins/workspace/PushButtonDeployProvisioned/Deployment/US/Non-Prod/otr-dotnetcore-container-orderms-deploy/terraform_infrastructure/\" \u0026\u0026 -z \"/home/jenkins/workspace/PushButtonDeployProvisioned/Deployment/US/Non-Prod/otr-dotnetcore-container-orderms-deploy/terraform_infrastructure/kafka_templates/schema_registry\" ]];\nthen\n  echo \"Please provide a schema or schema registry path to proceed.\"\n  exit 1\nelse\n  if [[ -n \"/home/jenkins/workspace/PushButtonDeployProvisioned/Deployment/US/Non-Prod/otr-dotnetcore-container-orderms-deploy/terraform_infrastructure/kafka_templates/schema_registry\" ]];\n  then\n    SCHEMAS=$(find \"/home/jenkins/workspace/PushButtonDeployProvisioned/Deployment/US/Non-Prod/otr-dotnetcore-container-orderms-deploy/terraform_infrastructure/kafka_templates/schema_registry\" -type f -name \"*.json\")\n  else\n    SCHEMAS=$(echo \"/home/jenkins/workspace/PushButtonDeployProvisioned/Deployment/US/Non-Prod/otr-dotnetcore-container-orderms-deploy/terraform_infrastructure/\")\n  fi\nfi\n\nfor schema in ${SCHEMAS};\ndo\n  TEMP_FILE=$(mktemp)\n  SCHEMA=$(cat \"${schema}\")\n  SCHEMA_FILENAME=$(basename \"${schema}\")\n  SCHEMA_REGISTRY=\"internal-mcd-dev-schema-registry-task-1075959047.us-east-1.elb.amazonaws.com\"\n  SCHEMA_NAME=\"na-us-dev01-orders-${SCHEMA_FILENAME%.*}\"\n\n  echo \"TEMP_FILE: ${TEMP_FILE}\"\n  echo \"SCHEMA: ${SCHEMA}\"\n  echo \"SCHEMA_FILENAME: ${SCHEMA_FILENAME}\"\n  echo \"SCHEMA_NAME: ${SCHEMA_NAME}\"\n\n  echo '{\"schema\":\"\",\"schemaType\":\"JSON\"}' | jq --arg schema \"${SCHEMA}\" '.schema = $schema' \u003e \"${TEMP_FILE}\"\n  echo \"TMP_FILE_SCHEMA: ${TEMP_FILE} \\n\\n $(cat ${TEMP_FILE})\"\n\n  if [[ \"false\" == \"true\" || \"false\" == \"1\" ]];\n  then\n    echo \"DRY-RUN: curl --request POST -H \\\"Content-Type: application/vnd.schemaregistry.v1+json\\\"\\\n      --data @\\\"${TEMP_FILE}\\\" \\\"internal-mcd-dev-schema-registry-task-1075959047.us-east-1.elb.amazonaws.com/subjects/${SCHEMA_NAME}-value/versions\\\"\"\n  else\n    curl --request POST -H \"Content-Type: application/vnd.schemaregistry.v1+json\"\\\n      --data @\"${TEMP_FILE}\" \"internal-mcd-dev-schema-registry-task-1075959047.us-east-1.elb.amazonaws.com/subjects/${SCHEMA_NAME}-value/versions\"\n    rm \"${TEMP_FILE}\"\n  fi\ndone\n",
            "template": "#!/usr/bin/env bash\n\nif [[ \"${DEBUG}\" == \"true\" || \"${DEBUG}\" == \"1\" ]]; \nthen\n  set -x\nelse\n  set +x\nfi\n\nif [[ -z \"${KAFKA_SCHEMA}\" \u0026\u0026 -z \"${KAFKA_SCHEMA_REGISTRY_PATH}\" ]];\nthen\n  echo \"Please provide a schema or schema registry path to proceed.\"\n  exit 1\nelse\n  if [[ -n \"${KAFKA_SCHEMA_REGISTRY_PATH}\" ]];\n  then\n    SCHEMAS=$(find \"${KAFKA_SCHEMA_REGISTRY_PATH}\" -type f -name \"*.json\")\n  else\n    SCHEMAS=$(echo \"${KAFKA_SCHEMA}\")\n  fi\nfi\n\nfor schema in $${SCHEMAS};\ndo\n  TEMP_FILE=$(mktemp)\n  SCHEMA=$(cat \"$${schema}\")\n  SCHEMA_FILENAME=$(basename \"$${schema}\")\n  SCHEMA_REGISTRY=\"${KAFKA_SCHEMA_REGISTRY}\"\n  SCHEMA_NAME=\"${REGION}-${MARKET}-${ENVIRONMENT}-${CAPABILITY}-$${SCHEMA_FILENAME%.*}\"\n\n  echo \"TEMP_FILE: $${TEMP_FILE}\"\n  echo \"SCHEMA: $${SCHEMA}\"\n  echo \"SCHEMA_FILENAME: $${SCHEMA_FILENAME}\"\n  echo \"SCHEMA_NAME: $${SCHEMA_NAME}\"\n\n  echo '{\"schema\":\"\",\"schemaType\":\"JSON\"}' | jq --arg schema \"$${SCHEMA}\" '.schema = $schema' \u003e \"$${TEMP_FILE}\"\n  echo \"TMP_FILE_SCHEMA: $${TEMP_FILE} \\n\\n $(cat $${TEMP_FILE})\"\n\n  if [[ \"${DRY_RUN}\" == \"true\" || \"${DRY_RUN}\" == \"1\" ]];\n  then\n    echo \"DRY-RUN: curl --request POST -H \\\"Content-Type: application/vnd.schemaregistry.v1+json\\\"\\\n      --data @\\\"$${TEMP_FILE}\\\" \\\"${KAFKA_SCHEMA_REGISTRY}/subjects/$${SCHEMA_NAME}-value/versions\\\"\"\n  else\n    curl --request POST -H \"Content-Type: application/vnd.schemaregistry.v1+json\"\\\n      --data @\"$${TEMP_FILE}\" \"${KAFKA_SCHEMA_REGISTRY}/subjects/$${SCHEMA_NAME}-value/versions\"\n    rm \"$${TEMP_FILE}\"\n  fi\ndone\n",
            "vars": {
              "CAPABILITY": "orders",
              "DEBUG": "false",
              "DRY_RUN": "false",
              "ENVIRONMENT": "dev01",
              "KAFKA_SCHEMA": "/home/jenkins/workspace/PushButtonDeployProvisioned/Deployment/US/Non-Prod/otr-dotnetcore-container-orderms-deploy/terraform_infrastructure/",
              "KAFKA_SCHEMA_REGISTRY": "internal-mcd-dev-schema-registry-task-1075959047.us-east-1.elb.amazonaws.com",
              "KAFKA_SCHEMA_REGISTRY_PATH": "/home/jenkins/workspace/PushButtonDeployProvisioned/Deployment/US/Non-Prod/otr-dotnetcore-container-orderms-deploy/terraform_infrastructure/kafka_templates/schema_registry",
              "MARKET": "us",
              "REGION": "na"
            }
          },
          "sensitive_attributes": []
        }
      ]
    },
    {
      "module": "module.kafka_schemas",
      "mode": "managed",
      "type": "local_file",
      "name": "kafka_template_write",
      "provider": "provider[\"registry.terraform.io/hashicorp/local\"]",
      "instances": [
        {
          "schema_version": 0,
          "attributes": {
            "content": "#!/usr/bin/env bash\n\nif [[ \"false\" == \"true\" || \"false\" == \"1\" ]]; \nthen\n  set -x\nelse\n  set +x\nfi\n\nif [[ -z \"/home/jenkins/workspace/PushButtonDeployProvisioned/Deployment/US/Non-Prod/otr-dotnetcore-container-orderms-deploy/terraform_infrastructure/\" \u0026\u0026 -z \"/home/jenkins/workspace/PushButtonDeployProvisioned/Deployment/US/Non-Prod/otr-dotnetcore-container-orderms-deploy/terraform_infrastructure/kafka_templates/schema_registry\" ]];\nthen\n  echo \"Please provide a schema or schema registry path to proceed.\"\n  exit 1\nelse\n  if [[ -n \"/home/jenkins/workspace/PushButtonDeployProvisioned/Deployment/US/Non-Prod/otr-dotnetcore-container-orderms-deploy/terraform_infrastructure/kafka_templates/schema_registry\" ]];\n  then\n    SCHEMAS=$(find \"/home/jenkins/workspace/PushButtonDeployProvisioned/Deployment/US/Non-Prod/otr-dotnetcore-container-orderms-deploy/terraform_infrastructure/kafka_templates/schema_registry\" -type f -name \"*.json\")\n  else\n    SCHEMAS=$(echo \"/home/jenkins/workspace/PushButtonDeployProvisioned/Deployment/US/Non-Prod/otr-dotnetcore-container-orderms-deploy/terraform_infrastructure/\")\n  fi\nfi\n\nfor schema in ${SCHEMAS};\ndo\n  TEMP_FILE=$(mktemp)\n  SCHEMA=$(cat \"${schema}\")\n  SCHEMA_FILENAME=$(basename \"${schema}\")\n  SCHEMA_REGISTRY=\"internal-mcd-dev-schema-registry-task-1075959047.us-east-1.elb.amazonaws.com\"\n  SCHEMA_NAME=\"na-us-dev01-orders-${SCHEMA_FILENAME%.*}\"\n\n  echo \"TEMP_FILE: ${TEMP_FILE}\"\n  echo \"SCHEMA: ${SCHEMA}\"\n  echo \"SCHEMA_FILENAME: ${SCHEMA_FILENAME}\"\n  echo \"SCHEMA_NAME: ${SCHEMA_NAME}\"\n\n  echo '{\"schema\":\"\",\"schemaType\":\"JSON\"}' | jq --arg schema \"${SCHEMA}\" '.schema = $schema' \u003e \"${TEMP_FILE}\"\n  echo \"TMP_FILE_SCHEMA: ${TEMP_FILE} \\n\\n $(cat ${TEMP_FILE})\"\n\n  if [[ \"false\" == \"true\" || \"false\" == \"1\" ]];\n  then\n    echo \"DRY-RUN: curl --request POST -H \\\"Content-Type: application/vnd.schemaregistry.v1+json\\\"\\\n      --data @\\\"${TEMP_FILE}\\\" \\\"internal-mcd-dev-schema-registry-task-1075959047.us-east-1.elb.amazonaws.com/subjects/${SCHEMA_NAME}-value/versions\\\"\"\n  else\n    curl --request POST -H \"Content-Type: application/vnd.schemaregistry.v1+json\"\\\n      --data @\"${TEMP_FILE}\" \"internal-mcd-dev-schema-registry-task-1075959047.us-east-1.elb.amazonaws.com/subjects/${SCHEMA_NAME}-value/versions\"\n    rm \"${TEMP_FILE}\"\n  fi\ndone\n",
            "content_base64": null,
            "directory_permission": "0777",
            "file_permission": "0777",
            "filename": "/home/jenkins/workspace/PushButtonDeployProvisioned/Deployment/US/Non-Prod/otr-dotnetcore-container-orderms-deploy/terraform_infrastructure/.cache/schema_registry.sh",
            "id": "8eebc619f3cb7242118b665bc4cb3a686bf54feb",
            "sensitive_content": null,
            "source": null
          },
          "sensitive_attributes": [],
          "private": "bnVsbA==",
          "dependencies": [
            "module.kafka_schemas.data.template_file.kafka_schema_script_template"
          ]
        }
      ]
    },
    {
      "module": "module.kafka_schemas",
      "mode": "managed",
      "type": "null_resource",
      "name": "kafka_schema",
      "provider": "provider[\"registry.terraform.io/hashicorp/null\"]",
      "instances": [
        {
          "schema_version": 0,
          "attributes": {
            "id": "3063507730465935638",
            "triggers": {
              "values": "a2c935dd-5f2e-4126-feda-ad2d47183bc3"
            }
          },
          "sensitive_attributes": [],
          "private": "bnVsbA==",
          "dependencies": [
            "module.kafka_schemas.data.template_file.kafka_schema_script_template",
            "module.kafka_schemas.local_file.kafka_template_write"
          ]
        }
      ]
    },
    {
      "module": "module.kafka_topic_creator",
      "mode": "managed",
      "type": "kafka_acl",
      "name": "kafka_topic_acl",
      "provider": "module.kafka_topic_creator.provider[\"registry.terraform.io/mongey/kafka\"]",
      "instances": [
        {
          "index_key": "delivery-events",
          "schema_version": 1,
          "attributes": {
            "acl_host": "*",
            "acl_operation": "All",
            "acl_permission_type": "Allow",
            "acl_principal": "User:*",
            "id": "User:*|*|All|Allow|Topic|na-us-dev01-orders-delivery-events|Literal",
            "resource_name": "na-us-dev01-orders-delivery-events",
            "resource_pattern_type_filter": "Literal",
            "resource_type": "Topic"
          },
          "sensitive_attributes": [],
          "private": "eyJzY2hlbWFfdmVyc2lvbiI6IjEifQ==",
          "create_before_destroy": true
        }
      ]
    },
    {
      "module": "module.kafka_topic_creator",
      "mode": "managed",
      "type": "kafka_topic",
      "name": "kafka_topic",
      "provider": "module.kafka_topic_creator.provider[\"registry.terraform.io/mongey/kafka\"]",
      "instances": [
        {
          "index_key": "delivery-events",
          "schema_version": 0,
          "attributes": {
            "config": {},
            "id": "na-us-dev01-orders-delivery-events",
            "name": "na-us-dev01-orders-delivery-events",
            "partitions": 3,
            "replication_factor": 3
          },
          "sensitive_attributes": [],
          "private": "bnVsbA==",
          "create_before_destroy": true
        }
      ]
    },
    {
      "module": "module.kafka_topic_creator",
      "mode": "managed",
      "type": "kafka_topic",
      "name": "kafka_topic_dlq",
      "provider": "module.kafka_topic_creator.provider[\"registry.terraform.io/mongey/kafka\"]",
      "instances": [
        {
          "index_key": "delivery-events",
          "schema_version": 0,
          "attributes": {
            "config": {},
            "id": "na-us-dev01-orders-delivery-events-dlq",
            "name": "na-us-dev01-orders-delivery-events-dlq",
            "partitions": 3,
            "replication_factor": 3
          },
          "sensitive_attributes": [],
          "private": "bnVsbA==",
          "create_before_destroy": true
        }
      ]
    },
    {
      "module": "module.kafka_topic_creator",
      "mode": "managed",
      "type": "kafka_topic",
      "name": "kafka_topic_producer_dlq",
      "provider": "module.kafka_topic_creator.provider[\"registry.terraform.io/mongey/kafka\"]",
      "instances": [
        {
          "index_key": "delivery-events",
          "schema_version": 0,
          "attributes": {
            "config": {},
            "id": "na-us-dev01-orders-delivery-events-producer-dlq",
            "name": "na-us-dev01-orders-delivery-events-producer-dlq",
            "partitions": 3,
            "replication_factor": 3
          },
          "sensitive_attributes": [],
          "private": "bnVsbA==",
          "create_before_destroy": true
        }
      ]
    },
    {
      "module": "module.kafka_topic_creator",
      "mode": "managed",
      "type": "kafka_topic",
      "name": "kafka_topic_retry",
      "provider": "module.kafka_topic_creator.provider[\"registry.terraform.io/mongey/kafka\"]",
      "instances": [
        {
          "index_key": "delivery-events",
          "schema_version": 0,
          "attributes": {
            "config": {},
            "id": "na-us-dev01-orders-delivery-events-retry",
            "name": "na-us-dev01-orders-delivery-events-retry",
            "partitions": 3,
            "replication_factor": 3
          },
          "sensitive_attributes": [],
          "private": "bnVsbA==",
          "create_before_destroy": true
        }
      ]
    },
    {
      "module": "module.resource_tagging",
      "mode": "managed",
      "type": "local_file",
      "name": "tag_file",
      "provider": "provider[\"registry.terraform.io/hashicorp/local\"]",
      "instances": [
        {
          "schema_version": 0,
          "attributes": {
            "content": "{\"Application\":\"K8DM\",\"ApplicationID\":\"APP0012189\",\"Budget Owner\":\"mcdonaldsordersawsmanagement.global@capgemini.com\",\"Budget_Owner\":\"mcdonaldsordersawsmanagement.global@capgemini.com\",\"Capability\":\"Orders\",\"Capability Abbreviation\":\"ORDR\",\"Capability_Distribution_List\":\"payc-ordc-prod.nar@capgemini.com\",\"Cluster\":\"DEV\",\"DataClassification\":\"Restricted\",\"Env_desc\":\"ORDERS ORDERMS ΜSERVICE APPLICATION\",\"Environment\":\"US-EAST-DEV-US-ORDR-DEV1-ORDERS\",\"Environment_Type\":\"DEV\",\"Environment_Version\":\"DEV1\",\"GBL\":\"195500855387\",\"IT Owner\":\"mcdonaldsordersawsmanagement.global@capgemini.com\",\"IT_Owner\":\"mcdonaldsordersawsmanagement.global@capgemini.com\",\"ManagedBy\":\"Terraform\",\"Market\":\"US\",\"Name\":\"US-EAST-DEV-US-ORDR-DEV1-ORDERS-ORDERMS\",\"Owner\":\"mcdonaldsordersawsmanagement.global@capgemini.com\",\"Patch Group\":\"EXCLUDED\",\"Purpose\":\"GENERALDIGITAL\",\"Team\":\"Orders\",\"Workload\":\"DEV\",\"cpm backup\":\"mcds_us_none_4_non_prod_607546651489\",\"vpc_id\":\"vpc-0c1d18e7f896a1fff\"}",
            "content_base64": null,
            "directory_permission": "0777",
            "file_permission": "0777",
            "filename": "/tmp/tag_file_d11db2c3-aa9f-17dd-ddd5-64e5cc1e6954.txt",
            "id": "d4920a2db66587076d26c5ec2e8bdb0dbdc50b3e",
            "sensitive_content": null,
            "source": null
          },
          "sensitive_attributes": [],
          "private": "bnVsbA=="
        }
      ]
    },
    {
      "module": "module.resource_tagging",
      "mode": "managed",
      "type": "null_resource",
      "name": "check_tags_against_tagging_standards",
      "provider": "provider[\"registry.terraform.io/hashicorp/null\"]",
      "instances": [
        {
          "schema_version": 0,
          "attributes": {
            "id": "4470795373310833738",
            "triggers": {
              "always_run": "2022-03-25T18:35:07Z",
              "dependence_id": "d4920a2db66587076d26c5ec2e8bdb0dbdc50b3e"
            }
          },
          "sensitive_attributes": [],
          "private": "bnVsbA==",
          "dependencies": [
            "module.resource_tagging.local_file.tag_file"
          ]
        }
      ]
    },
    {
      "module": "module.vpc_subnet_cidrs_blocks",
      "mode": "data",
      "type": "aws_security_group",
      "name": "k8s_masters",
      "provider": "provider[\"registry.terraform.io/hashicorp/aws\"]",
      "instances": [
        {
          "schema_version": 0,
          "attributes": {
            "arn": "arn:aws:ec2:us-east-1:607546651489:security-group/sg-0646d1fb38e1a259f",
            "description": "Security group for masters",
            "filter": null,
            "id": "sg-0646d1fb38e1a259f",
            "name": "masters.dev.vet-dev.digitalecp.mcd.com",
            "tags": {
              "ApplicationID": "APP0012189",
              "Environment": "US-EAST-DEV-US-FAV-DEV-AMAZONSG",
              "GBL": "195500855387",
              "KubernetesCluster": "dev.vet-dev.digitalecp.mcd.com",
              "Name": "masters.dev.vet-dev.digitalecp.mcd.com",
              "Owner": "global-hosting@us.mcd.com",
              "kubernetes.io/cluster/dev.vet-dev.digitalecp.mcd.com": "owned"
            },
            "vpc_id": "vpc-0c1d18e7f896a1fff"
          },
          "sensitive_attributes": []
        }
      ]
    },
    {
      "module": "module.vpc_subnet_cidrs_blocks",
      "mode": "data",
      "type": "aws_security_group",
      "name": "k8s_nodes",
      "provider": "provider[\"registry.terraform.io/hashicorp/aws\"]",
      "instances": [
        {
          "schema_version": 0,
          "attributes": {
            "arn": "arn:aws:ec2:us-east-1:607546651489:security-group/sg-043130a2acb04f3fc",
            "description": "Security group for nodes",
            "filter": null,
            "id": "sg-043130a2acb04f3fc",
            "name": "nodes.dev.vet-dev.digitalecp.mcd.com",
            "tags": {
              "ApplicationID": "APP0012189",
              "Environment": "US-EAST-DEV-US-FAV-DEV-AMAZONSG",
              "GBL": "195500855387",
              "KubernetesCluster": "dev.vet-dev.digitalecp.mcd.com",
              "Name": "nodes.dev.vet-dev.digitalecp.mcd.com",
              "Owner": "global-hosting@us.mcd.com",
              "kubernetes.io/cluster/dev.vet-dev.digitalecp.mcd.com": "owned"
            },
            "vpc_id": "vpc-0c1d18e7f896a1fff"
          },
          "sensitive_attributes": []
        }
      ]
    },
    {
      "module": "module.vpc_subnet_cidrs_blocks",
      "mode": "data",
      "type": "aws_subnet",
      "name": "all",
      "provider": "provider[\"registry.terraform.io/hashicorp/aws\"]",
      "instances": [
        {
          "index_key": "subnet-00ec3c426f3dc09fe",
          "schema_version": 0,
          "attributes": {
            "arn": "arn:aws:ec2:us-east-1:607546651489:subnet/subnet-00ec3c426f3dc09fe",
            "assign_ipv6_address_on_creation": false,
            "availability_zone": "us-east-1c",
            "availability_zone_id": "use1-az6",
            "available_ip_address_count": 20,
            "cidr_block": "10.2.128.128/26",
            "customer_owned_ipv4_pool": "",
            "default_for_az": false,
            "enable_dns64": false,
            "enable_resource_name_dns_a_record_on_launch": false,
            "enable_resource_name_dns_aaaa_record_on_launch": false,
            "filter": null,
            "id": "subnet-00ec3c426f3dc09fe",
            "ipv6_cidr_block": "",
            "ipv6_cidr_block_association_id": "",
            "ipv6_native": false,
            "map_customer_owned_ip_on_launch": false,
            "map_public_ip_on_launch": false,
            "outpost_arn": "",
            "owner_id": "607546651489",
            "private_dns_hostname_type_on_launch": "ip-name",
            "state": "available",
            "tags": {
              "Name": "us-vet-ecp-dev-private-1-1c",
              "SubnetType": "Private",
              "kubernetes.io/cluster/clee.vet-dev.digitalecp.mcd.com": "shared",
              "kubernetes.io/cluster/dev-abodo.vet-dev.digitalecp.mcd.com": "shared",
              "kubernetes.io/cluster/dev-capuk-tempt.vet-dev.digitalecp.mcd.com": "shared",
              "kubernetes.io/cluster/dev-capuk.vet-dev.digitalecp.mcd.com": "shared",
              "kubernetes.io/cluster/dev-danb.vet-dev.digitalecp.mcd.com": "shared",
              "kubernetes.io/cluster/dev-fsadykov.vet-dev.digitalecp.mcd.com": "shared",
              "kubernetes.io/cluster/dev-kt.vet-dev.digitalecp.mcd.com": "shared",
              "kubernetes.io/cluster/dev-test.vet-dev.digitalecp.mcd.com": "shared",
              "kubernetes.io/cluster/dev-toolsupgrade.vet-dev.digitalecp.mcd.com": "shared",
              "kubernetes.io/cluster/dev-vetus.vet-dev.digitalecp.mcd.com": "shared",
              "kubernetes.io/cluster/dev-vetus1.vet-dev.digitalecp.mcd.com": "shared",
              "kubernetes.io/cluster/dev-vetus2.vet-dev.digitalecp.mcd.com": "shared",
              "kubernetes.io/cluster/dev-vetus3.vet-dev.digitalecp.mcd.com": "shared",
              "kubernetes.io/cluster/dev-wynn-anna.vet-dev.digitalecp.mcd.com": "shared",
              "kubernetes.io/cluster/dev.vet-dev.digitalecp.mcd.com": "shared",
              "kubernetes.io/role/elb": "1",
              "kubernetes.io/role/internal-elb": "1",
              "lambda": "no"
            },
            "vpc_id": "vpc-0c1d18e7f896a1fff"
          },
          "sensitive_attributes": []
        },
        {
          "index_key": "subnet-0174faa80dda897b4",
          "schema_version": 0,
          "attributes": {
            "arn": "arn:aws:ec2:us-east-1:607546651489:subnet/subnet-0174faa80dda897b4",
            "assign_ipv6_address_on_creation": false,
            "availability_zone": "us-east-1a",
            "availability_zone_id": "use1-az2",
            "available_ip_address_count": 82,
            "cidr_block": "100.100.31.0/25",
            "customer_owned_ipv4_pool": "",
            "default_for_az": false,
            "enable_dns64": false,
            "enable_resource_name_dns_a_record_on_launch": false,
            "enable_resource_name_dns_aaaa_record_on_launch": false,
            "filter": null,
            "id": "subnet-0174faa80dda897b4",
            "ipv6_cidr_block": "",
            "ipv6_cidr_block_association_id": "",
            "ipv6_native": false,
            "map_customer_owned_ip_on_launch": false,
            "map_public_ip_on_launch": true,
            "outpost_arn": "",
            "owner_id": "607546651489",
            "private_dns_hostname_type_on_launch": "ip-name",
            "state": "available",
            "tags": {
              "Name": "us-vet-ecp-dev-public-2-1a",
              "lambda": "yes"
            },
            "vpc_id": "vpc-0c1d18e7f896a1fff"
          },
          "sensitive_attributes": []
        },
        {
          "index_key": "subnet-01b478f6e74b8612f",
          "schema_version": 0,
          "attributes": {
            "arn": "arn:aws:ec2:us-east-1:607546651489:subnet/subnet-01b478f6e74b8612f",
            "assign_ipv6_address_on_creation": false,
            "availability_zone": "us-east-1c",
            "availability_zone_id": "use1-az6",
            "available_ip_address_count": 273,
            "cidr_block": "100.100.28.0/23",
            "customer_owned_ipv4_pool": "",
            "default_for_az": false,
            "enable_dns64": false,
            "enable_resource_name_dns_a_record_on_launch": false,
            "enable_resource_name_dns_aaaa_record_on_launch": false,
            "filter": null,
            "id": "subnet-01b478f6e74b8612f",
            "ipv6_cidr_block": "",
            "ipv6_cidr_block_association_id": "",
            "ipv6_native": false,
            "map_customer_owned_ip_on_launch": false,
            "map_public_ip_on_launch": false,
            "outpost_arn": "",
            "owner_id": "607546651489",
            "private_dns_hostname_type_on_launch": "ip-name",
            "state": "available",
            "tags": {
              "Name": "us-vet-ecp-dev-private-4-1c",
              "SubnetType": "Private",
              "kubernetes.io/cluster/DEV-EKS-GITHUB-ACTION": "shared",
              "kubernetes.io/cluster/capgemini-demo.vet-dev.digitalecp.mcd.com": "shared",
              "kubernetes.io/cluster/dev-cappune.vet-dev.digitalecp.mcd.com": "shared",
              "kubernetes.io/cluster/dev-capuk-eks": "shared",
              "kubernetes.io/cluster/dev-capuk.vet-dev.digitalecp.mcd.com": "shared",
              "kubernetes.io/cluster/dev-cluster-anna1.vet-dev.digitalecp.mcd.com": "shared",
              "kubernetes.io/cluster/dev-eks.us-east-1.dev.digitalecp.mcd.com": "shared",
              "kubernetes.io/cluster/dev-test.vet-dev.digitalecp.mcd.com": "shared",
              "kubernetes.io/cluster/dev-vault.vet-dev.digitalecp.mcd.com": "shared",
              "kubernetes.io/cluster/devcap-test.vet-dev.digitalecp.mcd.com": "shared",
              "kubernetes.io/cluster/devcapthiru.vet-dev.digitalecp.mcd.com": "shared",
              "kubernetes.io/cluster/devcapus.vet-dev.digitalecp.mcd.com": "shared",
              "kubernetes.io/cluster/devthiru.vet-dev.digitalecp.mcd.com": "shared",
              "kubernetes.io/cluster/dvc.vet-dev.digitalecp.mcd.com": "shared",
              "kubernetes.io/cluster/test-vault.vet-dev.digitalecp.mcd.com": "shared",
              "kubernetes.io/cluster/v2beta2.vet-dev.digitalecp.mcd.com": "shared",
              "kubernetes.io/cluster/vault-dev-eks": "shared",
              "kubernetes.io/cluster/vault-ent-dev.vet-dev.digitalecp.mcd.com": "shared",
              "kubernetes.io/role/elb": "1",
              "kubernetes.io/role/internal-elb": "1",
              "lambda": "yes"
            },
            "vpc_id": "vpc-0c1d18e7f896a1fff"
          },
          "sensitive_attributes": []
        },
        {
          "index_key": "subnet-02740ed9a86a6450d",
          "schema_version": 0,
          "attributes": {
            "arn": "arn:aws:ec2:us-east-1:607546651489:subnet/subnet-02740ed9a86a6450d",
            "assign_ipv6_address_on_creation": false,
            "availability_zone": "us-east-1b",
            "availability_zone_id": "use1-az4",
            "available_ip_address_count": 0,
            "cidr_block": "10.2.128.64/26",
            "customer_owned_ipv4_pool": "",
            "default_for_az": false,
            "enable_dns64": false,
            "enable_resource_name_dns_a_record_on_launch": false,
            "enable_resource_name_dns_aaaa_record_on_launch": false,
            "filter": null,
            "id": "subnet-02740ed9a86a6450d",
            "ipv6_cidr_block": "",
            "ipv6_cidr_block_association_id": "",
            "ipv6_native": false,
            "map_customer_owned_ip_on_launch": false,
            "map_public_ip_on_launch": false,
            "outpost_arn": "",
            "owner_id": "607546651489",
            "private_dns_hostname_type_on_launch": "ip-name",
            "state": "available",
            "tags": {
              "Name": "us-vet-ecp-dev-private-1-1b",
              "SubnetType": "Private",
              "kubernetes.io/cluster/dev-andrew.vet-dev.digitalecp.mcd.com": "shared",
              "kubernetes.io/cluster/dev-capuk-tempt.vet-dev.digitalecp.mcd.com": "shared",
              "kubernetes.io/cluster/dev-kt.vet-dev.digitalecp.mcd.com": "shared",
              "kubernetes.io/cluster/dev-terraform.vet-dev.digitalecp.mcd.com": "shared",
              "kubernetes.io/cluster/dev-test-subnet.vet-dev.digitalecp.mcd.com": "shared",
              "kubernetes.io/cluster/dev-test.vet-dev.digitalecp.mcd.com": "shared",
              "kubernetes.io/cluster/dev.vet-dev.digitalecp.mcd.com": "shared",
              "kubernetes.io/role/elb": "1",
              "kubernetes.io/role/internal-elb": "1",
              "lambda": "no"
            },
            "vpc_id": "vpc-0c1d18e7f896a1fff"
          },
          "sensitive_attributes": []
        },
        {
          "index_key": "subnet-02a62ff2b22d3be22",
          "schema_version": 0,
          "attributes": {
            "arn": "arn:aws:ec2:us-east-1:607546651489:subnet/subnet-02a62ff2b22d3be22",
            "assign_ipv6_address_on_creation": false,
            "availability_zone": "us-east-1b",
            "availability_zone_id": "use1-az4",
            "available_ip_address_count": 37,
            "cidr_block": "100.100.31.128/26",
            "customer_owned_ipv4_pool": "",
            "default_for_az": false,
            "enable_dns64": false,
            "enable_resource_name_dns_a_record_on_launch": false,
            "enable_resource_name_dns_aaaa_record_on_launch": false,
            "filter": null,
            "id": "subnet-02a62ff2b22d3be22",
            "ipv6_cidr_block": "",
            "ipv6_cidr_block_association_id": "",
            "ipv6_native": false,
            "map_customer_owned_ip_on_launch": false,
            "map_public_ip_on_launch": true,
            "outpost_arn": "",
            "owner_id": "607546651489",
            "private_dns_hostname_type_on_launch": "ip-name",
            "state": "available",
            "tags": {
              "Name": "us-vet-ecp-dev-public-2-1b",
              "lambda": "yes"
            },
            "vpc_id": "vpc-0c1d18e7f896a1fff"
          },
          "sensitive_attributes": []
        },
        {
          "index_key": "subnet-03887b67393b6aa8d",
          "schema_version": 0,
          "attributes": {
            "arn": "arn:aws:ec2:us-east-1:607546651489:subnet/subnet-03887b67393b6aa8d",
            "assign_ipv6_address_on_creation": false,
            "availability_zone": "us-east-1f",
            "availability_zone_id": "use1-az5",
            "available_ip_address_count": 249,
            "cidr_block": "198.18.5.0/24",
            "customer_owned_ipv4_pool": "",
            "default_for_az": false,
            "enable_dns64": false,
            "enable_resource_name_dns_a_record_on_launch": false,
            "enable_resource_name_dns_aaaa_record_on_launch": false,
            "filter": null,
            "id": "subnet-03887b67393b6aa8d",
            "ipv6_cidr_block": "",
            "ipv6_cidr_block_association_id": "",
            "ipv6_native": false,
            "map_customer_owned_ip_on_launch": false,
            "map_public_ip_on_launch": false,
            "outpost_arn": "",
            "owner_id": "607546651489",
            "private_dns_hostname_type_on_launch": "ip-name",
            "state": "available",
            "tags": {
              "eksctl.cluster.k8s.io/v1alpha1/cluster-name": "dev-eks",
              "kubernetes.io/cluster/dev-eks": "shared",
              "kubernetes.io/role/elb": "1"
            },
            "vpc_id": "vpc-0c1d18e7f896a1fff"
          },
          "sensitive_attributes": []
        },
        {
          "index_key": "subnet-03be8fb837ab2b49f",
          "schema_version": 0,
          "attributes": {
            "arn": "arn:aws:ec2:us-east-1:607546651489:subnet/subnet-03be8fb837ab2b49f",
            "assign_ipv6_address_on_creation": false,
            "availability_zone": "us-east-1a",
            "availability_zone_id": "use1-az2",
            "available_ip_address_count": 0,
            "cidr_block": "10.2.128.0/26",
            "customer_owned_ipv4_pool": "",
            "default_for_az": false,
            "enable_dns64": false,
            "enable_resource_name_dns_a_record_on_launch": false,
            "enable_resource_name_dns_aaaa_record_on_launch": false,
            "filter": null,
            "id": "subnet-03be8fb837ab2b49f",
            "ipv6_cidr_block": "",
            "ipv6_cidr_block_association_id": "",
            "ipv6_native": false,
            "map_customer_owned_ip_on_launch": false,
            "map_public_ip_on_launch": false,
            "outpost_arn": "",
            "owner_id": "607546651489",
            "private_dns_hostname_type_on_launch": "ip-name",
            "state": "available",
            "tags": {
              "Name": "us-vet-ecp-dev-private-1-1a",
              "SubnetType": "Private",
              "kubernetes.io/cluster/dev-abodo.vet-dev.digitalecp.mcd.com": "shared",
              "kubernetes.io/cluster/dev-andrew.vet-dev.digitalecp.mcd.com": "shared",
              "kubernetes.io/cluster/dev-capuk-tempt.vet-dev.digitalecp.mcd.com": "shared",
              "kubernetes.io/cluster/dev-danb.vet-dev.digitalecp.mcd.com": "shared",
              "kubernetes.io/cluster/dev-kt.vet-dev.digitalecp.mcd.com": "shared",
              "kubernetes.io/cluster/dev-terraform.vet-dev.digitalecp.mcd.com": "shared",
              "kubernetes.io/cluster/dev-test-subnet.vet-dev.digitalecp.mcd.com": "shared",
              "kubernetes.io/cluster/dev-test.vet-dev.digitalecp.mcd.com": "shared",
              "kubernetes.io/cluster/dev-toolsupgrade.vet-dev.digitalecp.mcd.com": "shared",
              "kubernetes.io/cluster/dev-vetus2.vet-dev.digitalecp.mcd.com": "shared",
              "kubernetes.io/cluster/dev-vetus3.vet-dev.digitalecp.mcd.com": "shared",
              "kubernetes.io/cluster/dev.vet-dev.digitalecp.mcd.com": "shared",
              "kubernetes.io/role/elb": "1",
              "kubernetes.io/role/internal-elb": "1",
              "lambda": "no"
            },
            "vpc_id": "vpc-0c1d18e7f896a1fff"
          },
          "sensitive_attributes": []
        },
        {
          "index_key": "subnet-03d87b3b8b719896e",
          "schema_version": 0,
          "attributes": {
            "arn": "arn:aws:ec2:us-east-1:607546651489:subnet/subnet-03d87b3b8b719896e",
            "assign_ipv6_address_on_creation": false,
            "availability_zone": "us-east-1c",
            "availability_zone_id": "use1-az6",
            "available_ip_address_count": 62,
            "cidr_block": "10.2.199.128/25",
            "customer_owned_ipv4_pool": "",
            "default_for_az": false,
            "enable_dns64": false,
            "enable_resource_name_dns_a_record_on_launch": false,
            "enable_resource_name_dns_aaaa_record_on_launch": false,
            "filter": null,
            "id": "subnet-03d87b3b8b719896e",
            "ipv6_cidr_block": "",
            "ipv6_cidr_block_association_id": "",
            "ipv6_native": false,
            "map_customer_owned_ip_on_launch": false,
            "map_public_ip_on_launch": false,
            "outpost_arn": "",
            "owner_id": "607546651489",
            "private_dns_hostname_type_on_launch": "ip-name",
            "state": "available",
            "tags": {
              "Name": "us-vet-ecp-dev-private-3-1c",
              "SubnetType": "Private",
              "kubernetes.io/cluster/ashdevspot.vet-dev.digitalecp.mcd.com": "shared",
              "kubernetes.io/cluster/dev-capamar.vet-dev.digitalecp.mcd.com": "shared",
              "kubernetes.io/cluster/dev-capind.vet-dev.digitalecp.mcd.com": "shared",
              "kubernetes.io/cluster/dev-capk8stest.vet-dev.digitalecp.mcd.com": "shared",
              "kubernetes.io/cluster/dev-cappun.vet-dev.digitalecp.mcd.com": "shared",
              "kubernetes.io/cluster/dev-cappune.vet-dev.digitalecp.mcd.com": "shared",
              "kubernetes.io/cluster/dev-cappuneabhay.vet-dev.digitalecp.mcd.com": "shared",
              "kubernetes.io/cluster/dev-cappunesample.vet-dev.digitalecp.mcd.com": "shared",
              "kubernetes.io/cluster/dev-captest.vet-dev.digitalecp.mcd.com": "shared",
              "kubernetes.io/cluster/dev-capuk.vet-dev.digitalecp.mcd.com": "shared",
              "kubernetes.io/cluster/dev-ind.vet-dev.digitalecp.mcd.com": "shared",
              "kubernetes.io/cluster/dev-india.vet-dev.digitalecp.mcd.com": "shared",
              "kubernetes.io/cluster/dev-toolsupgrade.vet-dev.digitalecp.mcd.com": "shared",
              "kubernetes.io/cluster/dev-toolupgrade.vet-dev.digitalecp.mcd.com": "shared",
              "kubernetes.io/cluster/dev.vet-dev.digitalecp.mcd.com": "shared",
              "kubernetes.io/cluster/devcaptest.vet-dev.digitalecp.mcd.com": "shared",
              "kubernetes.io/cluster/devcapthiru.vet-dev.digitalecp.mcd.com": "shared",
              "kubernetes.io/cluster/devcapus.vet-dev.digitalecp.mcd.com": "shared",
              "kubernetes.io/cluster/devguy.vet-dev.digitalecp.mcd.com": "shared",
              "kubernetes.io/cluster/devindia.vet-dev.digitalecp.mcd.com": "shared",
              "kubernetes.io/cluster/devspot-hemraj.vet-dev.digitalecp.mcd.com": "shared",
              "kubernetes.io/cluster/devspot.vet-dev.digitalecp.mcd.com": "shared",
              "kubernetes.io/cluster/devspotaruna.vet-dev.digitalecp.mcd.com": "shared",
              "kubernetes.io/cluster/devspotchandan.vet-dev.digitalecp.mcd.com": "shared",
              "kubernetes.io/cluster/devspotkalpit.vet-dev.digitalecp.mcd.com": "shared",
              "kubernetes.io/cluster/devspotmamtha.vet-dev.digitalecp.mcd.com": "shared",
              "kubernetes.io/cluster/devspottest.vet-dev.digitalecp.mcd.com": "shared",
              "kubernetes.io/cluster/devspotvineel.vet-dev.digitalecp.mcd.com": "shared",
              "kubernetes.io/cluster/devspotyuga.vet-dev.digitalecp.mcd.com": "shared",
              "kubernetes.io/cluster/devsspotfarrukh.vet-dev.digitalecp.mcd.com": "shared",
              "kubernetes.io/cluster/devtest.vet-dev.digitalecp.mcd.com": "shared",
              "kubernetes.io/cluster/rajeshdevspot.vet-dev.digitalecp.mcd.com": "shared",
              "kubernetes.io/cluster/test-pabitra.vet-dev.digitalecp.mcd.com": "shared",
              "kubernetes.io/cluster/test-suparaja.vet-dev.digitalecp.mcd.com": "shared",
              "kubernetes.io/cluster/test-vault.vet-dev.digitalecp.mcd.com": "shared",
              "kubernetes.io/role/internal-elb": "1",
              "lambda": "no"
            },
            "vpc_id": "vpc-0c1d18e7f896a1fff"
          },
          "sensitive_attributes": []
        },
        {
          "index_key": "subnet-0588932bc3d922c87",
          "schema_version": 0,
          "attributes": {
            "arn": "arn:aws:ec2:us-east-1:607546651489:subnet/subnet-0588932bc3d922c87",
            "assign_ipv6_address_on_creation": false,
            "availability_zone": "us-east-1d",
            "availability_zone_id": "use1-az1",
            "available_ip_address_count": 250,
            "cidr_block": "198.18.3.0/24",
            "customer_owned_ipv4_pool": "",
            "default_for_az": false,
            "enable_dns64": false,
            "enable_resource_name_dns_a_record_on_launch": false,
            "enable_resource_name_dns_aaaa_record_on_launch": false,
            "filter": null,
            "id": "subnet-0588932bc3d922c87",
            "ipv6_cidr_block": "",
            "ipv6_cidr_block_association_id": "",
            "ipv6_native": false,
            "map_customer_owned_ip_on_launch": false,
            "map_public_ip_on_launch": false,
            "outpost_arn": "",
            "owner_id": "607546651489",
            "private_dns_hostname_type_on_launch": "ip-name",
            "state": "available",
            "tags": {
              "eksctl.cluster.k8s.io/v1alpha1/cluster-name": "dev-eks",
              "kubernetes.io/cluster/dev-eks": "shared",
              "kubernetes.io/role/elb": "1"
            },
            "vpc_id": "vpc-0c1d18e7f896a1fff"
          },
          "sensitive_attributes": []
        },
        {
          "index_key": "subnet-06811b6a53a3a7aa1",
          "schema_version": 0,
          "attributes": {
            "arn": "arn:aws:ec2:us-east-1:607546651489:subnet/subnet-06811b6a53a3a7aa1",
            "assign_ipv6_address_on_creation": false,
            "availability_zone": "us-east-1b",
            "availability_zone_id": "use1-az4",
            "available_ip_address_count": 71,
            "cidr_block": "198.18.1.0/24",
            "customer_owned_ipv4_pool": "",
            "default_for_az": false,
            "enable_dns64": false,
            "enable_resource_name_dns_a_record_on_launch": false,
            "enable_resource_name_dns_aaaa_record_on_launch": false,
            "filter": null,
            "id": "subnet-06811b6a53a3a7aa1",
            "ipv6_cidr_block": "",
            "ipv6_cidr_block_association_id": "",
            "ipv6_native": false,
            "map_customer_owned_ip_on_launch": false,
            "map_public_ip_on_launch": false,
            "outpost_arn": "",
            "owner_id": "607546651489",
            "private_dns_hostname_type_on_launch": "ip-name",
            "state": "available",
            "tags": {
              "eksctl.cluster.k8s.io/v1alpha1/cluster-name": "dev-eks",
              "kubernetes.io/cluster/dev-eks": "shared",
              "kubernetes.io/role/elb": "1"
            },
            "vpc_id": "vpc-0c1d18e7f896a1fff"
          },
          "sensitive_attributes": []
        },
        {
          "index_key": "subnet-068ce96600a5478c9",
          "schema_version": 0,
          "attributes": {
            "arn": "arn:aws:ec2:us-east-1:607546651489:subnet/subnet-068ce96600a5478c9",
            "assign_ipv6_address_on_creation": false,
            "availability_zone": "us-east-1a",
            "availability_zone_id": "use1-az2",
            "available_ip_address_count": 46,
            "cidr_block": "10.2.129.0/26",
            "customer_owned_ipv4_pool": "",
            "default_for_az": false,
            "enable_dns64": false,
            "enable_resource_name_dns_a_record_on_launch": false,
            "enable_resource_name_dns_aaaa_record_on_launch": false,
            "filter": null,
            "id": "subnet-068ce96600a5478c9",
            "ipv6_cidr_block": "",
            "ipv6_cidr_block_association_id": "",
            "ipv6_native": false,
            "map_customer_owned_ip_on_launch": false,
            "map_public_ip_on_launch": false,
            "outpost_arn": "",
            "owner_id": "607546651489",
            "private_dns_hostname_type_on_launch": "ip-name",
            "state": "available",
            "tags": {
              "Name": "us-vet-ecp-dev-public-1-1a",
              "SubnetType": "Private",
              "kubernetes.io/cluster/dev-terraform.vet-dev.digitalecp.mcd.com": "shared",
              "kubernetes.io/cluster/devcapus.vet-dev.digitalecp.mcd.com": "shared",
              "kubernetes.io/role/elb": "1",
              "kubernetes.io/role/internal-elb": "1",
              "lambda": "no"
            },
            "vpc_id": "vpc-0c1d18e7f896a1fff"
          },
          "sensitive_attributes": []
        },
        {
          "index_key": "subnet-06adf036a2a1577ba",
          "schema_version": 0,
          "attributes": {
            "arn": "arn:aws:ec2:us-east-1:607546651489:subnet/subnet-06adf036a2a1577ba",
            "assign_ipv6_address_on_creation": false,
            "availability_zone": "us-east-1d",
            "availability_zone_id": "use1-az1",
            "available_ip_address_count": 4,
            "cidr_block": "10.2.128.192/26",
            "customer_owned_ipv4_pool": "",
            "default_for_az": false,
            "enable_dns64": false,
            "enable_resource_name_dns_a_record_on_launch": false,
            "enable_resource_name_dns_aaaa_record_on_launch": false,
            "filter": null,
            "id": "subnet-06adf036a2a1577ba",
            "ipv6_cidr_block": "",
            "ipv6_cidr_block_association_id": "",
            "ipv6_native": false,
            "map_customer_owned_ip_on_launch": false,
            "map_public_ip_on_launch": false,
            "outpost_arn": "",
            "owner_id": "607546651489",
            "private_dns_hostname_type_on_launch": "ip-name",
            "state": "available",
            "tags": {
              "Name": "us-vet-ecp-dev-private-1-1d",
              "SubnetType": "Private",
              "kubernetes.io/cluster/clee.vet-dev.digitalecp.mcd.com": "shared",
              "kubernetes.io/cluster/dev-abodo.vet-dev.digitalecp.mcd.com": "shared",
              "kubernetes.io/cluster/dev-andrew.vet-dev.digitalecp.mcd.com": "shared",
              "kubernetes.io/cluster/dev-fsadykov.vet-dev.digitalecp.mcd.com": "shared",
              "kubernetes.io/cluster/dev-kt.vet-dev.digitalecp.mcd.com": "shared",
              "kubernetes.io/cluster/dev-terraform.vet-dev.digitalecp.mcd.com": "shared",
              "kubernetes.io/cluster/dev-test-subnet.vet-dev.digitalecp.mcd.com": "shared",
              "kubernetes.io/cluster/dev-test.vet-dev.digitalecp.mcd.com": "shared",
              "kubernetes.io/cluster/dev.vet-dev.digitalecp.mcd.com": "shared",
              "kubernetes.io/role/elb": "1",
              "kubernetes.io/role/internal-elb": "1",
              "lambda": "no"
            },
            "vpc_id": "vpc-0c1d18e7f896a1fff"
          },
          "sensitive_attributes": []
        },
        {
          "index_key": "subnet-06b95c503090097af",
          "schema_version": 0,
          "attributes": {
            "arn": "arn:aws:ec2:us-east-1:607546651489:subnet/subnet-06b95c503090097af",
            "assign_ipv6_address_on_creation": false,
            "availability_zone": "us-east-1b",
            "availability_zone_id": "use1-az4",
            "available_ip_address_count": 246,
            "cidr_block": "100.100.26.0/23",
            "customer_owned_ipv4_pool": "",
            "default_for_az": false,
            "enable_dns64": false,
            "enable_resource_name_dns_a_record_on_launch": false,
            "enable_resource_name_dns_aaaa_record_on_launch": false,
            "filter": null,
            "id": "subnet-06b95c503090097af",
            "ipv6_cidr_block": "",
            "ipv6_cidr_block_association_id": "",
            "ipv6_native": false,
            "map_customer_owned_ip_on_launch": false,
            "map_public_ip_on_launch": false,
            "outpost_arn": "",
            "owner_id": "607546651489",
            "private_dns_hostname_type_on_launch": "ip-name",
            "state": "available",
            "tags": {
              "Name": "us-vet-ecp-dev-private-4-1b",
              "SubnetType": "Private",
              "kubernetes.io/cluster/DEV-EKS-GITHUB-ACTION": "shared",
              "kubernetes.io/cluster/capgemini-demo.vet-dev.digitalecp.mcd.com": "shared",
              "kubernetes.io/cluster/dev-cappune.vet-dev.digitalecp.mcd.com": "shared",
              "kubernetes.io/cluster/dev-capuk-eks": "shared",
              "kubernetes.io/cluster/dev-capuk.vet-dev.digitalecp.mcd.com": "shared",
              "kubernetes.io/cluster/dev-eks.us-east-1.dev.digitalecp.mcd.com": "shared",
              "kubernetes.io/cluster/dev-kops-poc-2.vet-dev.digitalecp.mcd.com": "shared",
              "kubernetes.io/cluster/dev-vault.vet-dev.digitalecp.mcd.com": "shared",
              "kubernetes.io/cluster/devcap-test.vet-dev.digitalecp.mcd.com": "shared",
              "kubernetes.io/cluster/devcapthiru.vet-dev.digitalecp.mcd.com": "shared",
              "kubernetes.io/cluster/devcapus.vet-dev.digitalecp.mcd.com": "shared",
              "kubernetes.io/cluster/devthiru.vet-dev.digitalecp.mcd.com": "shared",
              "kubernetes.io/cluster/dvc.vet-dev.digitalecp.mcd.com": "shared",
              "kubernetes.io/cluster/test-vault.vet-dev.digitalecp.mcd.com": "shared",
              "kubernetes.io/cluster/v2beta2.vet-dev.digitalecp.mcd.com": "shared",
              "kubernetes.io/cluster/vault-dev-eks": "shared",
              "kubernetes.io/cluster/vault-ent-dev.vet-dev.digitalecp.mcd.com": "shared",
              "kubernetes.io/role/elb": "1",
              "kubernetes.io/role/internal-elb": "1",
              "lambda": "yes"
            },
            "vpc_id": "vpc-0c1d18e7f896a1fff"
          },
          "sensitive_attributes": []
        },
        {
          "index_key": "subnet-07ed9a12235a7c8cb",
          "schema_version": 0,
          "attributes": {
            "arn": "arn:aws:ec2:us-east-1:607546651489:subnet/subnet-07ed9a12235a7c8cb",
            "assign_ipv6_address_on_creation": false,
            "availability_zone": "us-east-1c",
            "availability_zone_id": "use1-az6",
            "available_ip_address_count": 39,
            "cidr_block": "100.100.31.192/26",
            "customer_owned_ipv4_pool": "",
            "default_for_az": false,
            "enable_dns64": false,
            "enable_resource_name_dns_a_record_on_launch": false,
            "enable_resource_name_dns_aaaa_record_on_launch": false,
            "filter": null,
            "id": "subnet-07ed9a12235a7c8cb",
            "ipv6_cidr_block": "",
            "ipv6_cidr_block_association_id": "",
            "ipv6_native": false,
            "map_customer_owned_ip_on_launch": false,
            "map_public_ip_on_launch": false,
            "outpost_arn": "",
            "owner_id": "607546651489",
            "private_dns_hostname_type_on_launch": "ip-name",
            "state": "available",
            "tags": {
              "Name": "us-vet-ecp-dev-public-3-1c",
              "lambda": "yes"
            },
            "vpc_id": "vpc-0c1d18e7f896a1fff"
          },
          "sensitive_attributes": []
        },
        {
          "index_key": "subnet-0958abfc5699dbb6c",
          "schema_version": 0,
          "attributes": {
            "arn": "arn:aws:ec2:us-east-1:607546651489:subnet/subnet-0958abfc5699dbb6c",
            "assign_ipv6_address_on_creation": false,
            "availability_zone": "us-east-1a",
            "availability_zone_id": "use1-az2",
            "available_ip_address_count": 173,
            "cidr_block": "10.2.198.0/24",
            "customer_owned_ipv4_pool": "",
            "default_for_az": false,
            "enable_dns64": false,
            "enable_resource_name_dns_a_record_on_launch": false,
            "enable_resource_name_dns_aaaa_record_on_launch": false,
            "filter": null,
            "id": "subnet-0958abfc5699dbb6c",
            "ipv6_cidr_block": "",
            "ipv6_cidr_block_association_id": "",
            "ipv6_native": false,
            "map_customer_owned_ip_on_launch": false,
            "map_public_ip_on_launch": false,
            "outpost_arn": "",
            "owner_id": "607546651489",
            "private_dns_hostname_type_on_launch": "ip-name",
            "state": "available",
            "tags": {
              "Name": "us-vet-ecp-dev-private-3-1a",
              "SubnetType": "Private",
              "kubernetes.io/cluster/ashdevspot.vet-dev.digitalecp.mcd.com": "shared",
              "kubernetes.io/cluster/dev-capamar.vet-dev.digitalecp.mcd.com": "shared",
              "kubernetes.io/cluster/dev-capind.vet-dev.digitalecp.mcd.com": "shared",
              "kubernetes.io/cluster/dev-capk8stest.vet-dev.digitalecp.mcd.com": "shared",
              "kubernetes.io/cluster/dev-cappun.vet-dev.digitalecp.mcd.com": "shared",
              "kubernetes.io/cluster/dev-cappune.vet-dev.digitalecp.mcd.com": "shared",
              "kubernetes.io/cluster/dev-cappuneabhay.vet-dev.digitalecp.mcd.com": "shared",
              "kubernetes.io/cluster/dev-cappunesample.vet-dev.digitalecp.mcd.com": "shared",
              "kubernetes.io/cluster/dev-captest.vet-dev.digitalecp.mcd.com": "shared",
              "kubernetes.io/cluster/dev-capuk.vet-dev.digitalecp.mcd.com": "shared",
              "kubernetes.io/cluster/dev-ind.vet-dev.digitalecp.mcd.com": "shared",
              "kubernetes.io/cluster/dev-india.vet-dev.digitalecp.mcd.com": "shared",
              "kubernetes.io/cluster/dev-toolsupgrade.vet-dev.digitalecp.mcd.com": "shared",
              "kubernetes.io/cluster/dev-toolupgrade.vet-dev.digitalecp.mcd.com": "shared",
              "kubernetes.io/cluster/dev.vet-dev.digitalecp.mcd.com": "shared",
              "kubernetes.io/cluster/devcaptest.vet-dev.digitalecp.mcd.com": "shared",
              "kubernetes.io/cluster/devcapthiru.vet-dev.digitalecp.mcd.com": "shared",
              "kubernetes.io/cluster/devcapus.vet-dev.digitalecp.mcd.com": "shared",
              "kubernetes.io/cluster/devguy.vet-dev.digitalecp.mcd.com": "shared",
              "kubernetes.io/cluster/devindia.vet-dev.digitalecp.mcd.com": "shared",
              "kubernetes.io/cluster/devspot-hemraj.vet-dev.digitalecp.mcd.com": "shared",
              "kubernetes.io/cluster/devspot.vet-dev.digitalecp.mcd.com": "shared",
              "kubernetes.io/cluster/devspotaruna.vet-dev.digitalecp.mcd.com": "shared",
              "kubernetes.io/cluster/devspotchandan.vet-dev.digitalecp.mcd.com": "shared",
              "kubernetes.io/cluster/devspotkalpit.vet-dev.digitalecp.mcd.com": "shared",
              "kubernetes.io/cluster/devspotmamtha.vet-dev.digitalecp.mcd.com": "shared",
              "kubernetes.io/cluster/devspottest.vet-dev.digitalecp.mcd.com": "shared",
              "kubernetes.io/cluster/devspotvineel.vet-dev.digitalecp.mcd.com": "shared",
              "kubernetes.io/cluster/devspotyuga.vet-dev.digitalecp.mcd.com": "shared",
              "kubernetes.io/cluster/devsspotfarrukh.vet-dev.digitalecp.mcd.com": "shared",
              "kubernetes.io/cluster/devtest.vet-dev.digitalecp.mcd.com": "shared",
              "kubernetes.io/cluster/rajeshdevspot.vet-dev.digitalecp.mcd.com": "shared",
              "kubernetes.io/cluster/test-pabitra.vet-dev.digitalecp.mcd.com": "shared",
              "kubernetes.io/cluster/test-suparaja.vet-dev.digitalecp.mcd.com": "shared",
              "kubernetes.io/cluster/test-vault.vet-dev.digitalecp.mcd.com": "shared",
              "kubernetes.io/role/internal-elb": "1",
              "lambda": "no"
            },
            "vpc_id": "vpc-0c1d18e7f896a1fff"
          },
          "sensitive_attributes": []
        },
        {
          "index_key": "subnet-0b1650bfb13c62581",
          "schema_version": 0,
          "attributes": {
            "arn": "arn:aws:ec2:us-east-1:607546651489:subnet/subnet-0b1650bfb13c62581",
            "assign_ipv6_address_on_creation": false,
            "availability_zone": "us-east-1a",
            "availability_zone_id": "use1-az2",
            "available_ip_address_count": 71,
            "cidr_block": "198.18.0.0/24",
            "customer_owned_ipv4_pool": "",
            "default_for_az": false,
            "enable_dns64": false,
            "enable_resource_name_dns_a_record_on_launch": false,
            "enable_resource_name_dns_aaaa_record_on_launch": false,
            "filter": null,
            "id": "subnet-0b1650bfb13c62581",
            "ipv6_cidr_block": "",
            "ipv6_cidr_block_association_id": "",
            "ipv6_native": false,
            "map_customer_owned_ip_on_launch": false,
            "map_public_ip_on_launch": false,
            "outpost_arn": "",
            "owner_id": "607546651489",
            "private_dns_hostname_type_on_launch": "ip-name",
            "state": "available",
            "tags": {
              "eksctl.cluster.k8s.io/v1alpha1/cluster-name": "dev-eks",
              "kubernetes.io/cluster/dev-eks": "shared",
              "kubernetes.io/role/elb": "1"
            },
            "vpc_id": "vpc-0c1d18e7f896a1fff"
          },
          "sensitive_attributes": []
        },
        {
          "index_key": "subnet-0c7526f82ead196b6",
          "schema_version": 0,
          "attributes": {
            "arn": "arn:aws:ec2:us-east-1:607546651489:subnet/subnet-0c7526f82ead196b6",
            "assign_ipv6_address_on_creation": false,
            "availability_zone": "us-east-1b",
            "availability_zone_id": "use1-az4",
            "available_ip_address_count": 74,
            "cidr_block": "10.2.199.0/25",
            "customer_owned_ipv4_pool": "",
            "default_for_az": false,
            "enable_dns64": false,
            "enable_resource_name_dns_a_record_on_launch": false,
            "enable_resource_name_dns_aaaa_record_on_launch": false,
            "filter": null,
            "id": "subnet-0c7526f82ead196b6",
            "ipv6_cidr_block": "",
            "ipv6_cidr_block_association_id": "",
            "ipv6_native": false,
            "map_customer_owned_ip_on_launch": false,
            "map_public_ip_on_launch": false,
            "outpost_arn": "",
            "owner_id": "607546651489",
            "private_dns_hostname_type_on_launch": "ip-name",
            "state": "available",
            "tags": {
              "Name": "us-vet-ecp-dev-private-3-1b",
              "SubnetType": "Private",
              "kubernetes.io/cluster/ashdevspot.vet-dev.digitalecp.mcd.com": "shared",
              "kubernetes.io/cluster/dev-capamar.vet-dev.digitalecp.mcd.com": "shared",
              "kubernetes.io/cluster/dev-capind.vet-dev.digitalecp.mcd.com": "shared",
              "kubernetes.io/cluster/dev-capk8stest.vet-dev.digitalecp.mcd.com": "shared",
              "kubernetes.io/cluster/dev-cappun.vet-dev.digitalecp.mcd.com": "shared",
              "kubernetes.io/cluster/dev-cappune.vet-dev.digitalecp.mcd.com": "shared",
              "kubernetes.io/cluster/dev-cappuneabhay.vet-dev.digitalecp.mcd.com": "shared",
              "kubernetes.io/cluster/dev-cappunesample.vet-dev.digitalecp.mcd.com": "shared",
              "kubernetes.io/cluster/dev-captest.vet-dev.digitalecp.mcd.com": "shared",
              "kubernetes.io/cluster/dev-capuk.vet-dev.digitalecp.mcd.com": "shared",
              "kubernetes.io/cluster/dev-ind.vet-dev.digitalecp.mcd.com": "shared",
              "kubernetes.io/cluster/dev-india.vet-dev.digitalecp.mcd.com": "shared",
              "kubernetes.io/cluster/dev-toolsupgrade.vet-dev.digitalecp.mcd.com": "shared",
              "kubernetes.io/cluster/dev-toolupgrade.vet-dev.digitalecp.mcd.com": "shared",
              "kubernetes.io/cluster/dev.vet-dev.digitalecp.mcd.com": "shared",
              "kubernetes.io/cluster/devcaptest.vet-dev.digitalecp.mcd.com": "shared",
              "kubernetes.io/cluster/devcapthiru.vet-dev.digitalecp.mcd.com": "shared",
              "kubernetes.io/cluster/devcapus.vet-dev.digitalecp.mcd.com": "shared",
              "kubernetes.io/cluster/devguy.vet-dev.digitalecp.mcd.com": "shared",
              "kubernetes.io/cluster/devindia.vet-dev.digitalecp.mcd.com": "shared",
              "kubernetes.io/cluster/devspot-hemraj.vet-dev.digitalecp.mcd.com": "shared",
              "kubernetes.io/cluster/devspot.vet-dev.digitalecp.mcd.com": "shared",
              "kubernetes.io/cluster/devspotaruna.vet-dev.digitalecp.mcd.com": "shared",
              "kubernetes.io/cluster/devspotchandan.vet-dev.digitalecp.mcd.com": "shared",
              "kubernetes.io/cluster/devspotkalpit.vet-dev.digitalecp.mcd.com": "shared",
              "kubernetes.io/cluster/devspotmamtha.vet-dev.digitalecp.mcd.com": "shared",
              "kubernetes.io/cluster/devspottest.vet-dev.digitalecp.mcd.com": "shared",
              "kubernetes.io/cluster/devspotvineel.vet-dev.digitalecp.mcd.com": "shared",
              "kubernetes.io/cluster/devspotyuga.vet-dev.digitalecp.mcd.com": "shared",
              "kubernetes.io/cluster/devsspotfarrukh.vet-dev.digitalecp.mcd.com": "shared",
              "kubernetes.io/cluster/devtest.vet-dev.digitalecp.mcd.com": "shared",
              "kubernetes.io/cluster/rajeshdevspot.vet-dev.digitalecp.mcd.com": "shared",
              "kubernetes.io/cluster/test-pabitra.vet-dev.digitalecp.mcd.com": "shared",
              "kubernetes.io/cluster/test-suparaja.vet-dev.digitalecp.mcd.com": "shared",
              "kubernetes.io/cluster/test-vault.vet-dev.digitalecp.mcd.com": "shared",
              "kubernetes.io/role/internal-elb": "1",
              "lambda": "no"
            },
            "vpc_id": "vpc-0c1d18e7f896a1fff"
          },
          "sensitive_attributes": []
        },
        {
          "index_key": "subnet-0c7d811502b44812b",
          "schema_version": 0,
          "attributes": {
            "arn": "arn:aws:ec2:us-east-1:607546651489:subnet/subnet-0c7d811502b44812b",
            "assign_ipv6_address_on_creation": false,
            "availability_zone": "us-east-1a",
            "availability_zone_id": "use1-az2",
            "available_ip_address_count": 258,
            "cidr_block": "100.100.24.0/23",
            "customer_owned_ipv4_pool": "",
            "default_for_az": false,
            "enable_dns64": false,
            "enable_resource_name_dns_a_record_on_launch": false,
            "enable_resource_name_dns_aaaa_record_on_launch": false,
            "filter": null,
            "id": "subnet-0c7d811502b44812b",
            "ipv6_cidr_block": "",
            "ipv6_cidr_block_association_id": "",
            "ipv6_native": false,
            "map_customer_owned_ip_on_launch": false,
            "map_public_ip_on_launch": false,
            "outpost_arn": "",
            "owner_id": "607546651489",
            "private_dns_hostname_type_on_launch": "ip-name",
            "state": "available",
            "tags": {
              "Name": "us-vet-ecp-dev-private-4-1a",
              "SubnetType": "Private",
              "kubernetes.io/cluster/DEV-EKS-GITHUB-ACTION": "shared",
              "kubernetes.io/cluster/capgemini-demo.vet-dev.digitalecp.mcd.com": "shared",
              "kubernetes.io/cluster/dev-cappune.vet-dev.digitalecp.mcd.com": "shared",
              "kubernetes.io/cluster/dev-capuk-eks": "shared",
              "kubernetes.io/cluster/dev-capuk.vet-dev.digitalecp.mcd.com": "shared",
              "kubernetes.io/cluster/dev-eks.us-east-1.dev.digitalecp.mcd.com": "shared",
              "kubernetes.io/cluster/dev-test.vet-dev.digitalecp.mcd.com": "shared",
              "kubernetes.io/cluster/dev-vault.vet-dev.digitalecp.mcd.com": "shared",
              "kubernetes.io/cluster/devcap-test.vet-dev.digitalecp.mcd.com": "shared",
              "kubernetes.io/cluster/devcapthiru.vet-dev.digitalecp.mcd.com": "shared",
              "kubernetes.io/cluster/devcapus.vet-dev.digitalecp.mcd.com": "shared",
              "kubernetes.io/cluster/devthiru.vet-dev.digitalecp.mcd.com": "shared",
              "kubernetes.io/cluster/dvc.vet-dev.digitalecp.mcd.com": "shared",
              "kubernetes.io/cluster/test-vault.vet-dev.digitalecp.mcd.com": "shared",
              "kubernetes.io/cluster/v2beta2.vet-dev.digitalecp.mcd.com": "shared",
              "kubernetes.io/cluster/vault-dev-eks": "shared",
              "kubernetes.io/cluster/vault-ent-dev.vet-dev.digitalecp.mcd.com": "shared",
              "kubernetes.io/role/elb": "1",
              "kubernetes.io/role/internal-elb": "1",
              "lambda": "yes"
            },
            "vpc_id": "vpc-0c1d18e7f896a1fff"
          },
          "sensitive_attributes": []
        },
        {
          "index_key": "subnet-0d2305939b2c6c572",
          "schema_version": 0,
          "attributes": {
            "arn": "arn:aws:ec2:us-east-1:607546651489:subnet/subnet-0d2305939b2c6c572",
            "assign_ipv6_address_on_creation": false,
            "availability_zone": "us-east-1b",
            "availability_zone_id": "use1-az4",
            "available_ip_address_count": 45,
            "cidr_block": "10.2.129.64/26",
            "customer_owned_ipv4_pool": "",
            "default_for_az": false,
            "enable_dns64": false,
            "enable_resource_name_dns_a_record_on_launch": false,
            "enable_resource_name_dns_aaaa_record_on_launch": false,
            "filter": null,
            "id": "subnet-0d2305939b2c6c572",
            "ipv6_cidr_block": "",
            "ipv6_cidr_block_association_id": "",
            "ipv6_native": false,
            "map_customer_owned_ip_on_launch": false,
            "map_public_ip_on_launch": false,
            "outpost_arn": "",
            "owner_id": "607546651489",
            "private_dns_hostname_type_on_launch": "ip-name",
            "state": "available",
            "tags": {
              "Name": "us-vet-ecp-dev-public-1-1b",
              "SubnetType": "Private",
              "kubernetes.io/cluster/dev-terraform.vet-dev.digitalecp.mcd.com": "shared",
              "kubernetes.io/role/elb": "1",
              "kubernetes.io/role/internal-elb": "1",
              "lambda": "no"
            },
            "vpc_id": "vpc-0c1d18e7f896a1fff"
          },
          "sensitive_attributes": []
        },
        {
          "index_key": "subnet-0d3bf7ed0ddae1b76",
          "schema_version": 0,
          "attributes": {
            "arn": "arn:aws:ec2:us-east-1:607546651489:subnet/subnet-0d3bf7ed0ddae1b76",
            "assign_ipv6_address_on_creation": false,
            "availability_zone": "us-east-1c",
            "availability_zone_id": "use1-az6",
            "available_ip_address_count": 9,
            "cidr_block": "198.18.2.0/24",
            "customer_owned_ipv4_pool": "",
            "default_for_az": false,
            "enable_dns64": false,
            "enable_resource_name_dns_a_record_on_launch": false,
            "enable_resource_name_dns_aaaa_record_on_launch": false,
            "filter": null,
            "id": "subnet-0d3bf7ed0ddae1b76",
            "ipv6_cidr_block": "",
            "ipv6_cidr_block_association_id": "",
            "ipv6_native": false,
            "map_customer_owned_ip_on_launch": false,
            "map_public_ip_on_launch": false,
            "outpost_arn": "",
            "owner_id": "607546651489",
            "private_dns_hostname_type_on_launch": "ip-name",
            "state": "available",
            "tags": {
              "eksctl.cluster.k8s.io/v1alpha1/cluster-name": "dev-eks",
              "kubernetes.io/cluster/dev-eks": "shared",
              "kubernetes.io/role/elb": "1"
            },
            "vpc_id": "vpc-0c1d18e7f896a1fff"
          },
          "sensitive_attributes": []
        },
        {
          "index_key": "subnet-0e075ad5024d4635b",
          "schema_version": 0,
          "attributes": {
            "arn": "arn:aws:ec2:us-east-1:607546651489:subnet/subnet-0e075ad5024d4635b",
            "assign_ipv6_address_on_creation": false,
            "availability_zone": "us-east-1d",
            "availability_zone_id": "use1-az1",
            "available_ip_address_count": 26,
            "cidr_block": "10.2.129.192/26",
            "customer_owned_ipv4_pool": "",
            "default_for_az": false,
            "enable_dns64": false,
            "enable_resource_name_dns_a_record_on_launch": false,
            "enable_resource_name_dns_aaaa_record_on_launch": false,
            "filter": null,
            "id": "subnet-0e075ad5024d4635b",
            "ipv6_cidr_block": "",
            "ipv6_cidr_block_association_id": "",
            "ipv6_native": false,
            "map_customer_owned_ip_on_launch": false,
            "map_public_ip_on_launch": false,
            "outpost_arn": "",
            "owner_id": "607546651489",
            "private_dns_hostname_type_on_launch": "ip-name",
            "state": "available",
            "tags": {
              "Name": "us-vet-ecp-dev-private-2-1d",
              "SubnetType": "Private",
              "kubernetes.io/cluster/dev-capuk.vet-dev.digitalecp.mcd.com": "shared",
              "kubernetes.io/cluster/dev-consultest.vet-dev.digitalecp.mcd.com": "shared",
              "kubernetes.io/cluster/dev-vetus.vet-dev.digitalecp.mcd.com": "shared",
              "kubernetes.io/cluster/dev-vetus1.vet-dev.digitalecp.mcd.com": "shared",
              "kubernetes.io/cluster/dev-vetus2.vet-dev.digitalecp.mcd.com": "shared",
              "kubernetes.io/cluster/dev-vetus3.vet-dev.digitalecp.mcd.com": "shared",
              "kubernetes.io/cluster/dev-wynn-anna.vet-dev.digitalecp.mcd.com": "shared",
              "kubernetes.io/cluster/dev.vet-dev.digitalecp.mcd.com": "shared",
              "kubernetes.io/cluster/devcon.vet-dev.digitalecp.mcd.com": "shared",
              "kubernetes.io/role/elb": "1",
              "kubernetes.io/role/internal-elb": "1",
              "lambda": "no"
            },
            "vpc_id": "vpc-0c1d18e7f896a1fff"
          },
          "sensitive_attributes": []
        },
        {
          "index_key": "subnet-0e2568f718fefe8b7",
          "schema_version": 0,
          "attributes": {
            "arn": "arn:aws:ec2:us-east-1:607546651489:subnet/subnet-0e2568f718fefe8b7",
            "assign_ipv6_address_on_creation": false,
            "availability_zone": "us-east-1a",
            "availability_zone_id": "use1-az2",
            "available_ip_address_count": 231,
            "cidr_block": "100.100.30.0/24",
            "customer_owned_ipv4_pool": "",
            "default_for_az": false,
            "enable_dns64": false,
            "enable_resource_name_dns_a_record_on_launch": false,
            "enable_resource_name_dns_aaaa_record_on_launch": false,
            "filter": null,
            "id": "subnet-0e2568f718fefe8b7",
            "ipv6_cidr_block": "",
            "ipv6_cidr_block_association_id": "",
            "ipv6_native": false,
            "map_customer_owned_ip_on_launch": false,
            "map_public_ip_on_launch": false,
            "outpost_arn": "",
            "owner_id": "607546651489",
            "private_dns_hostname_type_on_launch": "ip-name",
            "state": "available",
            "tags": {
              "Name": "us-vet-ecp-dev-private-5-1a",
              "lambda": "yes"
            },
            "vpc_id": "vpc-0c1d18e7f896a1fff"
          },
          "sensitive_attributes": []
        },
        {
          "index_key": "subnet-0e9de16f2225a7e0e",
          "schema_version": 0,
          "attributes": {
            "arn": "arn:aws:ec2:us-east-1:607546651489:subnet/subnet-0e9de16f2225a7e0e",
            "assign_ipv6_address_on_creation": false,
            "availability_zone": "us-east-1c",
            "availability_zone_id": "use1-az6",
            "available_ip_address_count": 47,
            "cidr_block": "10.2.129.128/26",
            "customer_owned_ipv4_pool": "",
            "default_for_az": false,
            "enable_dns64": false,
            "enable_resource_name_dns_a_record_on_launch": false,
            "enable_resource_name_dns_aaaa_record_on_launch": false,
            "filter": null,
            "id": "subnet-0e9de16f2225a7e0e",
            "ipv6_cidr_block": "",
            "ipv6_cidr_block_association_id": "",
            "ipv6_native": false,
            "map_customer_owned_ip_on_launch": false,
            "map_public_ip_on_launch": false,
            "outpost_arn": "",
            "owner_id": "607546651489",
            "private_dns_hostname_type_on_launch": "ip-name",
            "state": "available",
            "tags": {
              "Name": "us-vet-ecp-dev-public-1-1c",
              "SubnetType": "Private",
              "kubernetes.io/cluster/dev-terraform.vet-dev.digitalecp.mcd.com": "shared",
              "kubernetes.io/role/elb": "1",
              "kubernetes.io/role/internal-elb": "1",
              "lambda": "no"
            },
            "vpc_id": "vpc-0c1d18e7f896a1fff"
          },
          "sensitive_attributes": []
        },
        {
          "index_key": "subnet-0f8183eab4b5ca358",
          "schema_version": 0,
          "attributes": {
            "arn": "arn:aws:ec2:us-east-1:607546651489:subnet/subnet-0f8183eab4b5ca358",
            "assign_ipv6_address_on_creation": false,
            "availability_zone": "us-east-1c",
            "availability_zone_id": "use1-az6",
            "available_ip_address_count": 2,
            "cidr_block": "10.2.132.0/28",
            "customer_owned_ipv4_pool": "",
            "default_for_az": false,
            "enable_dns64": false,
            "enable_resource_name_dns_a_record_on_launch": false,
            "enable_resource_name_dns_aaaa_record_on_launch": false,
            "filter": null,
            "id": "subnet-0f8183eab4b5ca358",
            "ipv6_cidr_block": "",
            "ipv6_cidr_block_association_id": "",
            "ipv6_native": false,
            "map_customer_owned_ip_on_launch": false,
            "map_public_ip_on_launch": false,
            "outpost_arn": "",
            "owner_id": "607546651489",
            "private_dns_hostname_type_on_launch": "ip-name",
            "state": "available",
            "tags": {
              "Created-by": "Sanjeev Nithyanandam",
              "Name": "us-vet-ecp-dev-private-2-1c",
              "SubnetType": "Private",
              "UseCase": "Test EKS",
              "kubernetes.io/cluster/dev-capuk.vet-dev.digitalecp.mcd.com": "shared",
              "kubernetes.io/cluster/dev.vet-dev.digitalecp.mcd.com": "shared",
              "kubernetes.io/role/internal-elb": "1",
              "lambda": "no"
            },
            "vpc_id": "vpc-0c1d18e7f896a1fff"
          },
          "sensitive_attributes": []
        },
        {
          "index_key": "subnet-0f8d2bfd4be027b4b",
          "schema_version": 0,
          "attributes": {
            "arn": "arn:aws:ec2:us-east-1:607546651489:subnet/subnet-0f8d2bfd4be027b4b",
            "assign_ipv6_address_on_creation": false,
            "availability_zone": "us-east-1e",
            "availability_zone_id": "use1-az3",
            "available_ip_address_count": 249,
            "cidr_block": "198.18.4.0/24",
            "customer_owned_ipv4_pool": "",
            "default_for_az": false,
            "enable_dns64": false,
            "enable_resource_name_dns_a_record_on_launch": false,
            "enable_resource_name_dns_aaaa_record_on_launch": false,
            "filter": null,
            "id": "subnet-0f8d2bfd4be027b4b",
            "ipv6_cidr_block": "",
            "ipv6_cidr_block_association_id": "",
            "ipv6_native": false,
            "map_customer_owned_ip_on_launch": false,
            "map_public_ip_on_launch": false,
            "outpost_arn": "",
            "owner_id": "607546651489",
            "private_dns_hostname_type_on_launch": "ip-name",
            "state": "available",
            "tags": {
              "eksctl.cluster.k8s.io/v1alpha1/cluster-name": "dev-eks",
              "kubernetes.io/cluster/dev-eks": "shared",
              "kubernetes.io/role/elb": "1"
            },
            "vpc_id": "vpc-0c1d18e7f896a1fff"
          },
          "sensitive_attributes": []
        }
      ]
    },
    {
      "module": "module.vpc_subnet_cidrs_blocks",
      "mode": "data",
      "type": "aws_subnet",
      "name": "all_private",
      "provider": "provider[\"registry.terraform.io/hashicorp/aws\"]",
      "instances": [
        {
          "index_key": "subnet-00ec3c426f3dc09fe",
          "schema_version": 0,
          "attributes": {
            "arn": "arn:aws:ec2:us-east-1:607546651489:subnet/subnet-00ec3c426f3dc09fe",
            "assign_ipv6_address_on_creation": false,
            "availability_zone": "us-east-1c",
            "availability_zone_id": "use1-az6",
            "available_ip_address_count": 20,
            "cidr_block": "10.2.128.128/26",
            "customer_owned_ipv4_pool": "",
            "default_for_az": false,
            "enable_dns64": false,
            "enable_resource_name_dns_a_record_on_launch": false,
            "enable_resource_name_dns_aaaa_record_on_launch": false,
            "filter": null,
            "id": "subnet-00ec3c426f3dc09fe",
            "ipv6_cidr_block": "",
            "ipv6_cidr_block_association_id": "",
            "ipv6_native": false,
            "map_customer_owned_ip_on_launch": false,
            "map_public_ip_on_launch": false,
            "outpost_arn": "",
            "owner_id": "607546651489",
            "private_dns_hostname_type_on_launch": "ip-name",
            "state": "available",
            "tags": {
              "Name": "us-vet-ecp-dev-private-1-1c",
              "SubnetType": "Private",
              "kubernetes.io/cluster/clee.vet-dev.digitalecp.mcd.com": "shared",
              "kubernetes.io/cluster/dev-abodo.vet-dev.digitalecp.mcd.com": "shared",
              "kubernetes.io/cluster/dev-capuk-tempt.vet-dev.digitalecp.mcd.com": "shared",
              "kubernetes.io/cluster/dev-capuk.vet-dev.digitalecp.mcd.com": "shared",
              "kubernetes.io/cluster/dev-danb.vet-dev.digitalecp.mcd.com": "shared",
              "kubernetes.io/cluster/dev-fsadykov.vet-dev.digitalecp.mcd.com": "shared",
              "kubernetes.io/cluster/dev-kt.vet-dev.digitalecp.mcd.com": "shared",
              "kubernetes.io/cluster/dev-test.vet-dev.digitalecp.mcd.com": "shared",
              "kubernetes.io/cluster/dev-toolsupgrade.vet-dev.digitalecp.mcd.com": "shared",
              "kubernetes.io/cluster/dev-vetus.vet-dev.digitalecp.mcd.com": "shared",
              "kubernetes.io/cluster/dev-vetus1.vet-dev.digitalecp.mcd.com": "shared",
              "kubernetes.io/cluster/dev-vetus2.vet-dev.digitalecp.mcd.com": "shared",
              "kubernetes.io/cluster/dev-vetus3.vet-dev.digitalecp.mcd.com": "shared",
              "kubernetes.io/cluster/dev-wynn-anna.vet-dev.digitalecp.mcd.com": "shared",
              "kubernetes.io/cluster/dev.vet-dev.digitalecp.mcd.com": "shared",
              "kubernetes.io/role/elb": "1",
              "kubernetes.io/role/internal-elb": "1",
              "lambda": "no"
            },
            "vpc_id": "vpc-0c1d18e7f896a1fff"
          },
          "sensitive_attributes": []
        },
        {
          "index_key": "subnet-01b478f6e74b8612f",
          "schema_version": 0,
          "attributes": {
            "arn": "arn:aws:ec2:us-east-1:607546651489:subnet/subnet-01b478f6e74b8612f",
            "assign_ipv6_address_on_creation": false,
            "availability_zone": "us-east-1c",
            "availability_zone_id": "use1-az6",
            "available_ip_address_count": 273,
            "cidr_block": "100.100.28.0/23",
            "customer_owned_ipv4_pool": "",
            "default_for_az": false,
            "enable_dns64": false,
            "enable_resource_name_dns_a_record_on_launch": false,
            "enable_resource_name_dns_aaaa_record_on_launch": false,
            "filter": null,
            "id": "subnet-01b478f6e74b8612f",
            "ipv6_cidr_block": "",
            "ipv6_cidr_block_association_id": "",
            "ipv6_native": false,
            "map_customer_owned_ip_on_launch": false,
            "map_public_ip_on_launch": false,
            "outpost_arn": "",
            "owner_id": "607546651489",
            "private_dns_hostname_type_on_launch": "ip-name",
            "state": "available",
            "tags": {
              "Name": "us-vet-ecp-dev-private-4-1c",
              "SubnetType": "Private",
              "kubernetes.io/cluster/DEV-EKS-GITHUB-ACTION": "shared",
              "kubernetes.io/cluster/capgemini-demo.vet-dev.digitalecp.mcd.com": "shared",
              "kubernetes.io/cluster/dev-cappune.vet-dev.digitalecp.mcd.com": "shared",
              "kubernetes.io/cluster/dev-capuk-eks": "shared",
              "kubernetes.io/cluster/dev-capuk.vet-dev.digitalecp.mcd.com": "shared",
              "kubernetes.io/cluster/dev-cluster-anna1.vet-dev.digitalecp.mcd.com": "shared",
              "kubernetes.io/cluster/dev-eks.us-east-1.dev.digitalecp.mcd.com": "shared",
              "kubernetes.io/cluster/dev-test.vet-dev.digitalecp.mcd.com": "shared",
              "kubernetes.io/cluster/dev-vault.vet-dev.digitalecp.mcd.com": "shared",
              "kubernetes.io/cluster/devcap-test.vet-dev.digitalecp.mcd.com": "shared",
              "kubernetes.io/cluster/devcapthiru.vet-dev.digitalecp.mcd.com": "shared",
              "kubernetes.io/cluster/devcapus.vet-dev.digitalecp.mcd.com": "shared",
              "kubernetes.io/cluster/devthiru.vet-dev.digitalecp.mcd.com": "shared",
              "kubernetes.io/cluster/dvc.vet-dev.digitalecp.mcd.com": "shared",
              "kubernetes.io/cluster/test-vault.vet-dev.digitalecp.mcd.com": "shared",
              "kubernetes.io/cluster/v2beta2.vet-dev.digitalecp.mcd.com": "shared",
              "kubernetes.io/cluster/vault-dev-eks": "shared",
              "kubernetes.io/cluster/vault-ent-dev.vet-dev.digitalecp.mcd.com": "shared",
              "kubernetes.io/role/elb": "1",
              "kubernetes.io/role/internal-elb": "1",
              "lambda": "yes"
            },
            "vpc_id": "vpc-0c1d18e7f896a1fff"
          },
          "sensitive_attributes": []
        },
        {
          "index_key": "subnet-02740ed9a86a6450d",
          "schema_version": 0,
          "attributes": {
            "arn": "arn:aws:ec2:us-east-1:607546651489:subnet/subnet-02740ed9a86a6450d",
            "assign_ipv6_address_on_creation": false,
            "availability_zone": "us-east-1b",
            "availability_zone_id": "use1-az4",
            "available_ip_address_count": 0,
            "cidr_block": "10.2.128.64/26",
            "customer_owned_ipv4_pool": "",
            "default_for_az": false,
            "enable_dns64": false,
            "enable_resource_name_dns_a_record_on_launch": false,
            "enable_resource_name_dns_aaaa_record_on_launch": false,
            "filter": null,
            "id": "subnet-02740ed9a86a6450d",
            "ipv6_cidr_block": "",
            "ipv6_cidr_block_association_id": "",
            "ipv6_native": false,
            "map_customer_owned_ip_on_launch": false,
            "map_public_ip_on_launch": false,
            "outpost_arn": "",
            "owner_id": "607546651489",
            "private_dns_hostname_type_on_launch": "ip-name",
            "state": "available",
            "tags": {
              "Name": "us-vet-ecp-dev-private-1-1b",
              "SubnetType": "Private",
              "kubernetes.io/cluster/dev-andrew.vet-dev.digitalecp.mcd.com": "shared",
              "kubernetes.io/cluster/dev-capuk-tempt.vet-dev.digitalecp.mcd.com": "shared",
              "kubernetes.io/cluster/dev-kt.vet-dev.digitalecp.mcd.com": "shared",
              "kubernetes.io/cluster/dev-terraform.vet-dev.digitalecp.mcd.com": "shared",
              "kubernetes.io/cluster/dev-test-subnet.vet-dev.digitalecp.mcd.com": "shared",
              "kubernetes.io/cluster/dev-test.vet-dev.digitalecp.mcd.com": "shared",
              "kubernetes.io/cluster/dev.vet-dev.digitalecp.mcd.com": "shared",
              "kubernetes.io/role/elb": "1",
              "kubernetes.io/role/internal-elb": "1",
              "lambda": "no"
            },
            "vpc_id": "vpc-0c1d18e7f896a1fff"
          },
          "sensitive_attributes": []
        },
        {
          "index_key": "subnet-03be8fb837ab2b49f",
          "schema_version": 0,
          "attributes": {
            "arn": "arn:aws:ec2:us-east-1:607546651489:subnet/subnet-03be8fb837ab2b49f",
            "assign_ipv6_address_on_creation": false,
            "availability_zone": "us-east-1a",
            "availability_zone_id": "use1-az2",
            "available_ip_address_count": 0,
            "cidr_block": "10.2.128.0/26",
            "customer_owned_ipv4_pool": "",
            "default_for_az": false,
            "enable_dns64": false,
            "enable_resource_name_dns_a_record_on_launch": false,
            "enable_resource_name_dns_aaaa_record_on_launch": false,
            "filter": null,
            "id": "subnet-03be8fb837ab2b49f",
            "ipv6_cidr_block": "",
            "ipv6_cidr_block_association_id": "",
            "ipv6_native": false,
            "map_customer_owned_ip_on_launch": false,
            "map_public_ip_on_launch": false,
            "outpost_arn": "",
            "owner_id": "607546651489",
            "private_dns_hostname_type_on_launch": "ip-name",
            "state": "available",
            "tags": {
              "Name": "us-vet-ecp-dev-private-1-1a",
              "SubnetType": "Private",
              "kubernetes.io/cluster/dev-abodo.vet-dev.digitalecp.mcd.com": "shared",
              "kubernetes.io/cluster/dev-andrew.vet-dev.digitalecp.mcd.com": "shared",
              "kubernetes.io/cluster/dev-capuk-tempt.vet-dev.digitalecp.mcd.com": "shared",
              "kubernetes.io/cluster/dev-danb.vet-dev.digitalecp.mcd.com": "shared",
              "kubernetes.io/cluster/dev-kt.vet-dev.digitalecp.mcd.com": "shared",
              "kubernetes.io/cluster/dev-terraform.vet-dev.digitalecp.mcd.com": "shared",
              "kubernetes.io/cluster/dev-test-subnet.vet-dev.digitalecp.mcd.com": "shared",
              "kubernetes.io/cluster/dev-test.vet-dev.digitalecp.mcd.com": "shared",
              "kubernetes.io/cluster/dev-toolsupgrade.vet-dev.digitalecp.mcd.com": "shared",
              "kubernetes.io/cluster/dev-vetus2.vet-dev.digitalecp.mcd.com": "shared",
              "kubernetes.io/cluster/dev-vetus3.vet-dev.digitalecp.mcd.com": "shared",
              "kubernetes.io/cluster/dev.vet-dev.digitalecp.mcd.com": "shared",
              "kubernetes.io/role/elb": "1",
              "kubernetes.io/role/internal-elb": "1",
              "lambda": "no"
            },
            "vpc_id": "vpc-0c1d18e7f896a1fff"
          },
          "sensitive_attributes": []
        },
        {
          "index_key": "subnet-03d87b3b8b719896e",
          "schema_version": 0,
          "attributes": {
            "arn": "arn:aws:ec2:us-east-1:607546651489:subnet/subnet-03d87b3b8b719896e",
            "assign_ipv6_address_on_creation": false,
            "availability_zone": "us-east-1c",
            "availability_zone_id": "use1-az6",
            "available_ip_address_count": 62,
            "cidr_block": "10.2.199.128/25",
            "customer_owned_ipv4_pool": "",
            "default_for_az": false,
            "enable_dns64": false,
            "enable_resource_name_dns_a_record_on_launch": false,
            "enable_resource_name_dns_aaaa_record_on_launch": false,
            "filter": null,
            "id": "subnet-03d87b3b8b719896e",
            "ipv6_cidr_block": "",
            "ipv6_cidr_block_association_id": "",
            "ipv6_native": false,
            "map_customer_owned_ip_on_launch": false,
            "map_public_ip_on_launch": false,
            "outpost_arn": "",
            "owner_id": "607546651489",
            "private_dns_hostname_type_on_launch": "ip-name",
            "state": "available",
            "tags": {
              "Name": "us-vet-ecp-dev-private-3-1c",
              "SubnetType": "Private",
              "kubernetes.io/cluster/ashdevspot.vet-dev.digitalecp.mcd.com": "shared",
              "kubernetes.io/cluster/dev-capamar.vet-dev.digitalecp.mcd.com": "shared",
              "kubernetes.io/cluster/dev-capind.vet-dev.digitalecp.mcd.com": "shared",
              "kubernetes.io/cluster/dev-capk8stest.vet-dev.digitalecp.mcd.com": "shared",
              "kubernetes.io/cluster/dev-cappun.vet-dev.digitalecp.mcd.com": "shared",
              "kubernetes.io/cluster/dev-cappune.vet-dev.digitalecp.mcd.com": "shared",
              "kubernetes.io/cluster/dev-cappuneabhay.vet-dev.digitalecp.mcd.com": "shared",
              "kubernetes.io/cluster/dev-cappunesample.vet-dev.digitalecp.mcd.com": "shared",
              "kubernetes.io/cluster/dev-captest.vet-dev.digitalecp.mcd.com": "shared",
              "kubernetes.io/cluster/dev-capuk.vet-dev.digitalecp.mcd.com": "shared",
              "kubernetes.io/cluster/dev-ind.vet-dev.digitalecp.mcd.com": "shared",
              "kubernetes.io/cluster/dev-india.vet-dev.digitalecp.mcd.com": "shared",
              "kubernetes.io/cluster/dev-toolsupgrade.vet-dev.digitalecp.mcd.com": "shared",
              "kubernetes.io/cluster/dev-toolupgrade.vet-dev.digitalecp.mcd.com": "shared",
              "kubernetes.io/cluster/dev.vet-dev.digitalecp.mcd.com": "shared",
              "kubernetes.io/cluster/devcaptest.vet-dev.digitalecp.mcd.com": "shared",
              "kubernetes.io/cluster/devcapthiru.vet-dev.digitalecp.mcd.com": "shared",
              "kubernetes.io/cluster/devcapus.vet-dev.digitalecp.mcd.com": "shared",
              "kubernetes.io/cluster/devguy.vet-dev.digitalecp.mcd.com": "shared",
              "kubernetes.io/cluster/devindia.vet-dev.digitalecp.mcd.com": "shared",
              "kubernetes.io/cluster/devspot-hemraj.vet-dev.digitalecp.mcd.com": "shared",
              "kubernetes.io/cluster/devspot.vet-dev.digitalecp.mcd.com": "shared",
              "kubernetes.io/cluster/devspotaruna.vet-dev.digitalecp.mcd.com": "shared",
              "kubernetes.io/cluster/devspotchandan.vet-dev.digitalecp.mcd.com": "shared",
              "kubernetes.io/cluster/devspotkalpit.vet-dev.digitalecp.mcd.com": "shared",
              "kubernetes.io/cluster/devspotmamtha.vet-dev.digitalecp.mcd.com": "shared",
              "kubernetes.io/cluster/devspottest.vet-dev.digitalecp.mcd.com": "shared",
              "kubernetes.io/cluster/devspotvineel.vet-dev.digitalecp.mcd.com": "shared",
              "kubernetes.io/cluster/devspotyuga.vet-dev.digitalecp.mcd.com": "shared",
              "kubernetes.io/cluster/devsspotfarrukh.vet-dev.digitalecp.mcd.com": "shared",
              "kubernetes.io/cluster/devtest.vet-dev.digitalecp.mcd.com": "shared",
              "kubernetes.io/cluster/rajeshdevspot.vet-dev.digitalecp.mcd.com": "shared",
              "kubernetes.io/cluster/test-pabitra.vet-dev.digitalecp.mcd.com": "shared",
              "kubernetes.io/cluster/test-suparaja.vet-dev.digitalecp.mcd.com": "shared",
              "kubernetes.io/cluster/test-vault.vet-dev.digitalecp.mcd.com": "shared",
              "kubernetes.io/role/internal-elb": "1",
              "lambda": "no"
            },
            "vpc_id": "vpc-0c1d18e7f896a1fff"
          },
          "sensitive_attributes": []
        },
        {
          "index_key": "subnet-06adf036a2a1577ba",
          "schema_version": 0,
          "attributes": {
            "arn": "arn:aws:ec2:us-east-1:607546651489:subnet/subnet-06adf036a2a1577ba",
            "assign_ipv6_address_on_creation": false,
            "availability_zone": "us-east-1d",
            "availability_zone_id": "use1-az1",
            "available_ip_address_count": 4,
            "cidr_block": "10.2.128.192/26",
            "customer_owned_ipv4_pool": "",
            "default_for_az": false,
            "enable_dns64": false,
            "enable_resource_name_dns_a_record_on_launch": false,
            "enable_resource_name_dns_aaaa_record_on_launch": false,
            "filter": null,
            "id": "subnet-06adf036a2a1577ba",
            "ipv6_cidr_block": "",
            "ipv6_cidr_block_association_id": "",
            "ipv6_native": false,
            "map_customer_owned_ip_on_launch": false,
            "map_public_ip_on_launch": false,
            "outpost_arn": "",
            "owner_id": "607546651489",
            "private_dns_hostname_type_on_launch": "ip-name",
            "state": "available",
            "tags": {
              "Name": "us-vet-ecp-dev-private-1-1d",
              "SubnetType": "Private",
              "kubernetes.io/cluster/clee.vet-dev.digitalecp.mcd.com": "shared",
              "kubernetes.io/cluster/dev-abodo.vet-dev.digitalecp.mcd.com": "shared",
              "kubernetes.io/cluster/dev-andrew.vet-dev.digitalecp.mcd.com": "shared",
              "kubernetes.io/cluster/dev-fsadykov.vet-dev.digitalecp.mcd.com": "shared",
              "kubernetes.io/cluster/dev-kt.vet-dev.digitalecp.mcd.com": "shared",
              "kubernetes.io/cluster/dev-terraform.vet-dev.digitalecp.mcd.com": "shared",
              "kubernetes.io/cluster/dev-test-subnet.vet-dev.digitalecp.mcd.com": "shared",
              "kubernetes.io/cluster/dev-test.vet-dev.digitalecp.mcd.com": "shared",
              "kubernetes.io/cluster/dev.vet-dev.digitalecp.mcd.com": "shared",
              "kubernetes.io/role/elb": "1",
              "kubernetes.io/role/internal-elb": "1",
              "lambda": "no"
            },
            "vpc_id": "vpc-0c1d18e7f896a1fff"
          },
          "sensitive_attributes": []
        },
        {
          "index_key": "subnet-06b95c503090097af",
          "schema_version": 0,
          "attributes": {
            "arn": "arn:aws:ec2:us-east-1:607546651489:subnet/subnet-06b95c503090097af",
            "assign_ipv6_address_on_creation": false,
            "availability_zone": "us-east-1b",
            "availability_zone_id": "use1-az4",
            "available_ip_address_count": 246,
            "cidr_block": "100.100.26.0/23",
            "customer_owned_ipv4_pool": "",
            "default_for_az": false,
            "enable_dns64": false,
            "enable_resource_name_dns_a_record_on_launch": false,
            "enable_resource_name_dns_aaaa_record_on_launch": false,
            "filter": null,
            "id": "subnet-06b95c503090097af",
            "ipv6_cidr_block": "",
            "ipv6_cidr_block_association_id": "",
            "ipv6_native": false,
            "map_customer_owned_ip_on_launch": false,
            "map_public_ip_on_launch": false,
            "outpost_arn": "",
            "owner_id": "607546651489",
            "private_dns_hostname_type_on_launch": "ip-name",
            "state": "available",
            "tags": {
              "Name": "us-vet-ecp-dev-private-4-1b",
              "SubnetType": "Private",
              "kubernetes.io/cluster/DEV-EKS-GITHUB-ACTION": "shared",
              "kubernetes.io/cluster/capgemini-demo.vet-dev.digitalecp.mcd.com": "shared",
              "kubernetes.io/cluster/dev-cappune.vet-dev.digitalecp.mcd.com": "shared",
              "kubernetes.io/cluster/dev-capuk-eks": "shared",
              "kubernetes.io/cluster/dev-capuk.vet-dev.digitalecp.mcd.com": "shared",
              "kubernetes.io/cluster/dev-eks.us-east-1.dev.digitalecp.mcd.com": "shared",
              "kubernetes.io/cluster/dev-kops-poc-2.vet-dev.digitalecp.mcd.com": "shared",
              "kubernetes.io/cluster/dev-vault.vet-dev.digitalecp.mcd.com": "shared",
              "kubernetes.io/cluster/devcap-test.vet-dev.digitalecp.mcd.com": "shared",
              "kubernetes.io/cluster/devcapthiru.vet-dev.digitalecp.mcd.com": "shared",
              "kubernetes.io/cluster/devcapus.vet-dev.digitalecp.mcd.com": "shared",
              "kubernetes.io/cluster/devthiru.vet-dev.digitalecp.mcd.com": "shared",
              "kubernetes.io/cluster/dvc.vet-dev.digitalecp.mcd.com": "shared",
              "kubernetes.io/cluster/test-vault.vet-dev.digitalecp.mcd.com": "shared",
              "kubernetes.io/cluster/v2beta2.vet-dev.digitalecp.mcd.com": "shared",
              "kubernetes.io/cluster/vault-dev-eks": "shared",
              "kubernetes.io/cluster/vault-ent-dev.vet-dev.digitalecp.mcd.com": "shared",
              "kubernetes.io/role/elb": "1",
              "kubernetes.io/role/internal-elb": "1",
              "lambda": "yes"
            },
            "vpc_id": "vpc-0c1d18e7f896a1fff"
          },
          "sensitive_attributes": []
        },
        {
          "index_key": "subnet-0958abfc5699dbb6c",
          "schema_version": 0,
          "attributes": {
            "arn": "arn:aws:ec2:us-east-1:607546651489:subnet/subnet-0958abfc5699dbb6c",
            "assign_ipv6_address_on_creation": false,
            "availability_zone": "us-east-1a",
            "availability_zone_id": "use1-az2",
            "available_ip_address_count": 173,
            "cidr_block": "10.2.198.0/24",
            "customer_owned_ipv4_pool": "",
            "default_for_az": false,
            "enable_dns64": false,
            "enable_resource_name_dns_a_record_on_launch": false,
            "enable_resource_name_dns_aaaa_record_on_launch": false,
            "filter": null,
            "id": "subnet-0958abfc5699dbb6c",
            "ipv6_cidr_block": "",
            "ipv6_cidr_block_association_id": "",
            "ipv6_native": false,
            "map_customer_owned_ip_on_launch": false,
            "map_public_ip_on_launch": false,
            "outpost_arn": "",
            "owner_id": "607546651489",
            "private_dns_hostname_type_on_launch": "ip-name",
            "state": "available",
            "tags": {
              "Name": "us-vet-ecp-dev-private-3-1a",
              "SubnetType": "Private",
              "kubernetes.io/cluster/ashdevspot.vet-dev.digitalecp.mcd.com": "shared",
              "kubernetes.io/cluster/dev-capamar.vet-dev.digitalecp.mcd.com": "shared",
              "kubernetes.io/cluster/dev-capind.vet-dev.digitalecp.mcd.com": "shared",
              "kubernetes.io/cluster/dev-capk8stest.vet-dev.digitalecp.mcd.com": "shared",
              "kubernetes.io/cluster/dev-cappun.vet-dev.digitalecp.mcd.com": "shared",
              "kubernetes.io/cluster/dev-cappune.vet-dev.digitalecp.mcd.com": "shared",
              "kubernetes.io/cluster/dev-cappuneabhay.vet-dev.digitalecp.mcd.com": "shared",
              "kubernetes.io/cluster/dev-cappunesample.vet-dev.digitalecp.mcd.com": "shared",
              "kubernetes.io/cluster/dev-captest.vet-dev.digitalecp.mcd.com": "shared",
              "kubernetes.io/cluster/dev-capuk.vet-dev.digitalecp.mcd.com": "shared",
              "kubernetes.io/cluster/dev-ind.vet-dev.digitalecp.mcd.com": "shared",
              "kubernetes.io/cluster/dev-india.vet-dev.digitalecp.mcd.com": "shared",
              "kubernetes.io/cluster/dev-toolsupgrade.vet-dev.digitalecp.mcd.com": "shared",
              "kubernetes.io/cluster/dev-toolupgrade.vet-dev.digitalecp.mcd.com": "shared",
              "kubernetes.io/cluster/dev.vet-dev.digitalecp.mcd.com": "shared",
              "kubernetes.io/cluster/devcaptest.vet-dev.digitalecp.mcd.com": "shared",
              "kubernetes.io/cluster/devcapthiru.vet-dev.digitalecp.mcd.com": "shared",
              "kubernetes.io/cluster/devcapus.vet-dev.digitalecp.mcd.com": "shared",
              "kubernetes.io/cluster/devguy.vet-dev.digitalecp.mcd.com": "shared",
              "kubernetes.io/cluster/devindia.vet-dev.digitalecp.mcd.com": "shared",
              "kubernetes.io/cluster/devspot-hemraj.vet-dev.digitalecp.mcd.com": "shared",
              "kubernetes.io/cluster/devspot.vet-dev.digitalecp.mcd.com": "shared",
              "kubernetes.io/cluster/devspotaruna.vet-dev.digitalecp.mcd.com": "shared",
              "kubernetes.io/cluster/devspotchandan.vet-dev.digitalecp.mcd.com": "shared",
              "kubernetes.io/cluster/devspotkalpit.vet-dev.digitalecp.mcd.com": "shared",
              "kubernetes.io/cluster/devspotmamtha.vet-dev.digitalecp.mcd.com": "shared",
              "kubernetes.io/cluster/devspottest.vet-dev.digitalecp.mcd.com": "shared",
              "kubernetes.io/cluster/devspotvineel.vet-dev.digitalecp.mcd.com": "shared",
              "kubernetes.io/cluster/devspotyuga.vet-dev.digitalecp.mcd.com": "shared",
              "kubernetes.io/cluster/devsspotfarrukh.vet-dev.digitalecp.mcd.com": "shared",
              "kubernetes.io/cluster/devtest.vet-dev.digitalecp.mcd.com": "shared",
              "kubernetes.io/cluster/rajeshdevspot.vet-dev.digitalecp.mcd.com": "shared",
              "kubernetes.io/cluster/test-pabitra.vet-dev.digitalecp.mcd.com": "shared",
              "kubernetes.io/cluster/test-suparaja.vet-dev.digitalecp.mcd.com": "shared",
              "kubernetes.io/cluster/test-vault.vet-dev.digitalecp.mcd.com": "shared",
              "kubernetes.io/role/internal-elb": "1",
              "lambda": "no"
            },
            "vpc_id": "vpc-0c1d18e7f896a1fff"
          },
          "sensitive_attributes": []
        },
        {
          "index_key": "subnet-0c7526f82ead196b6",
          "schema_version": 0,
          "attributes": {
            "arn": "arn:aws:ec2:us-east-1:607546651489:subnet/subnet-0c7526f82ead196b6",
            "assign_ipv6_address_on_creation": false,
            "availability_zone": "us-east-1b",
            "availability_zone_id": "use1-az4",
            "available_ip_address_count": 74,
            "cidr_block": "10.2.199.0/25",
            "customer_owned_ipv4_pool": "",
            "default_for_az": false,
            "enable_dns64": false,
            "enable_resource_name_dns_a_record_on_launch": false,
            "enable_resource_name_dns_aaaa_record_on_launch": false,
            "filter": null,
            "id": "subnet-0c7526f82ead196b6",
            "ipv6_cidr_block": "",
            "ipv6_cidr_block_association_id": "",
            "ipv6_native": false,
            "map_customer_owned_ip_on_launch": false,
            "map_public_ip_on_launch": false,
            "outpost_arn": "",
            "owner_id": "607546651489",
            "private_dns_hostname_type_on_launch": "ip-name",
            "state": "available",
            "tags": {
              "Name": "us-vet-ecp-dev-private-3-1b",
              "SubnetType": "Private",
              "kubernetes.io/cluster/ashdevspot.vet-dev.digitalecp.mcd.com": "shared",
              "kubernetes.io/cluster/dev-capamar.vet-dev.digitalecp.mcd.com": "shared",
              "kubernetes.io/cluster/dev-capind.vet-dev.digitalecp.mcd.com": "shared",
              "kubernetes.io/cluster/dev-capk8stest.vet-dev.digitalecp.mcd.com": "shared",
              "kubernetes.io/cluster/dev-cappun.vet-dev.digitalecp.mcd.com": "shared",
              "kubernetes.io/cluster/dev-cappune.vet-dev.digitalecp.mcd.com": "shared",
              "kubernetes.io/cluster/dev-cappuneabhay.vet-dev.digitalecp.mcd.com": "shared",
              "kubernetes.io/cluster/dev-cappunesample.vet-dev.digitalecp.mcd.com": "shared",
              "kubernetes.io/cluster/dev-captest.vet-dev.digitalecp.mcd.com": "shared",
              "kubernetes.io/cluster/dev-capuk.vet-dev.digitalecp.mcd.com": "shared",
              "kubernetes.io/cluster/dev-ind.vet-dev.digitalecp.mcd.com": "shared",
              "kubernetes.io/cluster/dev-india.vet-dev.digitalecp.mcd.com": "shared",
              "kubernetes.io/cluster/dev-toolsupgrade.vet-dev.digitalecp.mcd.com": "shared",
              "kubernetes.io/cluster/dev-toolupgrade.vet-dev.digitalecp.mcd.com": "shared",
              "kubernetes.io/cluster/dev.vet-dev.digitalecp.mcd.com": "shared",
              "kubernetes.io/cluster/devcaptest.vet-dev.digitalecp.mcd.com": "shared",
              "kubernetes.io/cluster/devcapthiru.vet-dev.digitalecp.mcd.com": "shared",
              "kubernetes.io/cluster/devcapus.vet-dev.digitalecp.mcd.com": "shared",
              "kubernetes.io/cluster/devguy.vet-dev.digitalecp.mcd.com": "shared",
              "kubernetes.io/cluster/devindia.vet-dev.digitalecp.mcd.com": "shared",
              "kubernetes.io/cluster/devspot-hemraj.vet-dev.digitalecp.mcd.com": "shared",
              "kubernetes.io/cluster/devspot.vet-dev.digitalecp.mcd.com": "shared",
              "kubernetes.io/cluster/devspotaruna.vet-dev.digitalecp.mcd.com": "shared",
              "kubernetes.io/cluster/devspotchandan.vet-dev.digitalecp.mcd.com": "shared",
              "kubernetes.io/cluster/devspotkalpit.vet-dev.digitalecp.mcd.com": "shared",
              "kubernetes.io/cluster/devspotmamtha.vet-dev.digitalecp.mcd.com": "shared",
              "kubernetes.io/cluster/devspottest.vet-dev.digitalecp.mcd.com": "shared",
              "kubernetes.io/cluster/devspotvineel.vet-dev.digitalecp.mcd.com": "shared",
              "kubernetes.io/cluster/devspotyuga.vet-dev.digitalecp.mcd.com": "shared",
              "kubernetes.io/cluster/devsspotfarrukh.vet-dev.digitalecp.mcd.com": "shared",
              "kubernetes.io/cluster/devtest.vet-dev.digitalecp.mcd.com": "shared",
              "kubernetes.io/cluster/rajeshdevspot.vet-dev.digitalecp.mcd.com": "shared",
              "kubernetes.io/cluster/test-pabitra.vet-dev.digitalecp.mcd.com": "shared",
              "kubernetes.io/cluster/test-suparaja.vet-dev.digitalecp.mcd.com": "shared",
              "kubernetes.io/cluster/test-vault.vet-dev.digitalecp.mcd.com": "shared",
              "kubernetes.io/role/internal-elb": "1",
              "lambda": "no"
            },
            "vpc_id": "vpc-0c1d18e7f896a1fff"
          },
          "sensitive_attributes": []
        },
        {
          "index_key": "subnet-0c7d811502b44812b",
          "schema_version": 0,
          "attributes": {
            "arn": "arn:aws:ec2:us-east-1:607546651489:subnet/subnet-0c7d811502b44812b",
            "assign_ipv6_address_on_creation": false,
            "availability_zone": "us-east-1a",
            "availability_zone_id": "use1-az2",
            "available_ip_address_count": 258,
            "cidr_block": "100.100.24.0/23",
            "customer_owned_ipv4_pool": "",
            "default_for_az": false,
            "enable_dns64": false,
            "enable_resource_name_dns_a_record_on_launch": false,
            "enable_resource_name_dns_aaaa_record_on_launch": false,
            "filter": null,
            "id": "subnet-0c7d811502b44812b",
            "ipv6_cidr_block": "",
            "ipv6_cidr_block_association_id": "",
            "ipv6_native": false,
            "map_customer_owned_ip_on_launch": false,
            "map_public_ip_on_launch": false,
            "outpost_arn": "",
            "owner_id": "607546651489",
            "private_dns_hostname_type_on_launch": "ip-name",
            "state": "available",
            "tags": {
              "Name": "us-vet-ecp-dev-private-4-1a",
              "SubnetType": "Private",
              "kubernetes.io/cluster/DEV-EKS-GITHUB-ACTION": "shared",
              "kubernetes.io/cluster/capgemini-demo.vet-dev.digitalecp.mcd.com": "shared",
              "kubernetes.io/cluster/dev-cappune.vet-dev.digitalecp.mcd.com": "shared",
              "kubernetes.io/cluster/dev-capuk-eks": "shared",
              "kubernetes.io/cluster/dev-capuk.vet-dev.digitalecp.mcd.com": "shared",
              "kubernetes.io/cluster/dev-eks.us-east-1.dev.digitalecp.mcd.com": "shared",
              "kubernetes.io/cluster/dev-test.vet-dev.digitalecp.mcd.com": "shared",
              "kubernetes.io/cluster/dev-vault.vet-dev.digitalecp.mcd.com": "shared",
              "kubernetes.io/cluster/devcap-test.vet-dev.digitalecp.mcd.com": "shared",
              "kubernetes.io/cluster/devcapthiru.vet-dev.digitalecp.mcd.com": "shared",
              "kubernetes.io/cluster/devcapus.vet-dev.digitalecp.mcd.com": "shared",
              "kubernetes.io/cluster/devthiru.vet-dev.digitalecp.mcd.com": "shared",
              "kubernetes.io/cluster/dvc.vet-dev.digitalecp.mcd.com": "shared",
              "kubernetes.io/cluster/test-vault.vet-dev.digitalecp.mcd.com": "shared",
              "kubernetes.io/cluster/v2beta2.vet-dev.digitalecp.mcd.com": "shared",
              "kubernetes.io/cluster/vault-dev-eks": "shared",
              "kubernetes.io/cluster/vault-ent-dev.vet-dev.digitalecp.mcd.com": "shared",
              "kubernetes.io/role/elb": "1",
              "kubernetes.io/role/internal-elb": "1",
              "lambda": "yes"
            },
            "vpc_id": "vpc-0c1d18e7f896a1fff"
          },
          "sensitive_attributes": []
        },
        {
          "index_key": "subnet-0e075ad5024d4635b",
          "schema_version": 0,
          "attributes": {
            "arn": "arn:aws:ec2:us-east-1:607546651489:subnet/subnet-0e075ad5024d4635b",
            "assign_ipv6_address_on_creation": false,
            "availability_zone": "us-east-1d",
            "availability_zone_id": "use1-az1",
            "available_ip_address_count": 26,
            "cidr_block": "10.2.129.192/26",
            "customer_owned_ipv4_pool": "",
            "default_for_az": false,
            "enable_dns64": false,
            "enable_resource_name_dns_a_record_on_launch": false,
            "enable_resource_name_dns_aaaa_record_on_launch": false,
            "filter": null,
            "id": "subnet-0e075ad5024d4635b",
            "ipv6_cidr_block": "",
            "ipv6_cidr_block_association_id": "",
            "ipv6_native": false,
            "map_customer_owned_ip_on_launch": false,
            "map_public_ip_on_launch": false,
            "outpost_arn": "",
            "owner_id": "607546651489",
            "private_dns_hostname_type_on_launch": "ip-name",
            "state": "available",
            "tags": {
              "Name": "us-vet-ecp-dev-private-2-1d",
              "SubnetType": "Private",
              "kubernetes.io/cluster/dev-capuk.vet-dev.digitalecp.mcd.com": "shared",
              "kubernetes.io/cluster/dev-consultest.vet-dev.digitalecp.mcd.com": "shared",
              "kubernetes.io/cluster/dev-vetus.vet-dev.digitalecp.mcd.com": "shared",
              "kubernetes.io/cluster/dev-vetus1.vet-dev.digitalecp.mcd.com": "shared",
              "kubernetes.io/cluster/dev-vetus2.vet-dev.digitalecp.mcd.com": "shared",
              "kubernetes.io/cluster/dev-vetus3.vet-dev.digitalecp.mcd.com": "shared",
              "kubernetes.io/cluster/dev-wynn-anna.vet-dev.digitalecp.mcd.com": "shared",
              "kubernetes.io/cluster/dev.vet-dev.digitalecp.mcd.com": "shared",
              "kubernetes.io/cluster/devcon.vet-dev.digitalecp.mcd.com": "shared",
              "kubernetes.io/role/elb": "1",
              "kubernetes.io/role/internal-elb": "1",
              "lambda": "no"
            },
            "vpc_id": "vpc-0c1d18e7f896a1fff"
          },
          "sensitive_attributes": []
        },
        {
          "index_key": "subnet-0e2568f718fefe8b7",
          "schema_version": 0,
          "attributes": {
            "arn": "arn:aws:ec2:us-east-1:607546651489:subnet/subnet-0e2568f718fefe8b7",
            "assign_ipv6_address_on_creation": false,
            "availability_zone": "us-east-1a",
            "availability_zone_id": "use1-az2",
            "available_ip_address_count": 231,
            "cidr_block": "100.100.30.0/24",
            "customer_owned_ipv4_pool": "",
            "default_for_az": false,
            "enable_dns64": false,
            "enable_resource_name_dns_a_record_on_launch": false,
            "enable_resource_name_dns_aaaa_record_on_launch": false,
            "filter": null,
            "id": "subnet-0e2568f718fefe8b7",
            "ipv6_cidr_block": "",
            "ipv6_cidr_block_association_id": "",
            "ipv6_native": false,
            "map_customer_owned_ip_on_launch": false,
            "map_public_ip_on_launch": false,
            "outpost_arn": "",
            "owner_id": "607546651489",
            "private_dns_hostname_type_on_launch": "ip-name",
            "state": "available",
            "tags": {
              "Name": "us-vet-ecp-dev-private-5-1a",
              "lambda": "yes"
            },
            "vpc_id": "vpc-0c1d18e7f896a1fff"
          },
          "sensitive_attributes": []
        },
        {
          "index_key": "subnet-0f8183eab4b5ca358",
          "schema_version": 0,
          "attributes": {
            "arn": "arn:aws:ec2:us-east-1:607546651489:subnet/subnet-0f8183eab4b5ca358",
            "assign_ipv6_address_on_creation": false,
            "availability_zone": "us-east-1c",
            "availability_zone_id": "use1-az6",
            "available_ip_address_count": 2,
            "cidr_block": "10.2.132.0/28",
            "customer_owned_ipv4_pool": "",
            "default_for_az": false,
            "enable_dns64": false,
            "enable_resource_name_dns_a_record_on_launch": false,
            "enable_resource_name_dns_aaaa_record_on_launch": false,
            "filter": null,
            "id": "subnet-0f8183eab4b5ca358",
            "ipv6_cidr_block": "",
            "ipv6_cidr_block_association_id": "",
            "ipv6_native": false,
            "map_customer_owned_ip_on_launch": false,
            "map_public_ip_on_launch": false,
            "outpost_arn": "",
            "owner_id": "607546651489",
            "private_dns_hostname_type_on_launch": "ip-name",
            "state": "available",
            "tags": {
              "Created-by": "Sanjeev Nithyanandam",
              "Name": "us-vet-ecp-dev-private-2-1c",
              "SubnetType": "Private",
              "UseCase": "Test EKS",
              "kubernetes.io/cluster/dev-capuk.vet-dev.digitalecp.mcd.com": "shared",
              "kubernetes.io/cluster/dev.vet-dev.digitalecp.mcd.com": "shared",
              "kubernetes.io/role/internal-elb": "1",
              "lambda": "no"
            },
            "vpc_id": "vpc-0c1d18e7f896a1fff"
          },
          "sensitive_attributes": []
        }
      ]
    },
    {
      "module": "module.vpc_subnet_cidrs_blocks",
      "mode": "data",
      "type": "aws_subnet",
      "name": "all_private_by_filter",
      "provider": "provider[\"registry.terraform.io/hashicorp/aws\"]",
      "instances": [
        {
          "index_key": "subnet-00ec3c426f3dc09fe",
          "schema_version": 0,
          "attributes": {
            "arn": "arn:aws:ec2:us-east-1:607546651489:subnet/subnet-00ec3c426f3dc09fe",
            "assign_ipv6_address_on_creation": false,
            "availability_zone": "us-east-1c",
            "availability_zone_id": "use1-az6",
            "available_ip_address_count": 20,
            "cidr_block": "10.2.128.128/26",
            "customer_owned_ipv4_pool": "",
            "default_for_az": false,
            "enable_dns64": false,
            "enable_resource_name_dns_a_record_on_launch": false,
            "enable_resource_name_dns_aaaa_record_on_launch": false,
            "filter": null,
            "id": "subnet-00ec3c426f3dc09fe",
            "ipv6_cidr_block": "",
            "ipv6_cidr_block_association_id": "",
            "ipv6_native": false,
            "map_customer_owned_ip_on_launch": false,
            "map_public_ip_on_launch": false,
            "outpost_arn": "",
            "owner_id": "607546651489",
            "private_dns_hostname_type_on_launch": "ip-name",
            "state": "available",
            "tags": {
              "Name": "us-vet-ecp-dev-private-1-1c",
              "SubnetType": "Private",
              "kubernetes.io/cluster/clee.vet-dev.digitalecp.mcd.com": "shared",
              "kubernetes.io/cluster/dev-abodo.vet-dev.digitalecp.mcd.com": "shared",
              "kubernetes.io/cluster/dev-capuk-tempt.vet-dev.digitalecp.mcd.com": "shared",
              "kubernetes.io/cluster/dev-capuk.vet-dev.digitalecp.mcd.com": "shared",
              "kubernetes.io/cluster/dev-danb.vet-dev.digitalecp.mcd.com": "shared",
              "kubernetes.io/cluster/dev-fsadykov.vet-dev.digitalecp.mcd.com": "shared",
              "kubernetes.io/cluster/dev-kt.vet-dev.digitalecp.mcd.com": "shared",
              "kubernetes.io/cluster/dev-test.vet-dev.digitalecp.mcd.com": "shared",
              "kubernetes.io/cluster/dev-toolsupgrade.vet-dev.digitalecp.mcd.com": "shared",
              "kubernetes.io/cluster/dev-vetus.vet-dev.digitalecp.mcd.com": "shared",
              "kubernetes.io/cluster/dev-vetus1.vet-dev.digitalecp.mcd.com": "shared",
              "kubernetes.io/cluster/dev-vetus2.vet-dev.digitalecp.mcd.com": "shared",
              "kubernetes.io/cluster/dev-vetus3.vet-dev.digitalecp.mcd.com": "shared",
              "kubernetes.io/cluster/dev-wynn-anna.vet-dev.digitalecp.mcd.com": "shared",
              "kubernetes.io/cluster/dev.vet-dev.digitalecp.mcd.com": "shared",
              "kubernetes.io/role/elb": "1",
              "kubernetes.io/role/internal-elb": "1",
              "lambda": "no"
            },
            "vpc_id": "vpc-0c1d18e7f896a1fff"
          },
          "sensitive_attributes": []
        },
        {
          "index_key": "subnet-01b478f6e74b8612f",
          "schema_version": 0,
          "attributes": {
            "arn": "arn:aws:ec2:us-east-1:607546651489:subnet/subnet-01b478f6e74b8612f",
            "assign_ipv6_address_on_creation": false,
            "availability_zone": "us-east-1c",
            "availability_zone_id": "use1-az6",
            "available_ip_address_count": 273,
            "cidr_block": "100.100.28.0/23",
            "customer_owned_ipv4_pool": "",
            "default_for_az": false,
            "enable_dns64": false,
            "enable_resource_name_dns_a_record_on_launch": false,
            "enable_resource_name_dns_aaaa_record_on_launch": false,
            "filter": null,
            "id": "subnet-01b478f6e74b8612f",
            "ipv6_cidr_block": "",
            "ipv6_cidr_block_association_id": "",
            "ipv6_native": false,
            "map_customer_owned_ip_on_launch": false,
            "map_public_ip_on_launch": false,
            "outpost_arn": "",
            "owner_id": "607546651489",
            "private_dns_hostname_type_on_launch": "ip-name",
            "state": "available",
            "tags": {
              "Name": "us-vet-ecp-dev-private-4-1c",
              "SubnetType": "Private",
              "kubernetes.io/cluster/DEV-EKS-GITHUB-ACTION": "shared",
              "kubernetes.io/cluster/capgemini-demo.vet-dev.digitalecp.mcd.com": "shared",
              "kubernetes.io/cluster/dev-cappune.vet-dev.digitalecp.mcd.com": "shared",
              "kubernetes.io/cluster/dev-capuk-eks": "shared",
              "kubernetes.io/cluster/dev-capuk.vet-dev.digitalecp.mcd.com": "shared",
              "kubernetes.io/cluster/dev-cluster-anna1.vet-dev.digitalecp.mcd.com": "shared",
              "kubernetes.io/cluster/dev-eks.us-east-1.dev.digitalecp.mcd.com": "shared",
              "kubernetes.io/cluster/dev-test.vet-dev.digitalecp.mcd.com": "shared",
              "kubernetes.io/cluster/dev-vault.vet-dev.digitalecp.mcd.com": "shared",
              "kubernetes.io/cluster/devcap-test.vet-dev.digitalecp.mcd.com": "shared",
              "kubernetes.io/cluster/devcapthiru.vet-dev.digitalecp.mcd.com": "shared",
              "kubernetes.io/cluster/devcapus.vet-dev.digitalecp.mcd.com": "shared",
              "kubernetes.io/cluster/devthiru.vet-dev.digitalecp.mcd.com": "shared",
              "kubernetes.io/cluster/dvc.vet-dev.digitalecp.mcd.com": "shared",
              "kubernetes.io/cluster/test-vault.vet-dev.digitalecp.mcd.com": "shared",
              "kubernetes.io/cluster/v2beta2.vet-dev.digitalecp.mcd.com": "shared",
              "kubernetes.io/cluster/vault-dev-eks": "shared",
              "kubernetes.io/cluster/vault-ent-dev.vet-dev.digitalecp.mcd.com": "shared",
              "kubernetes.io/role/elb": "1",
              "kubernetes.io/role/internal-elb": "1",
              "lambda": "yes"
            },
            "vpc_id": "vpc-0c1d18e7f896a1fff"
          },
          "sensitive_attributes": []
        },
        {
          "index_key": "subnet-02740ed9a86a6450d",
          "schema_version": 0,
          "attributes": {
            "arn": "arn:aws:ec2:us-east-1:607546651489:subnet/subnet-02740ed9a86a6450d",
            "assign_ipv6_address_on_creation": false,
            "availability_zone": "us-east-1b",
            "availability_zone_id": "use1-az4",
            "available_ip_address_count": 0,
            "cidr_block": "10.2.128.64/26",
            "customer_owned_ipv4_pool": "",
            "default_for_az": false,
            "enable_dns64": false,
            "enable_resource_name_dns_a_record_on_launch": false,
            "enable_resource_name_dns_aaaa_record_on_launch": false,
            "filter": null,
            "id": "subnet-02740ed9a86a6450d",
            "ipv6_cidr_block": "",
            "ipv6_cidr_block_association_id": "",
            "ipv6_native": false,
            "map_customer_owned_ip_on_launch": false,
            "map_public_ip_on_launch": false,
            "outpost_arn": "",
            "owner_id": "607546651489",
            "private_dns_hostname_type_on_launch": "ip-name",
            "state": "available",
            "tags": {
              "Name": "us-vet-ecp-dev-private-1-1b",
              "SubnetType": "Private",
              "kubernetes.io/cluster/dev-andrew.vet-dev.digitalecp.mcd.com": "shared",
              "kubernetes.io/cluster/dev-capuk-tempt.vet-dev.digitalecp.mcd.com": "shared",
              "kubernetes.io/cluster/dev-kt.vet-dev.digitalecp.mcd.com": "shared",
              "kubernetes.io/cluster/dev-terraform.vet-dev.digitalecp.mcd.com": "shared",
              "kubernetes.io/cluster/dev-test-subnet.vet-dev.digitalecp.mcd.com": "shared",
              "kubernetes.io/cluster/dev-test.vet-dev.digitalecp.mcd.com": "shared",
              "kubernetes.io/cluster/dev.vet-dev.digitalecp.mcd.com": "shared",
              "kubernetes.io/role/elb": "1",
              "kubernetes.io/role/internal-elb": "1",
              "lambda": "no"
            },
            "vpc_id": "vpc-0c1d18e7f896a1fff"
          },
          "sensitive_attributes": []
        },
        {
          "index_key": "subnet-03be8fb837ab2b49f",
          "schema_version": 0,
          "attributes": {
            "arn": "arn:aws:ec2:us-east-1:607546651489:subnet/subnet-03be8fb837ab2b49f",
            "assign_ipv6_address_on_creation": false,
            "availability_zone": "us-east-1a",
            "availability_zone_id": "use1-az2",
            "available_ip_address_count": 0,
            "cidr_block": "10.2.128.0/26",
            "customer_owned_ipv4_pool": "",
            "default_for_az": false,
            "enable_dns64": false,
            "enable_resource_name_dns_a_record_on_launch": false,
            "enable_resource_name_dns_aaaa_record_on_launch": false,
            "filter": null,
            "id": "subnet-03be8fb837ab2b49f",
            "ipv6_cidr_block": "",
            "ipv6_cidr_block_association_id": "",
            "ipv6_native": false,
            "map_customer_owned_ip_on_launch": false,
            "map_public_ip_on_launch": false,
            "outpost_arn": "",
            "owner_id": "607546651489",
            "private_dns_hostname_type_on_launch": "ip-name",
            "state": "available",
            "tags": {
              "Name": "us-vet-ecp-dev-private-1-1a",
              "SubnetType": "Private",
              "kubernetes.io/cluster/dev-abodo.vet-dev.digitalecp.mcd.com": "shared",
              "kubernetes.io/cluster/dev-andrew.vet-dev.digitalecp.mcd.com": "shared",
              "kubernetes.io/cluster/dev-capuk-tempt.vet-dev.digitalecp.mcd.com": "shared",
              "kubernetes.io/cluster/dev-danb.vet-dev.digitalecp.mcd.com": "shared",
              "kubernetes.io/cluster/dev-kt.vet-dev.digitalecp.mcd.com": "shared",
              "kubernetes.io/cluster/dev-terraform.vet-dev.digitalecp.mcd.com": "shared",
              "kubernetes.io/cluster/dev-test-subnet.vet-dev.digitalecp.mcd.com": "shared",
              "kubernetes.io/cluster/dev-test.vet-dev.digitalecp.mcd.com": "shared",
              "kubernetes.io/cluster/dev-toolsupgrade.vet-dev.digitalecp.mcd.com": "shared",
              "kubernetes.io/cluster/dev-vetus2.vet-dev.digitalecp.mcd.com": "shared",
              "kubernetes.io/cluster/dev-vetus3.vet-dev.digitalecp.mcd.com": "shared",
              "kubernetes.io/cluster/dev.vet-dev.digitalecp.mcd.com": "shared",
              "kubernetes.io/role/elb": "1",
              "kubernetes.io/role/internal-elb": "1",
              "lambda": "no"
            },
            "vpc_id": "vpc-0c1d18e7f896a1fff"
          },
          "sensitive_attributes": []
        },
        {
          "index_key": "subnet-03d87b3b8b719896e",
          "schema_version": 0,
          "attributes": {
            "arn": "arn:aws:ec2:us-east-1:607546651489:subnet/subnet-03d87b3b8b719896e",
            "assign_ipv6_address_on_creation": false,
            "availability_zone": "us-east-1c",
            "availability_zone_id": "use1-az6",
            "available_ip_address_count": 62,
            "cidr_block": "10.2.199.128/25",
            "customer_owned_ipv4_pool": "",
            "default_for_az": false,
            "enable_dns64": false,
            "enable_resource_name_dns_a_record_on_launch": false,
            "enable_resource_name_dns_aaaa_record_on_launch": false,
            "filter": null,
            "id": "subnet-03d87b3b8b719896e",
            "ipv6_cidr_block": "",
            "ipv6_cidr_block_association_id": "",
            "ipv6_native": false,
            "map_customer_owned_ip_on_launch": false,
            "map_public_ip_on_launch": false,
            "outpost_arn": "",
            "owner_id": "607546651489",
            "private_dns_hostname_type_on_launch": "ip-name",
            "state": "available",
            "tags": {
              "Name": "us-vet-ecp-dev-private-3-1c",
              "SubnetType": "Private",
              "kubernetes.io/cluster/ashdevspot.vet-dev.digitalecp.mcd.com": "shared",
              "kubernetes.io/cluster/dev-capamar.vet-dev.digitalecp.mcd.com": "shared",
              "kubernetes.io/cluster/dev-capind.vet-dev.digitalecp.mcd.com": "shared",
              "kubernetes.io/cluster/dev-capk8stest.vet-dev.digitalecp.mcd.com": "shared",
              "kubernetes.io/cluster/dev-cappun.vet-dev.digitalecp.mcd.com": "shared",
              "kubernetes.io/cluster/dev-cappune.vet-dev.digitalecp.mcd.com": "shared",
              "kubernetes.io/cluster/dev-cappuneabhay.vet-dev.digitalecp.mcd.com": "shared",
              "kubernetes.io/cluster/dev-cappunesample.vet-dev.digitalecp.mcd.com": "shared",
              "kubernetes.io/cluster/dev-captest.vet-dev.digitalecp.mcd.com": "shared",
              "kubernetes.io/cluster/dev-capuk.vet-dev.digitalecp.mcd.com": "shared",
              "kubernetes.io/cluster/dev-ind.vet-dev.digitalecp.mcd.com": "shared",
              "kubernetes.io/cluster/dev-india.vet-dev.digitalecp.mcd.com": "shared",
              "kubernetes.io/cluster/dev-toolsupgrade.vet-dev.digitalecp.mcd.com": "shared",
              "kubernetes.io/cluster/dev-toolupgrade.vet-dev.digitalecp.mcd.com": "shared",
              "kubernetes.io/cluster/dev.vet-dev.digitalecp.mcd.com": "shared",
              "kubernetes.io/cluster/devcaptest.vet-dev.digitalecp.mcd.com": "shared",
              "kubernetes.io/cluster/devcapthiru.vet-dev.digitalecp.mcd.com": "shared",
              "kubernetes.io/cluster/devcapus.vet-dev.digitalecp.mcd.com": "shared",
              "kubernetes.io/cluster/devguy.vet-dev.digitalecp.mcd.com": "shared",
              "kubernetes.io/cluster/devindia.vet-dev.digitalecp.mcd.com": "shared",
              "kubernetes.io/cluster/devspot-hemraj.vet-dev.digitalecp.mcd.com": "shared",
              "kubernetes.io/cluster/devspot.vet-dev.digitalecp.mcd.com": "shared",
              "kubernetes.io/cluster/devspotaruna.vet-dev.digitalecp.mcd.com": "shared",
              "kubernetes.io/cluster/devspotchandan.vet-dev.digitalecp.mcd.com": "shared",
              "kubernetes.io/cluster/devspotkalpit.vet-dev.digitalecp.mcd.com": "shared",
              "kubernetes.io/cluster/devspotmamtha.vet-dev.digitalecp.mcd.com": "shared",
              "kubernetes.io/cluster/devspottest.vet-dev.digitalecp.mcd.com": "shared",
              "kubernetes.io/cluster/devspotvineel.vet-dev.digitalecp.mcd.com": "shared",
              "kubernetes.io/cluster/devspotyuga.vet-dev.digitalecp.mcd.com": "shared",
              "kubernetes.io/cluster/devsspotfarrukh.vet-dev.digitalecp.mcd.com": "shared",
              "kubernetes.io/cluster/devtest.vet-dev.digitalecp.mcd.com": "shared",
              "kubernetes.io/cluster/rajeshdevspot.vet-dev.digitalecp.mcd.com": "shared",
              "kubernetes.io/cluster/test-pabitra.vet-dev.digitalecp.mcd.com": "shared",
              "kubernetes.io/cluster/test-suparaja.vet-dev.digitalecp.mcd.com": "shared",
              "kubernetes.io/cluster/test-vault.vet-dev.digitalecp.mcd.com": "shared",
              "kubernetes.io/role/internal-elb": "1",
              "lambda": "no"
            },
            "vpc_id": "vpc-0c1d18e7f896a1fff"
          },
          "sensitive_attributes": []
        },
        {
          "index_key": "subnet-06adf036a2a1577ba",
          "schema_version": 0,
          "attributes": {
            "arn": "arn:aws:ec2:us-east-1:607546651489:subnet/subnet-06adf036a2a1577ba",
            "assign_ipv6_address_on_creation": false,
            "availability_zone": "us-east-1d",
            "availability_zone_id": "use1-az1",
            "available_ip_address_count": 4,
            "cidr_block": "10.2.128.192/26",
            "customer_owned_ipv4_pool": "",
            "default_for_az": false,
            "enable_dns64": false,
            "enable_resource_name_dns_a_record_on_launch": false,
            "enable_resource_name_dns_aaaa_record_on_launch": false,
            "filter": null,
            "id": "subnet-06adf036a2a1577ba",
            "ipv6_cidr_block": "",
            "ipv6_cidr_block_association_id": "",
            "ipv6_native": false,
            "map_customer_owned_ip_on_launch": false,
            "map_public_ip_on_launch": false,
            "outpost_arn": "",
            "owner_id": "607546651489",
            "private_dns_hostname_type_on_launch": "ip-name",
            "state": "available",
            "tags": {
              "Name": "us-vet-ecp-dev-private-1-1d",
              "SubnetType": "Private",
              "kubernetes.io/cluster/clee.vet-dev.digitalecp.mcd.com": "shared",
              "kubernetes.io/cluster/dev-abodo.vet-dev.digitalecp.mcd.com": "shared",
              "kubernetes.io/cluster/dev-andrew.vet-dev.digitalecp.mcd.com": "shared",
              "kubernetes.io/cluster/dev-fsadykov.vet-dev.digitalecp.mcd.com": "shared",
              "kubernetes.io/cluster/dev-kt.vet-dev.digitalecp.mcd.com": "shared",
              "kubernetes.io/cluster/dev-terraform.vet-dev.digitalecp.mcd.com": "shared",
              "kubernetes.io/cluster/dev-test-subnet.vet-dev.digitalecp.mcd.com": "shared",
              "kubernetes.io/cluster/dev-test.vet-dev.digitalecp.mcd.com": "shared",
              "kubernetes.io/cluster/dev.vet-dev.digitalecp.mcd.com": "shared",
              "kubernetes.io/role/elb": "1",
              "kubernetes.io/role/internal-elb": "1",
              "lambda": "no"
            },
            "vpc_id": "vpc-0c1d18e7f896a1fff"
          },
          "sensitive_attributes": []
        },
        {
          "index_key": "subnet-06b95c503090097af",
          "schema_version": 0,
          "attributes": {
            "arn": "arn:aws:ec2:us-east-1:607546651489:subnet/subnet-06b95c503090097af",
            "assign_ipv6_address_on_creation": false,
            "availability_zone": "us-east-1b",
            "availability_zone_id": "use1-az4",
            "available_ip_address_count": 246,
            "cidr_block": "100.100.26.0/23",
            "customer_owned_ipv4_pool": "",
            "default_for_az": false,
            "enable_dns64": false,
            "enable_resource_name_dns_a_record_on_launch": false,
            "enable_resource_name_dns_aaaa_record_on_launch": false,
            "filter": null,
            "id": "subnet-06b95c503090097af",
            "ipv6_cidr_block": "",
            "ipv6_cidr_block_association_id": "",
            "ipv6_native": false,
            "map_customer_owned_ip_on_launch": false,
            "map_public_ip_on_launch": false,
            "outpost_arn": "",
            "owner_id": "607546651489",
            "private_dns_hostname_type_on_launch": "ip-name",
            "state": "available",
            "tags": {
              "Name": "us-vet-ecp-dev-private-4-1b",
              "SubnetType": "Private",
              "kubernetes.io/cluster/DEV-EKS-GITHUB-ACTION": "shared",
              "kubernetes.io/cluster/capgemini-demo.vet-dev.digitalecp.mcd.com": "shared",
              "kubernetes.io/cluster/dev-cappune.vet-dev.digitalecp.mcd.com": "shared",
              "kubernetes.io/cluster/dev-capuk-eks": "shared",
              "kubernetes.io/cluster/dev-capuk.vet-dev.digitalecp.mcd.com": "shared",
              "kubernetes.io/cluster/dev-eks.us-east-1.dev.digitalecp.mcd.com": "shared",
              "kubernetes.io/cluster/dev-kops-poc-2.vet-dev.digitalecp.mcd.com": "shared",
              "kubernetes.io/cluster/dev-vault.vet-dev.digitalecp.mcd.com": "shared",
              "kubernetes.io/cluster/devcap-test.vet-dev.digitalecp.mcd.com": "shared",
              "kubernetes.io/cluster/devcapthiru.vet-dev.digitalecp.mcd.com": "shared",
              "kubernetes.io/cluster/devcapus.vet-dev.digitalecp.mcd.com": "shared",
              "kubernetes.io/cluster/devthiru.vet-dev.digitalecp.mcd.com": "shared",
              "kubernetes.io/cluster/dvc.vet-dev.digitalecp.mcd.com": "shared",
              "kubernetes.io/cluster/test-vault.vet-dev.digitalecp.mcd.com": "shared",
              "kubernetes.io/cluster/v2beta2.vet-dev.digitalecp.mcd.com": "shared",
              "kubernetes.io/cluster/vault-dev-eks": "shared",
              "kubernetes.io/cluster/vault-ent-dev.vet-dev.digitalecp.mcd.com": "shared",
              "kubernetes.io/role/elb": "1",
              "kubernetes.io/role/internal-elb": "1",
              "lambda": "yes"
            },
            "vpc_id": "vpc-0c1d18e7f896a1fff"
          },
          "sensitive_attributes": []
        },
        {
          "index_key": "subnet-0958abfc5699dbb6c",
          "schema_version": 0,
          "attributes": {
            "arn": "arn:aws:ec2:us-east-1:607546651489:subnet/subnet-0958abfc5699dbb6c",
            "assign_ipv6_address_on_creation": false,
            "availability_zone": "us-east-1a",
            "availability_zone_id": "use1-az2",
            "available_ip_address_count": 173,
            "cidr_block": "10.2.198.0/24",
            "customer_owned_ipv4_pool": "",
            "default_for_az": false,
            "enable_dns64": false,
            "enable_resource_name_dns_a_record_on_launch": false,
            "enable_resource_name_dns_aaaa_record_on_launch": false,
            "filter": null,
            "id": "subnet-0958abfc5699dbb6c",
            "ipv6_cidr_block": "",
            "ipv6_cidr_block_association_id": "",
            "ipv6_native": false,
            "map_customer_owned_ip_on_launch": false,
            "map_public_ip_on_launch": false,
            "outpost_arn": "",
            "owner_id": "607546651489",
            "private_dns_hostname_type_on_launch": "ip-name",
            "state": "available",
            "tags": {
              "Name": "us-vet-ecp-dev-private-3-1a",
              "SubnetType": "Private",
              "kubernetes.io/cluster/ashdevspot.vet-dev.digitalecp.mcd.com": "shared",
              "kubernetes.io/cluster/dev-capamar.vet-dev.digitalecp.mcd.com": "shared",
              "kubernetes.io/cluster/dev-capind.vet-dev.digitalecp.mcd.com": "shared",
              "kubernetes.io/cluster/dev-capk8stest.vet-dev.digitalecp.mcd.com": "shared",
              "kubernetes.io/cluster/dev-cappun.vet-dev.digitalecp.mcd.com": "shared",
              "kubernetes.io/cluster/dev-cappune.vet-dev.digitalecp.mcd.com": "shared",
              "kubernetes.io/cluster/dev-cappuneabhay.vet-dev.digitalecp.mcd.com": "shared",
              "kubernetes.io/cluster/dev-cappunesample.vet-dev.digitalecp.mcd.com": "shared",
              "kubernetes.io/cluster/dev-captest.vet-dev.digitalecp.mcd.com": "shared",
              "kubernetes.io/cluster/dev-capuk.vet-dev.digitalecp.mcd.com": "shared",
              "kubernetes.io/cluster/dev-ind.vet-dev.digitalecp.mcd.com": "shared",
              "kubernetes.io/cluster/dev-india.vet-dev.digitalecp.mcd.com": "shared",
              "kubernetes.io/cluster/dev-toolsupgrade.vet-dev.digitalecp.mcd.com": "shared",
              "kubernetes.io/cluster/dev-toolupgrade.vet-dev.digitalecp.mcd.com": "shared",
              "kubernetes.io/cluster/dev.vet-dev.digitalecp.mcd.com": "shared",
              "kubernetes.io/cluster/devcaptest.vet-dev.digitalecp.mcd.com": "shared",
              "kubernetes.io/cluster/devcapthiru.vet-dev.digitalecp.mcd.com": "shared",
              "kubernetes.io/cluster/devcapus.vet-dev.digitalecp.mcd.com": "shared",
              "kubernetes.io/cluster/devguy.vet-dev.digitalecp.mcd.com": "shared",
              "kubernetes.io/cluster/devindia.vet-dev.digitalecp.mcd.com": "shared",
              "kubernetes.io/cluster/devspot-hemraj.vet-dev.digitalecp.mcd.com": "shared",
              "kubernetes.io/cluster/devspot.vet-dev.digitalecp.mcd.com": "shared",
              "kubernetes.io/cluster/devspotaruna.vet-dev.digitalecp.mcd.com": "shared",
              "kubernetes.io/cluster/devspotchandan.vet-dev.digitalecp.mcd.com": "shared",
              "kubernetes.io/cluster/devspotkalpit.vet-dev.digitalecp.mcd.com": "shared",
              "kubernetes.io/cluster/devspotmamtha.vet-dev.digitalecp.mcd.com": "shared",
              "kubernetes.io/cluster/devspottest.vet-dev.digitalecp.mcd.com": "shared",
              "kubernetes.io/cluster/devspotvineel.vet-dev.digitalecp.mcd.com": "shared",
              "kubernetes.io/cluster/devspotyuga.vet-dev.digitalecp.mcd.com": "shared",
              "kubernetes.io/cluster/devsspotfarrukh.vet-dev.digitalecp.mcd.com": "shared",
              "kubernetes.io/cluster/devtest.vet-dev.digitalecp.mcd.com": "shared",
              "kubernetes.io/cluster/rajeshdevspot.vet-dev.digitalecp.mcd.com": "shared",
              "kubernetes.io/cluster/test-pabitra.vet-dev.digitalecp.mcd.com": "shared",
              "kubernetes.io/cluster/test-suparaja.vet-dev.digitalecp.mcd.com": "shared",
              "kubernetes.io/cluster/test-vault.vet-dev.digitalecp.mcd.com": "shared",
              "kubernetes.io/role/internal-elb": "1",
              "lambda": "no"
            },
            "vpc_id": "vpc-0c1d18e7f896a1fff"
          },
          "sensitive_attributes": []
        },
        {
          "index_key": "subnet-0c7526f82ead196b6",
          "schema_version": 0,
          "attributes": {
            "arn": "arn:aws:ec2:us-east-1:607546651489:subnet/subnet-0c7526f82ead196b6",
            "assign_ipv6_address_on_creation": false,
            "availability_zone": "us-east-1b",
            "availability_zone_id": "use1-az4",
            "available_ip_address_count": 74,
            "cidr_block": "10.2.199.0/25",
            "customer_owned_ipv4_pool": "",
            "default_for_az": false,
            "enable_dns64": false,
            "enable_resource_name_dns_a_record_on_launch": false,
            "enable_resource_name_dns_aaaa_record_on_launch": false,
            "filter": null,
            "id": "subnet-0c7526f82ead196b6",
            "ipv6_cidr_block": "",
            "ipv6_cidr_block_association_id": "",
            "ipv6_native": false,
            "map_customer_owned_ip_on_launch": false,
            "map_public_ip_on_launch": false,
            "outpost_arn": "",
            "owner_id": "607546651489",
            "private_dns_hostname_type_on_launch": "ip-name",
            "state": "available",
            "tags": {
              "Name": "us-vet-ecp-dev-private-3-1b",
              "SubnetType": "Private",
              "kubernetes.io/cluster/ashdevspot.vet-dev.digitalecp.mcd.com": "shared",
              "kubernetes.io/cluster/dev-capamar.vet-dev.digitalecp.mcd.com": "shared",
              "kubernetes.io/cluster/dev-capind.vet-dev.digitalecp.mcd.com": "shared",
              "kubernetes.io/cluster/dev-capk8stest.vet-dev.digitalecp.mcd.com": "shared",
              "kubernetes.io/cluster/dev-cappun.vet-dev.digitalecp.mcd.com": "shared",
              "kubernetes.io/cluster/dev-cappune.vet-dev.digitalecp.mcd.com": "shared",
              "kubernetes.io/cluster/dev-cappuneabhay.vet-dev.digitalecp.mcd.com": "shared",
              "kubernetes.io/cluster/dev-cappunesample.vet-dev.digitalecp.mcd.com": "shared",
              "kubernetes.io/cluster/dev-captest.vet-dev.digitalecp.mcd.com": "shared",
              "kubernetes.io/cluster/dev-capuk.vet-dev.digitalecp.mcd.com": "shared",
              "kubernetes.io/cluster/dev-ind.vet-dev.digitalecp.mcd.com": "shared",
              "kubernetes.io/cluster/dev-india.vet-dev.digitalecp.mcd.com": "shared",
              "kubernetes.io/cluster/dev-toolsupgrade.vet-dev.digitalecp.mcd.com": "shared",
              "kubernetes.io/cluster/dev-toolupgrade.vet-dev.digitalecp.mcd.com": "shared",
              "kubernetes.io/cluster/dev.vet-dev.digitalecp.mcd.com": "shared",
              "kubernetes.io/cluster/devcaptest.vet-dev.digitalecp.mcd.com": "shared",
              "kubernetes.io/cluster/devcapthiru.vet-dev.digitalecp.mcd.com": "shared",
              "kubernetes.io/cluster/devcapus.vet-dev.digitalecp.mcd.com": "shared",
              "kubernetes.io/cluster/devguy.vet-dev.digitalecp.mcd.com": "shared",
              "kubernetes.io/cluster/devindia.vet-dev.digitalecp.mcd.com": "shared",
              "kubernetes.io/cluster/devspot-hemraj.vet-dev.digitalecp.mcd.com": "shared",
              "kubernetes.io/cluster/devspot.vet-dev.digitalecp.mcd.com": "shared",
              "kubernetes.io/cluster/devspotaruna.vet-dev.digitalecp.mcd.com": "shared",
              "kubernetes.io/cluster/devspotchandan.vet-dev.digitalecp.mcd.com": "shared",
              "kubernetes.io/cluster/devspotkalpit.vet-dev.digitalecp.mcd.com": "shared",
              "kubernetes.io/cluster/devspotmamtha.vet-dev.digitalecp.mcd.com": "shared",
              "kubernetes.io/cluster/devspottest.vet-dev.digitalecp.mcd.com": "shared",
              "kubernetes.io/cluster/devspotvineel.vet-dev.digitalecp.mcd.com": "shared",
              "kubernetes.io/cluster/devspotyuga.vet-dev.digitalecp.mcd.com": "shared",
              "kubernetes.io/cluster/devsspotfarrukh.vet-dev.digitalecp.mcd.com": "shared",
              "kubernetes.io/cluster/devtest.vet-dev.digitalecp.mcd.com": "shared",
              "kubernetes.io/cluster/rajeshdevspot.vet-dev.digitalecp.mcd.com": "shared",
              "kubernetes.io/cluster/test-pabitra.vet-dev.digitalecp.mcd.com": "shared",
              "kubernetes.io/cluster/test-suparaja.vet-dev.digitalecp.mcd.com": "shared",
              "kubernetes.io/cluster/test-vault.vet-dev.digitalecp.mcd.com": "shared",
              "kubernetes.io/role/internal-elb": "1",
              "lambda": "no"
            },
            "vpc_id": "vpc-0c1d18e7f896a1fff"
          },
          "sensitive_attributes": []
        },
        {
          "index_key": "subnet-0c7d811502b44812b",
          "schema_version": 0,
          "attributes": {
            "arn": "arn:aws:ec2:us-east-1:607546651489:subnet/subnet-0c7d811502b44812b",
            "assign_ipv6_address_on_creation": false,
            "availability_zone": "us-east-1a",
            "availability_zone_id": "use1-az2",
            "available_ip_address_count": 258,
            "cidr_block": "100.100.24.0/23",
            "customer_owned_ipv4_pool": "",
            "default_for_az": false,
            "enable_dns64": false,
            "enable_resource_name_dns_a_record_on_launch": false,
            "enable_resource_name_dns_aaaa_record_on_launch": false,
            "filter": null,
            "id": "subnet-0c7d811502b44812b",
            "ipv6_cidr_block": "",
            "ipv6_cidr_block_association_id": "",
            "ipv6_native": false,
            "map_customer_owned_ip_on_launch": false,
            "map_public_ip_on_launch": false,
            "outpost_arn": "",
            "owner_id": "607546651489",
            "private_dns_hostname_type_on_launch": "ip-name",
            "state": "available",
            "tags": {
              "Name": "us-vet-ecp-dev-private-4-1a",
              "SubnetType": "Private",
              "kubernetes.io/cluster/DEV-EKS-GITHUB-ACTION": "shared",
              "kubernetes.io/cluster/capgemini-demo.vet-dev.digitalecp.mcd.com": "shared",
              "kubernetes.io/cluster/dev-cappune.vet-dev.digitalecp.mcd.com": "shared",
              "kubernetes.io/cluster/dev-capuk-eks": "shared",
              "kubernetes.io/cluster/dev-capuk.vet-dev.digitalecp.mcd.com": "shared",
              "kubernetes.io/cluster/dev-eks.us-east-1.dev.digitalecp.mcd.com": "shared",
              "kubernetes.io/cluster/dev-test.vet-dev.digitalecp.mcd.com": "shared",
              "kubernetes.io/cluster/dev-vault.vet-dev.digitalecp.mcd.com": "shared",
              "kubernetes.io/cluster/devcap-test.vet-dev.digitalecp.mcd.com": "shared",
              "kubernetes.io/cluster/devcapthiru.vet-dev.digitalecp.mcd.com": "shared",
              "kubernetes.io/cluster/devcapus.vet-dev.digitalecp.mcd.com": "shared",
              "kubernetes.io/cluster/devthiru.vet-dev.digitalecp.mcd.com": "shared",
              "kubernetes.io/cluster/dvc.vet-dev.digitalecp.mcd.com": "shared",
              "kubernetes.io/cluster/test-vault.vet-dev.digitalecp.mcd.com": "shared",
              "kubernetes.io/cluster/v2beta2.vet-dev.digitalecp.mcd.com": "shared",
              "kubernetes.io/cluster/vault-dev-eks": "shared",
              "kubernetes.io/cluster/vault-ent-dev.vet-dev.digitalecp.mcd.com": "shared",
              "kubernetes.io/role/elb": "1",
              "kubernetes.io/role/internal-elb": "1",
              "lambda": "yes"
            },
            "vpc_id": "vpc-0c1d18e7f896a1fff"
          },
          "sensitive_attributes": []
        },
        {
          "index_key": "subnet-0e075ad5024d4635b",
          "schema_version": 0,
          "attributes": {
            "arn": "arn:aws:ec2:us-east-1:607546651489:subnet/subnet-0e075ad5024d4635b",
            "assign_ipv6_address_on_creation": false,
            "availability_zone": "us-east-1d",
            "availability_zone_id": "use1-az1",
            "available_ip_address_count": 26,
            "cidr_block": "10.2.129.192/26",
            "customer_owned_ipv4_pool": "",
            "default_for_az": false,
            "enable_dns64": false,
            "enable_resource_name_dns_a_record_on_launch": false,
            "enable_resource_name_dns_aaaa_record_on_launch": false,
            "filter": null,
            "id": "subnet-0e075ad5024d4635b",
            "ipv6_cidr_block": "",
            "ipv6_cidr_block_association_id": "",
            "ipv6_native": false,
            "map_customer_owned_ip_on_launch": false,
            "map_public_ip_on_launch": false,
            "outpost_arn": "",
            "owner_id": "607546651489",
            "private_dns_hostname_type_on_launch": "ip-name",
            "state": "available",
            "tags": {
              "Name": "us-vet-ecp-dev-private-2-1d",
              "SubnetType": "Private",
              "kubernetes.io/cluster/dev-capuk.vet-dev.digitalecp.mcd.com": "shared",
              "kubernetes.io/cluster/dev-consultest.vet-dev.digitalecp.mcd.com": "shared",
              "kubernetes.io/cluster/dev-vetus.vet-dev.digitalecp.mcd.com": "shared",
              "kubernetes.io/cluster/dev-vetus1.vet-dev.digitalecp.mcd.com": "shared",
              "kubernetes.io/cluster/dev-vetus2.vet-dev.digitalecp.mcd.com": "shared",
              "kubernetes.io/cluster/dev-vetus3.vet-dev.digitalecp.mcd.com": "shared",
              "kubernetes.io/cluster/dev-wynn-anna.vet-dev.digitalecp.mcd.com": "shared",
              "kubernetes.io/cluster/dev.vet-dev.digitalecp.mcd.com": "shared",
              "kubernetes.io/cluster/devcon.vet-dev.digitalecp.mcd.com": "shared",
              "kubernetes.io/role/elb": "1",
              "kubernetes.io/role/internal-elb": "1",
              "lambda": "no"
            },
            "vpc_id": "vpc-0c1d18e7f896a1fff"
          },
          "sensitive_attributes": []
        },
        {
          "index_key": "subnet-0e2568f718fefe8b7",
          "schema_version": 0,
          "attributes": {
            "arn": "arn:aws:ec2:us-east-1:607546651489:subnet/subnet-0e2568f718fefe8b7",
            "assign_ipv6_address_on_creation": false,
            "availability_zone": "us-east-1a",
            "availability_zone_id": "use1-az2",
            "available_ip_address_count": 231,
            "cidr_block": "100.100.30.0/24",
            "customer_owned_ipv4_pool": "",
            "default_for_az": false,
            "enable_dns64": false,
            "enable_resource_name_dns_a_record_on_launch": false,
            "enable_resource_name_dns_aaaa_record_on_launch": false,
            "filter": null,
            "id": "subnet-0e2568f718fefe8b7",
            "ipv6_cidr_block": "",
            "ipv6_cidr_block_association_id": "",
            "ipv6_native": false,
            "map_customer_owned_ip_on_launch": false,
            "map_public_ip_on_launch": false,
            "outpost_arn": "",
            "owner_id": "607546651489",
            "private_dns_hostname_type_on_launch": "ip-name",
            "state": "available",
            "tags": {
              "Name": "us-vet-ecp-dev-private-5-1a",
              "lambda": "yes"
            },
            "vpc_id": "vpc-0c1d18e7f896a1fff"
          },
          "sensitive_attributes": []
        },
        {
          "index_key": "subnet-0f8183eab4b5ca358",
          "schema_version": 0,
          "attributes": {
            "arn": "arn:aws:ec2:us-east-1:607546651489:subnet/subnet-0f8183eab4b5ca358",
            "assign_ipv6_address_on_creation": false,
            "availability_zone": "us-east-1c",
            "availability_zone_id": "use1-az6",
            "available_ip_address_count": 2,
            "cidr_block": "10.2.132.0/28",
            "customer_owned_ipv4_pool": "",
            "default_for_az": false,
            "enable_dns64": false,
            "enable_resource_name_dns_a_record_on_launch": false,
            "enable_resource_name_dns_aaaa_record_on_launch": false,
            "filter": null,
            "id": "subnet-0f8183eab4b5ca358",
            "ipv6_cidr_block": "",
            "ipv6_cidr_block_association_id": "",
            "ipv6_native": false,
            "map_customer_owned_ip_on_launch": false,
            "map_public_ip_on_launch": false,
            "outpost_arn": "",
            "owner_id": "607546651489",
            "private_dns_hostname_type_on_launch": "ip-name",
            "state": "available",
            "tags": {
              "Created-by": "Sanjeev Nithyanandam",
              "Name": "us-vet-ecp-dev-private-2-1c",
              "SubnetType": "Private",
              "UseCase": "Test EKS",
              "kubernetes.io/cluster/dev-capuk.vet-dev.digitalecp.mcd.com": "shared",
              "kubernetes.io/cluster/dev.vet-dev.digitalecp.mcd.com": "shared",
              "kubernetes.io/role/internal-elb": "1",
              "lambda": "no"
            },
            "vpc_id": "vpc-0c1d18e7f896a1fff"
          },
          "sensitive_attributes": []
        }
      ]
    },
    {
      "module": "module.vpc_subnet_cidrs_blocks",
      "mode": "data",
      "type": "aws_subnet",
      "name": "lambda",
      "provider": "provider[\"registry.terraform.io/hashicorp/aws\"]",
      "instances": [
        {
          "index_key": "subnet-01b478f6e74b8612f",
          "schema_version": 0,
          "attributes": {
            "arn": "arn:aws:ec2:us-east-1:607546651489:subnet/subnet-01b478f6e74b8612f",
            "assign_ipv6_address_on_creation": false,
            "availability_zone": "us-east-1c",
            "availability_zone_id": "use1-az6",
            "available_ip_address_count": 273,
            "cidr_block": "100.100.28.0/23",
            "customer_owned_ipv4_pool": "",
            "default_for_az": false,
            "enable_dns64": false,
            "enable_resource_name_dns_a_record_on_launch": false,
            "enable_resource_name_dns_aaaa_record_on_launch": false,
            "filter": null,
            "id": "subnet-01b478f6e74b8612f",
            "ipv6_cidr_block": "",
            "ipv6_cidr_block_association_id": "",
            "ipv6_native": false,
            "map_customer_owned_ip_on_launch": false,
            "map_public_ip_on_launch": false,
            "outpost_arn": "",
            "owner_id": "607546651489",
            "private_dns_hostname_type_on_launch": "ip-name",
            "state": "available",
            "tags": {
              "Name": "us-vet-ecp-dev-private-4-1c",
              "SubnetType": "Private",
              "kubernetes.io/cluster/DEV-EKS-GITHUB-ACTION": "shared",
              "kubernetes.io/cluster/capgemini-demo.vet-dev.digitalecp.mcd.com": "shared",
              "kubernetes.io/cluster/dev-cappune.vet-dev.digitalecp.mcd.com": "shared",
              "kubernetes.io/cluster/dev-capuk-eks": "shared",
              "kubernetes.io/cluster/dev-capuk.vet-dev.digitalecp.mcd.com": "shared",
              "kubernetes.io/cluster/dev-cluster-anna1.vet-dev.digitalecp.mcd.com": "shared",
              "kubernetes.io/cluster/dev-eks.us-east-1.dev.digitalecp.mcd.com": "shared",
              "kubernetes.io/cluster/dev-test.vet-dev.digitalecp.mcd.com": "shared",
              "kubernetes.io/cluster/dev-vault.vet-dev.digitalecp.mcd.com": "shared",
              "kubernetes.io/cluster/devcap-test.vet-dev.digitalecp.mcd.com": "shared",
              "kubernetes.io/cluster/devcapthiru.vet-dev.digitalecp.mcd.com": "shared",
              "kubernetes.io/cluster/devcapus.vet-dev.digitalecp.mcd.com": "shared",
              "kubernetes.io/cluster/devthiru.vet-dev.digitalecp.mcd.com": "shared",
              "kubernetes.io/cluster/dvc.vet-dev.digitalecp.mcd.com": "shared",
              "kubernetes.io/cluster/test-vault.vet-dev.digitalecp.mcd.com": "shared",
              "kubernetes.io/cluster/v2beta2.vet-dev.digitalecp.mcd.com": "shared",
              "kubernetes.io/cluster/vault-dev-eks": "shared",
              "kubernetes.io/cluster/vault-ent-dev.vet-dev.digitalecp.mcd.com": "shared",
              "kubernetes.io/role/elb": "1",
              "kubernetes.io/role/internal-elb": "1",
              "lambda": "yes"
            },
            "vpc_id": "vpc-0c1d18e7f896a1fff"
          },
          "sensitive_attributes": []
        },
        {
          "index_key": "subnet-06b95c503090097af",
          "schema_version": 0,
          "attributes": {
            "arn": "arn:aws:ec2:us-east-1:607546651489:subnet/subnet-06b95c503090097af",
            "assign_ipv6_address_on_creation": false,
            "availability_zone": "us-east-1b",
            "availability_zone_id": "use1-az4",
            "available_ip_address_count": 246,
            "cidr_block": "100.100.26.0/23",
            "customer_owned_ipv4_pool": "",
            "default_for_az": false,
            "enable_dns64": false,
            "enable_resource_name_dns_a_record_on_launch": false,
            "enable_resource_name_dns_aaaa_record_on_launch": false,
            "filter": null,
            "id": "subnet-06b95c503090097af",
            "ipv6_cidr_block": "",
            "ipv6_cidr_block_association_id": "",
            "ipv6_native": false,
            "map_customer_owned_ip_on_launch": false,
            "map_public_ip_on_launch": false,
            "outpost_arn": "",
            "owner_id": "607546651489",
            "private_dns_hostname_type_on_launch": "ip-name",
            "state": "available",
            "tags": {
              "Name": "us-vet-ecp-dev-private-4-1b",
              "SubnetType": "Private",
              "kubernetes.io/cluster/DEV-EKS-GITHUB-ACTION": "shared",
              "kubernetes.io/cluster/capgemini-demo.vet-dev.digitalecp.mcd.com": "shared",
              "kubernetes.io/cluster/dev-cappune.vet-dev.digitalecp.mcd.com": "shared",
              "kubernetes.io/cluster/dev-capuk-eks": "shared",
              "kubernetes.io/cluster/dev-capuk.vet-dev.digitalecp.mcd.com": "shared",
              "kubernetes.io/cluster/dev-eks.us-east-1.dev.digitalecp.mcd.com": "shared",
              "kubernetes.io/cluster/dev-kops-poc-2.vet-dev.digitalecp.mcd.com": "shared",
              "kubernetes.io/cluster/dev-vault.vet-dev.digitalecp.mcd.com": "shared",
              "kubernetes.io/cluster/devcap-test.vet-dev.digitalecp.mcd.com": "shared",
              "kubernetes.io/cluster/devcapthiru.vet-dev.digitalecp.mcd.com": "shared",
              "kubernetes.io/cluster/devcapus.vet-dev.digitalecp.mcd.com": "shared",
              "kubernetes.io/cluster/devthiru.vet-dev.digitalecp.mcd.com": "shared",
              "kubernetes.io/cluster/dvc.vet-dev.digitalecp.mcd.com": "shared",
              "kubernetes.io/cluster/test-vault.vet-dev.digitalecp.mcd.com": "shared",
              "kubernetes.io/cluster/v2beta2.vet-dev.digitalecp.mcd.com": "shared",
              "kubernetes.io/cluster/vault-dev-eks": "shared",
              "kubernetes.io/cluster/vault-ent-dev.vet-dev.digitalecp.mcd.com": "shared",
              "kubernetes.io/role/elb": "1",
              "kubernetes.io/role/internal-elb": "1",
              "lambda": "yes"
            },
            "vpc_id": "vpc-0c1d18e7f896a1fff"
          },
          "sensitive_attributes": []
        },
        {
          "index_key": "subnet-0c7d811502b44812b",
          "schema_version": 0,
          "attributes": {
            "arn": "arn:aws:ec2:us-east-1:607546651489:subnet/subnet-0c7d811502b44812b",
            "assign_ipv6_address_on_creation": false,
            "availability_zone": "us-east-1a",
            "availability_zone_id": "use1-az2",
            "available_ip_address_count": 258,
            "cidr_block": "100.100.24.0/23",
            "customer_owned_ipv4_pool": "",
            "default_for_az": false,
            "enable_dns64": false,
            "enable_resource_name_dns_a_record_on_launch": false,
            "enable_resource_name_dns_aaaa_record_on_launch": false,
            "filter": null,
            "id": "subnet-0c7d811502b44812b",
            "ipv6_cidr_block": "",
            "ipv6_cidr_block_association_id": "",
            "ipv6_native": false,
            "map_customer_owned_ip_on_launch": false,
            "map_public_ip_on_launch": false,
            "outpost_arn": "",
            "owner_id": "607546651489",
            "private_dns_hostname_type_on_launch": "ip-name",
            "state": "available",
            "tags": {
              "Name": "us-vet-ecp-dev-private-4-1a",
              "SubnetType": "Private",
              "kubernetes.io/cluster/DEV-EKS-GITHUB-ACTION": "shared",
              "kubernetes.io/cluster/capgemini-demo.vet-dev.digitalecp.mcd.com": "shared",
              "kubernetes.io/cluster/dev-cappune.vet-dev.digitalecp.mcd.com": "shared",
              "kubernetes.io/cluster/dev-capuk-eks": "shared",
              "kubernetes.io/cluster/dev-capuk.vet-dev.digitalecp.mcd.com": "shared",
              "kubernetes.io/cluster/dev-eks.us-east-1.dev.digitalecp.mcd.com": "shared",
              "kubernetes.io/cluster/dev-test.vet-dev.digitalecp.mcd.com": "shared",
              "kubernetes.io/cluster/dev-vault.vet-dev.digitalecp.mcd.com": "shared",
              "kubernetes.io/cluster/devcap-test.vet-dev.digitalecp.mcd.com": "shared",
              "kubernetes.io/cluster/devcapthiru.vet-dev.digitalecp.mcd.com": "shared",
              "kubernetes.io/cluster/devcapus.vet-dev.digitalecp.mcd.com": "shared",
              "kubernetes.io/cluster/devthiru.vet-dev.digitalecp.mcd.com": "shared",
              "kubernetes.io/cluster/dvc.vet-dev.digitalecp.mcd.com": "shared",
              "kubernetes.io/cluster/test-vault.vet-dev.digitalecp.mcd.com": "shared",
              "kubernetes.io/cluster/v2beta2.vet-dev.digitalecp.mcd.com": "shared",
              "kubernetes.io/cluster/vault-dev-eks": "shared",
              "kubernetes.io/cluster/vault-ent-dev.vet-dev.digitalecp.mcd.com": "shared",
              "kubernetes.io/role/elb": "1",
              "kubernetes.io/role/internal-elb": "1",
              "lambda": "yes"
            },
            "vpc_id": "vpc-0c1d18e7f896a1fff"
          },
          "sensitive_attributes": []
        },
        {
          "index_key": "subnet-0e2568f718fefe8b7",
          "schema_version": 0,
          "attributes": {
            "arn": "arn:aws:ec2:us-east-1:607546651489:subnet/subnet-0e2568f718fefe8b7",
            "assign_ipv6_address_on_creation": false,
            "availability_zone": "us-east-1a",
            "availability_zone_id": "use1-az2",
            "available_ip_address_count": 231,
            "cidr_block": "100.100.30.0/24",
            "customer_owned_ipv4_pool": "",
            "default_for_az": false,
            "enable_dns64": false,
            "enable_resource_name_dns_a_record_on_launch": false,
            "enable_resource_name_dns_aaaa_record_on_launch": false,
            "filter": null,
            "id": "subnet-0e2568f718fefe8b7",
            "ipv6_cidr_block": "",
            "ipv6_cidr_block_association_id": "",
            "ipv6_native": false,
            "map_customer_owned_ip_on_launch": false,
            "map_public_ip_on_launch": false,
            "outpost_arn": "",
            "owner_id": "607546651489",
            "private_dns_hostname_type_on_launch": "ip-name",
            "state": "available",
            "tags": {
              "Name": "us-vet-ecp-dev-private-5-1a",
              "lambda": "yes"
            },
            "vpc_id": "vpc-0c1d18e7f896a1fff"
          },
          "sensitive_attributes": []
        }
      ]
    },
    {
      "module": "module.vpc_subnet_cidrs_blocks",
      "mode": "data",
      "type": "aws_subnet",
      "name": "public",
      "provider": "provider[\"registry.terraform.io/hashicorp/aws\"]",
      "instances": [
        {
          "index_key": "subnet-0174faa80dda897b4",
          "schema_version": 0,
          "attributes": {
            "arn": "arn:aws:ec2:us-east-1:607546651489:subnet/subnet-0174faa80dda897b4",
            "assign_ipv6_address_on_creation": false,
            "availability_zone": "us-east-1a",
            "availability_zone_id": "use1-az2",
            "available_ip_address_count": 82,
            "cidr_block": "100.100.31.0/25",
            "customer_owned_ipv4_pool": "",
            "default_for_az": false,
            "enable_dns64": false,
            "enable_resource_name_dns_a_record_on_launch": false,
            "enable_resource_name_dns_aaaa_record_on_launch": false,
            "filter": null,
            "id": "subnet-0174faa80dda897b4",
            "ipv6_cidr_block": "",
            "ipv6_cidr_block_association_id": "",
            "ipv6_native": false,
            "map_customer_owned_ip_on_launch": false,
            "map_public_ip_on_launch": true,
            "outpost_arn": "",
            "owner_id": "607546651489",
            "private_dns_hostname_type_on_launch": "ip-name",
            "state": "available",
            "tags": {
              "Name": "us-vet-ecp-dev-public-2-1a",
              "lambda": "yes"
            },
            "vpc_id": "vpc-0c1d18e7f896a1fff"
          },
          "sensitive_attributes": []
        },
        {
          "index_key": "subnet-02a62ff2b22d3be22",
          "schema_version": 0,
          "attributes": {
            "arn": "arn:aws:ec2:us-east-1:607546651489:subnet/subnet-02a62ff2b22d3be22",
            "assign_ipv6_address_on_creation": false,
            "availability_zone": "us-east-1b",
            "availability_zone_id": "use1-az4",
            "available_ip_address_count": 37,
            "cidr_block": "100.100.31.128/26",
            "customer_owned_ipv4_pool": "",
            "default_for_az": false,
            "enable_dns64": false,
            "enable_resource_name_dns_a_record_on_launch": false,
            "enable_resource_name_dns_aaaa_record_on_launch": false,
            "filter": null,
            "id": "subnet-02a62ff2b22d3be22",
            "ipv6_cidr_block": "",
            "ipv6_cidr_block_association_id": "",
            "ipv6_native": false,
            "map_customer_owned_ip_on_launch": false,
            "map_public_ip_on_launch": true,
            "outpost_arn": "",
            "owner_id": "607546651489",
            "private_dns_hostname_type_on_launch": "ip-name",
            "state": "available",
            "tags": {
              "Name": "us-vet-ecp-dev-public-2-1b",
              "lambda": "yes"
            },
            "vpc_id": "vpc-0c1d18e7f896a1fff"
          },
          "sensitive_attributes": []
        },
        {
          "index_key": "subnet-068ce96600a5478c9",
          "schema_version": 0,
          "attributes": {
            "arn": "arn:aws:ec2:us-east-1:607546651489:subnet/subnet-068ce96600a5478c9",
            "assign_ipv6_address_on_creation": false,
            "availability_zone": "us-east-1a",
            "availability_zone_id": "use1-az2",
            "available_ip_address_count": 46,
            "cidr_block": "10.2.129.0/26",
            "customer_owned_ipv4_pool": "",
            "default_for_az": false,
            "enable_dns64": false,
            "enable_resource_name_dns_a_record_on_launch": false,
            "enable_resource_name_dns_aaaa_record_on_launch": false,
            "filter": null,
            "id": "subnet-068ce96600a5478c9",
            "ipv6_cidr_block": "",
            "ipv6_cidr_block_association_id": "",
            "ipv6_native": false,
            "map_customer_owned_ip_on_launch": false,
            "map_public_ip_on_launch": false,
            "outpost_arn": "",
            "owner_id": "607546651489",
            "private_dns_hostname_type_on_launch": "ip-name",
            "state": "available",
            "tags": {
              "Name": "us-vet-ecp-dev-public-1-1a",
              "SubnetType": "Private",
              "kubernetes.io/cluster/dev-terraform.vet-dev.digitalecp.mcd.com": "shared",
              "kubernetes.io/cluster/devcapus.vet-dev.digitalecp.mcd.com": "shared",
              "kubernetes.io/role/elb": "1",
              "kubernetes.io/role/internal-elb": "1",
              "lambda": "no"
            },
            "vpc_id": "vpc-0c1d18e7f896a1fff"
          },
          "sensitive_attributes": []
        },
        {
          "index_key": "subnet-07ed9a12235a7c8cb",
          "schema_version": 0,
          "attributes": {
            "arn": "arn:aws:ec2:us-east-1:607546651489:subnet/subnet-07ed9a12235a7c8cb",
            "assign_ipv6_address_on_creation": false,
            "availability_zone": "us-east-1c",
            "availability_zone_id": "use1-az6",
            "available_ip_address_count": 39,
            "cidr_block": "100.100.31.192/26",
            "customer_owned_ipv4_pool": "",
            "default_for_az": false,
            "enable_dns64": false,
            "enable_resource_name_dns_a_record_on_launch": false,
            "enable_resource_name_dns_aaaa_record_on_launch": false,
            "filter": null,
            "id": "subnet-07ed9a12235a7c8cb",
            "ipv6_cidr_block": "",
            "ipv6_cidr_block_association_id": "",
            "ipv6_native": false,
            "map_customer_owned_ip_on_launch": false,
            "map_public_ip_on_launch": false,
            "outpost_arn": "",
            "owner_id": "607546651489",
            "private_dns_hostname_type_on_launch": "ip-name",
            "state": "available",
            "tags": {
              "Name": "us-vet-ecp-dev-public-3-1c",
              "lambda": "yes"
            },
            "vpc_id": "vpc-0c1d18e7f896a1fff"
          },
          "sensitive_attributes": []
        },
        {
          "index_key": "subnet-0d2305939b2c6c572",
          "schema_version": 0,
          "attributes": {
            "arn": "arn:aws:ec2:us-east-1:607546651489:subnet/subnet-0d2305939b2c6c572",
            "assign_ipv6_address_on_creation": false,
            "availability_zone": "us-east-1b",
            "availability_zone_id": "use1-az4",
            "available_ip_address_count": 45,
            "cidr_block": "10.2.129.64/26",
            "customer_owned_ipv4_pool": "",
            "default_for_az": false,
            "enable_dns64": false,
            "enable_resource_name_dns_a_record_on_launch": false,
            "enable_resource_name_dns_aaaa_record_on_launch": false,
            "filter": null,
            "id": "subnet-0d2305939b2c6c572",
            "ipv6_cidr_block": "",
            "ipv6_cidr_block_association_id": "",
            "ipv6_native": false,
            "map_customer_owned_ip_on_launch": false,
            "map_public_ip_on_launch": false,
            "outpost_arn": "",
            "owner_id": "607546651489",
            "private_dns_hostname_type_on_launch": "ip-name",
            "state": "available",
            "tags": {
              "Name": "us-vet-ecp-dev-public-1-1b",
              "SubnetType": "Private",
              "kubernetes.io/cluster/dev-terraform.vet-dev.digitalecp.mcd.com": "shared",
              "kubernetes.io/role/elb": "1",
              "kubernetes.io/role/internal-elb": "1",
              "lambda": "no"
            },
            "vpc_id": "vpc-0c1d18e7f896a1fff"
          },
          "sensitive_attributes": []
        },
        {
          "index_key": "subnet-0e9de16f2225a7e0e",
          "schema_version": 0,
          "attributes": {
            "arn": "arn:aws:ec2:us-east-1:607546651489:subnet/subnet-0e9de16f2225a7e0e",
            "assign_ipv6_address_on_creation": false,
            "availability_zone": "us-east-1c",
            "availability_zone_id": "use1-az6",
            "available_ip_address_count": 47,
            "cidr_block": "10.2.129.128/26",
            "customer_owned_ipv4_pool": "",
            "default_for_az": false,
            "enable_dns64": false,
            "enable_resource_name_dns_a_record_on_launch": false,
            "enable_resource_name_dns_aaaa_record_on_launch": false,
            "filter": null,
            "id": "subnet-0e9de16f2225a7e0e",
            "ipv6_cidr_block": "",
            "ipv6_cidr_block_association_id": "",
            "ipv6_native": false,
            "map_customer_owned_ip_on_launch": false,
            "map_public_ip_on_launch": false,
            "outpost_arn": "",
            "owner_id": "607546651489",
            "private_dns_hostname_type_on_launch": "ip-name",
            "state": "available",
            "tags": {
              "Name": "us-vet-ecp-dev-public-1-1c",
              "SubnetType": "Private",
              "kubernetes.io/cluster/dev-terraform.vet-dev.digitalecp.mcd.com": "shared",
              "kubernetes.io/role/elb": "1",
              "kubernetes.io/role/internal-elb": "1",
              "lambda": "no"
            },
            "vpc_id": "vpc-0c1d18e7f896a1fff"
          },
          "sensitive_attributes": []
        }
      ]
    },
    {
      "module": "module.vpc_subnet_cidrs_blocks",
      "mode": "data",
      "type": "aws_subnet_ids",
      "name": "all",
      "provider": "provider[\"registry.terraform.io/hashicorp/aws\"]",
      "instances": [
        {
          "schema_version": 0,
          "attributes": {
            "filter": null,
            "id": "vpc-0c1d18e7f896a1fff",
            "ids": [
              "subnet-00ec3c426f3dc09fe",
              "subnet-0174faa80dda897b4",
              "subnet-01b478f6e74b8612f",
              "subnet-02740ed9a86a6450d",
              "subnet-02a62ff2b22d3be22",
              "subnet-03887b67393b6aa8d",
              "subnet-03be8fb837ab2b49f",
              "subnet-03d87b3b8b719896e",
              "subnet-0588932bc3d922c87",
              "subnet-06811b6a53a3a7aa1",
              "subnet-068ce96600a5478c9",
              "subnet-06adf036a2a1577ba",
              "subnet-06b95c503090097af",
              "subnet-07ed9a12235a7c8cb",
              "subnet-0958abfc5699dbb6c",
              "subnet-0b1650bfb13c62581",
              "subnet-0c7526f82ead196b6",
              "subnet-0c7d811502b44812b",
              "subnet-0d2305939b2c6c572",
              "subnet-0d3bf7ed0ddae1b76",
              "subnet-0e075ad5024d4635b",
              "subnet-0e2568f718fefe8b7",
              "subnet-0e9de16f2225a7e0e",
              "subnet-0f8183eab4b5ca358",
              "subnet-0f8d2bfd4be027b4b"
            ],
            "tags": null,
            "vpc_id": "vpc-0c1d18e7f896a1fff"
          },
          "sensitive_attributes": []
        }
      ]
    },
    {
      "module": "module.vpc_subnet_cidrs_blocks",
      "mode": "data",
      "type": "aws_subnet_ids",
      "name": "all_private",
      "provider": "provider[\"registry.terraform.io/hashicorp/aws\"]",
      "instances": [
        {
          "schema_version": 0,
          "attributes": {
            "filter": null,
            "id": "vpc-0c1d18e7f896a1fff",
            "ids": [
              "subnet-00ec3c426f3dc09fe",
              "subnet-01b478f6e74b8612f",
              "subnet-02740ed9a86a6450d",
              "subnet-03be8fb837ab2b49f",
              "subnet-03d87b3b8b719896e",
              "subnet-06adf036a2a1577ba",
              "subnet-06b95c503090097af",
              "subnet-0958abfc5699dbb6c",
              "subnet-0c7526f82ead196b6",
              "subnet-0c7d811502b44812b",
              "subnet-0e075ad5024d4635b",
              "subnet-0e2568f718fefe8b7",
              "subnet-0f8183eab4b5ca358"
            ],
            "tags": {
              "Name": "*private*"
            },
            "vpc_id": "vpc-0c1d18e7f896a1fff"
          },
          "sensitive_attributes": []
        }
      ]
    },
    {
      "module": "module.vpc_subnet_cidrs_blocks",
      "mode": "data",
      "type": "aws_subnet_ids",
      "name": "all_private_by_filter",
      "provider": "provider[\"registry.terraform.io/hashicorp/aws\"]",
      "instances": [
        {
          "schema_version": 0,
          "attributes": {
            "filter": [
              {
                "name": "cidr-block",
                "values": [
                  "*"
                ]
              },
              {
                "name": "vpc-id",
                "values": [
                  "vpc-0c1d18e7f896a1fff"
                ]
              }
            ],
            "id": "vpc-0c1d18e7f896a1fff",
            "ids": [
              "subnet-00ec3c426f3dc09fe",
              "subnet-01b478f6e74b8612f",
              "subnet-02740ed9a86a6450d",
              "subnet-03be8fb837ab2b49f",
              "subnet-03d87b3b8b719896e",
              "subnet-06adf036a2a1577ba",
              "subnet-06b95c503090097af",
              "subnet-0958abfc5699dbb6c",
              "subnet-0c7526f82ead196b6",
              "subnet-0c7d811502b44812b",
              "subnet-0e075ad5024d4635b",
              "subnet-0e2568f718fefe8b7",
              "subnet-0f8183eab4b5ca358"
            ],
            "tags": {
              "Name": "*private*"
            },
            "vpc_id": "vpc-0c1d18e7f896a1fff"
          },
          "sensitive_attributes": []
        }
      ]
    },
    {
      "module": "module.vpc_subnet_cidrs_blocks",
      "mode": "data",
      "type": "aws_subnet_ids",
      "name": "lambda",
      "provider": "provider[\"registry.terraform.io/hashicorp/aws\"]",
      "instances": [
        {
          "schema_version": 0,
          "attributes": {
            "filter": [
              {
                "name": "cidr-block",
                "values": [
                  "*"
                ]
              },
              {
                "name": "vpc-id",
                "values": [
                  "vpc-0c1d18e7f896a1fff"
                ]
              }
            ],
            "id": "vpc-0c1d18e7f896a1fff",
            "ids": [
              "subnet-01b478f6e74b8612f",
              "subnet-06b95c503090097af",
              "subnet-0c7d811502b44812b",
              "subnet-0e2568f718fefe8b7"
            ],
            "tags": {
              "Name": "*private*",
              "lambda": "yes"
            },
            "vpc_id": "vpc-0c1d18e7f896a1fff"
          },
          "sensitive_attributes": []
        }
      ]
    },
    {
      "module": "module.vpc_subnet_cidrs_blocks",
      "mode": "data",
      "type": "aws_subnet_ids",
      "name": "public",
      "provider": "provider[\"registry.terraform.io/hashicorp/aws\"]",
      "instances": [
        {
          "schema_version": 0,
          "attributes": {
            "filter": null,
            "id": "vpc-0c1d18e7f896a1fff",
            "ids": [
              "subnet-0174faa80dda897b4",
              "subnet-02a62ff2b22d3be22",
              "subnet-068ce96600a5478c9",
              "subnet-07ed9a12235a7c8cb",
              "subnet-0d2305939b2c6c572",
              "subnet-0e9de16f2225a7e0e"
            ],
            "tags": {
              "Name": "*public*"
            },
            "vpc_id": "vpc-0c1d18e7f896a1fff"
          },
          "sensitive_attributes": []
        }
      ]
    },
    {
      "module": "module.vpc_subnet_cidrs_blocks",
      "mode": "data",
      "type": "aws_vpc",
      "name": "vpc_info",
      "provider": "provider[\"registry.terraform.io/hashicorp/aws\"]",
      "instances": [
        {
          "schema_version": 0,
          "attributes": {
            "arn": "arn:aws:ec2:us-east-1:607546651489:vpc/vpc-0c1d18e7f896a1fff",
            "cidr_block": "10.2.128.0/23",
            "cidr_block_associations": [
              {
                "association_id": "vpc-cidr-assoc-0ceecae26fd7fed2b",
                "cidr_block": "10.2.128.0/23",
                "state": "associated"
              },
              {
                "association_id": "vpc-cidr-assoc-0a5138fd26781ab8b",
                "cidr_block": "10.2.132.0/26",
                "state": "associated"
              },
              {
                "association_id": "vpc-cidr-assoc-001a6afd08c47e660",
                "cidr_block": "10.2.198.0/23",
                "state": "associated"
              },
              {
                "association_id": "vpc-cidr-assoc-09e33691e0664cb92",
                "cidr_block": "100.100.24.0/21",
                "state": "associated"
              },
              {
                "association_id": "vpc-cidr-assoc-09f0ba6e3678a25db",
                "cidr_block": "198.18.0.0/16",
                "state": "associated"
              }
            ],
            "default": false,
            "dhcp_options_id": "dopt-08764657225bb6f8e",
            "enable_dns_hostnames": true,
            "enable_dns_support": true,
            "filter": null,
            "id": "vpc-0c1d18e7f896a1fff",
            "instance_tenancy": "default",
            "ipv6_association_id": "",
            "ipv6_cidr_block": "",
            "main_route_table_id": "rtb-05b8ce70b6f1bece2",
            "owner_id": "607546651489",
            "state": "available",
            "tags": {
              "ApplicationID": "APP0331451",
              "Environment": "US-EAST-VPC-DEV",
              "GBL": "195500762258",
              "Name": "us-vet-ecp-dev",
              "Owner": "vanguard-vet.nar@capgemini.com"
            }
          },
          "sensitive_attributes": []
        }
      ]
    },
    {
      "module": "module.vpc_subnet_cidrs_blocks",
      "mode": "data",
      "type": "terraform_remote_state",
      "name": "k8s",
      "provider": "provider[\"terraform.io/builtin/terraform\"]",
      "instances": [
        {
          "schema_version": 0,
          "attributes": {
            "backend": "s3",
            "config": {
              "value": {
                "bucket": "mcd-vanguard-dev-tfstate",
                "key": "vet/us-east-1/sharedtools/dev/infrastructure.tfstate",
                "region": "us-east-1"
              },
              "type": [
                "object",
                {
                  "bucket": "string",
                  "key": "string",
                  "region": "string"
                }
              ]
            },
            "defaults": null,
            "outputs": {
              "value": {
                "base_domain": "vet-dev.digitalecp.mcd.com",
                "base_domain_zone_id": "Z1MXR1E16176X8",
                "cluster1_check_nodes": "kubectl get nodes -a",
                "cluster1_master_host": "api.dev.vet-dev.digitalecp.mcd.com",
                "cluster1_name": "dev.vet-dev.digitalecp.mcd.com",
                "cluster1_rolling_restart": "kops rolling-update cluster --yes --state s3://mcd-vanguard-dev-tfstate/vet/us-east-1/sharedtools/dev --name dev.vet-dev.digitalecp.mcd.com",
                "cluster1_ssl_certificate_arn": "arn:aws:acm:us-east-1:607546651489:certificate/d9eeb902-d94c-4902-9dbd-203605360748",
                "cluster1_ui_url": "https://api.dev.vet-dev.digitalecp.mcd.com/api/v1/namespaces/kube-system/services/https:kubernetes-dashboard:/proxy/",
                "cluster1_validate_cluster": "kops validate cluster --state s3://mcd-vanguard-dev-tfstate/vet/us-east-1/sharedtools/dev --name dev.vet-dev.digitalecp.mcd.com",
                "cluster_endpoint": "api.internal.dev.vet-dev.digitalecp.mcd.com",
                "k8s_version": "1.11.9",
                "master-ips": "10.2.128.210 10.2.198.230 10.2.199.30",
                "worker_iam_role_arn": "arn:aws:iam::607546651489:role/nodes.dev.vet-dev.digitalecp.mcd.com"
              },
              "type": [
                "object",
                {
                  "base_domain": "string",
                  "base_domain_zone_id": "string",
                  "cluster1_check_nodes": "string",
                  "cluster1_master_host": "string",
                  "cluster1_name": "string",
                  "cluster1_rolling_restart": "string",
                  "cluster1_ssl_certificate_arn": "string",
                  "cluster1_ui_url": "string",
                  "cluster1_validate_cluster": "string",
                  "cluster_endpoint": "string",
                  "k8s_version": "string",
                  "master-ips": "string",
                  "worker_iam_role_arn": "string"
                }
              ]
            },
            "workspace": null
          },
          "sensitive_attributes": []
        }
      ]
    }
  ]
}
